// !$*UTF8*$!
{
	archiveVersion = 1;
	classes = {
	};
	objectVersion = 55;
	objects = {

/* Begin PBXBuildFile section */
		4D17806B2845063F00C0460C /* AppDelegate.swift in Sources */ = {isa = PBXBuildFile; fileRef = 4D17806A2845063F00C0460C /* AppDelegate.swift */; };
		4D17806D2845063F00C0460C /* SceneDelegate.swift in Sources */ = {isa = PBXBuildFile; fileRef = 4D17806C2845063F00C0460C /* SceneDelegate.swift */; };
		4D17806F2845063F00C0460C /* ViewController.swift in Sources */ = {isa = PBXBuildFile; fileRef = 4D17806E2845063F00C0460C /* ViewController.swift */; };
		4D1780722845063F00C0460C /* Main.storyboard in Resources */ = {isa = PBXBuildFile; fileRef = 4D1780702845063F00C0460C /* Main.storyboard */; };
		4D1780742845064000C0460C /* Assets.xcassets in Resources */ = {isa = PBXBuildFile; fileRef = 4D1780732845064000C0460C /* Assets.xcassets */; };
		4D1780772845064000C0460C /* LaunchScreen.storyboard in Resources */ = {isa = PBXBuildFile; fileRef = 4D1780752845064000C0460C /* LaunchScreen.storyboard */; };
		4D1780822845064100C0460C /* Zakat_CalculatorTests.swift in Sources */ = {isa = PBXBuildFile; fileRef = 4D1780812845064100C0460C /* Zakat_CalculatorTests.swift */; };
		4D17808C2845064100C0460C /* Zakat_CalculatorUITests.swift in Sources */ = {isa = PBXBuildFile; fileRef = 4D17808B2845064100C0460C /* Zakat_CalculatorUITests.swift */; };
		4D17808E2845064100C0460C /* Zakat_CalculatorUITestsLaunchTests.swift in Sources */ = {isa = PBXBuildFile; fileRef = 4D17808D2845064100C0460C /* Zakat_CalculatorUITestsLaunchTests.swift */; };
/* End PBXBuildFile section */

/* Begin PBXContainerItemProxy section */
		4D17807E2845064100C0460C /* PBXContainerItemProxy */ = {
			isa = PBXContainerItemProxy;
			containerPortal = 4D17805F2845063F00C0460C /* Project object */;
			proxyType = 1;
			remoteGlobalIDString = 4D1780662845063F00C0460C;
			remoteInfo = "Zakat Calculator";
		};
		4D1780882845064100C0460C /* PBXContainerItemProxy */ = {
			isa = PBXContainerItemProxy;
			containerPortal = 4D17805F2845063F00C0460C /* Project object */;
			proxyType = 1;
			remoteGlobalIDString = 4D1780662845063F00C0460C;
			remoteInfo = "Zakat Calculator";
		};
/* End PBXContainerItemProxy section */

/* Begin PBXFileReference section */
		4D1780672845063F00C0460C /* Zakat Calculator.app */ = {isa = PBXFileReference; explicitFileType = wrapper.application; includeInIndex = 0; path = "Zakat Calculator.app"; sourceTree = BUILT_PRODUCTS_DIR; };
		4D17806A2845063F00C0460C /* AppDelegate.swift */ = {isa = PBXFileReference; lastKnownFileType = sourcecode.swift; path = AppDelegate.swift; sourceTree = "<group>"; };
		4D17806C2845063F00C0460C /* SceneDelegate.swift */ = {isa = PBXFileReference; lastKnownFileType = sourcecode.swift; path = SceneDelegate.swift; sourceTree = "<group>"; };
		4D17806E2845063F00C0460C /* ViewController.swift */ = {isa = PBXFileReference; lastKnownFileType = sourcecode.swift; path = ViewController.swift; sourceTree = "<group>"; };
		4D1780712845063F00C0460C /* Base */ = {isa = PBXFileReference; lastKnownFileType = file.storyboard; name = Base; path = Base.lproj/Main.storyboard; sourceTree = "<group>"; };
		4D1780732845064000C0460C /* Assets.xcassets */ = {isa = PBXFileReference; lastKnownFileType = folder.assetcatalog; path = Assets.xcassets; sourceTree = "<group>"; };
		4D1780762845064000C0460C /* Base */ = {isa = PBXFileReference; lastKnownFileType = file.storyboard; name = Base; path = Base.lproj/LaunchScreen.storyboard; sourceTree = "<group>"; };
		4D1780782845064000C0460C /* Info.plist */ = {isa = PBXFileReference; lastKnownFileType = text.plist.xml; path = Info.plist; sourceTree = "<group>"; };
		4D17807D2845064100C0460C /* Zakat CalculatorTests.xctest */ = {isa = PBXFileReference; explicitFileType = wrapper.cfbundle; includeInIndex = 0; path = "Zakat CalculatorTests.xctest"; sourceTree = BUILT_PRODUCTS_DIR; };
		4D1780812845064100C0460C /* Zakat_CalculatorTests.swift */ = {isa = PBXFileReference; lastKnownFileType = sourcecode.swift; path = Zakat_CalculatorTests.swift; sourceTree = "<group>"; };
		4D1780872845064100C0460C /* Zakat CalculatorUITests.xctest */ = {isa = PBXFileReference; explicitFileType = wrapper.cfbundle; includeInIndex = 0; path = "Zakat CalculatorUITests.xctest"; sourceTree = BUILT_PRODUCTS_DIR; };
		4D17808B2845064100C0460C /* Zakat_CalculatorUITests.swift */ = {isa = PBXFileReference; lastKnownFileType = sourcecode.swift; path = Zakat_CalculatorUITests.swift; sourceTree = "<group>"; };
		4D17808D2845064100C0460C /* Zakat_CalculatorUITestsLaunchTests.swift */ = {isa = PBXFileReference; lastKnownFileType = sourcecode.swift; path = Zakat_CalculatorUITestsLaunchTests.swift; sourceTree = "<group>"; };
/* End PBXFileReference section */

/* Begin PBXFrameworksBuildPhase section */
		4D1780642845063F00C0460C /* Frameworks */ = {
			isa = PBXFrameworksBuildPhase;
			buildActionMask = 2147483647;
			files = (
			);
			runOnlyForDeploymentPostprocessing = 0;
		};
		4D17807A2845064100C0460C /* Frameworks */ = {
			isa = PBXFrameworksBuildPhase;
			buildActionMask = 2147483647;
			files = (
			);
			runOnlyForDeploymentPostprocessing = 0;
		};
		4D1780842845064100C0460C /* Frameworks */ = {
			isa = PBXFrameworksBuildPhase;
			buildActionMask = 2147483647;
			files = (
			);
			runOnlyForDeploymentPostprocessing = 0;
		};
/* End PBXFrameworksBuildPhase section */

/* Begin PBXGroup section */
		4D17805E2845063F00C0460C = {
			isa = PBXGroup;
			children = (
				4D1780692845063F00C0460C /* Zakat Calculator */,
				4D1780802845064100C0460C /* Zakat CalculatorTests */,
				4D17808A2845064100C0460C /* Zakat CalculatorUITests */,
				4D1780682845063F00C0460C /* Products */,
			);
			sourceTree = "<group>";
		};
		4D1780682845063F00C0460C /* Products */ = {
			isa = PBXGroup;
			children = (
				4D1780672845063F00C0460C /* Zakat Calculator.app */,
				4D17807D2845064100C0460C /* Zakat CalculatorTests.xctest */,
				4D1780872845064100C0460C /* Zakat CalculatorUITests.xctest */,
			);
			name = Products;
			sourceTree = "<group>";
		};
		4D1780692845063F00C0460C /* Zakat Calculator */ = {
			isa = PBXGroup;
			children = (
				4D17806A2845063F00C0460C /* AppDelegate.swift */,
				4D17806C2845063F00C0460C /* SceneDelegate.swift */,
				4D17806E2845063F00C0460C /* ViewController.swift */,
				4D1780702845063F00C0460C /* Main.storyboard */,
				4D1780732845064000C0460C /* Assets.xcassets */,
				4D1780752845064000C0460C /* LaunchScreen.storyboard */,
				4D1780782845064000C0460C /* Info.plist */,
			);
			path = "Zakat Calculator";
			sourceTree = "<group>";
		};
		4D1780802845064100C0460C /* Zakat CalculatorTests */ = {
			isa = PBXGroup;
			children = (
				4D1780812845064100C0460C /* Zakat_CalculatorTests.swift */,
			);
			path = "Zakat CalculatorTests";
			sourceTree = "<group>";
		};
		4D17808A2845064100C0460C /* Zakat CalculatorUITests */ = {
			isa = PBXGroup;
			children = (
				4D17808B2845064100C0460C /* Zakat_CalculatorUITests.swift */,
				4D17808D2845064100C0460C /* Zakat_CalculatorUITestsLaunchTests.swift */,
			);
			path = "Zakat CalculatorUITests";
			sourceTree = "<group>";
		};
/* End PBXGroup section */

/* Begin PBXNativeTarget section */
		4D1780662845063F00C0460C /* Zakat Calculator */ = {
			isa = PBXNativeTarget;
			buildConfigurationList = 4D1780912845064100C0460C /* Build configuration list for PBXNativeTarget "Zakat Calculator" */;
			buildPhases = (
				4D1780632845063F00C0460C /* Sources */,
				4D1780642845063F00C0460C /* Frameworks */,
				4D1780652845063F00C0460C /* Resources */,
			);
			buildRules = (
			);
			dependencies = (
			);
			name = "Zakat Calculator";
			productName = "Zakat Calculator";
			productReference = 4D1780672845063F00C0460C /* Zakat Calculator.app */;
			productType = "com.apple.product-type.application";
		};
		4D17807C2845064100C0460C /* Zakat CalculatorTests */ = {
			isa = PBXNativeTarget;
			buildConfigurationList = 4D1780942845064100C0460C /* Build configuration list for PBXNativeTarget "Zakat CalculatorTests" */;
			buildPhases = (
				4D1780792845064100C0460C /* Sources */,
				4D17807A2845064100C0460C /* Frameworks */,
				4D17807B2845064100C0460C /* Resources */,
			);
			buildRules = (
			);
			dependencies = (
				4D17807F2845064100C0460C /* PBXTargetDependency */,
			);
			name = "Zakat CalculatorTests";
			productName = "Zakat CalculatorTests";
			productReference = 4D17807D2845064100C0460C /* Zakat CalculatorTests.xctest */;
			productType = "com.apple.product-type.bundle.unit-test";
		};
		4D1780862845064100C0460C /* Zakat CalculatorUITests */ = {
			isa = PBXNativeTarget;
			buildConfigurationList = 4D1780972845064100C0460C /* Build configuration list for PBXNativeTarget "Zakat CalculatorUITests" */;
			buildPhases = (
				4D1780832845064100C0460C /* Sources */,
				4D1780842845064100C0460C /* Frameworks */,
				4D1780852845064100C0460C /* Resources */,
			);
			buildRules = (
			);
			dependencies = (
				4D1780892845064100C0460C /* PBXTargetDependency */,
			);
			name = "Zakat CalculatorUITests";
			productName = "Zakat CalculatorUITests";
			productReference = 4D1780872845064100C0460C /* Zakat CalculatorUITests.xctest */;
			productType = "com.apple.product-type.bundle.ui-testing";
		};
/* End PBXNativeTarget section */

/* Begin PBXProject section */
		4D17805F2845063F00C0460C /* Project object */ = {
			isa = PBXProject;
			attributes = {
				BuildIndependentTargetsInParallel = 1;
				LastSwiftUpdateCheck = 1340;
				LastUpgradeCheck = 1340;
				TargetAttributes = {
					4D1780662845063F00C0460C = {
						CreatedOnToolsVersion = 13.4;
					};
					4D17807C2845064100C0460C = {
						CreatedOnToolsVersion = 13.4;
						TestTargetID = 4D1780662845063F00C0460C;
					};
					4D1780862845064100C0460C = {
						CreatedOnToolsVersion = 13.4;
						TestTargetID = 4D1780662845063F00C0460C;
					};
				};
			};
			buildConfigurationList = 4D1780622845063F00C0460C /* Build configuration list for PBXProject "Zakat Calculator" */;
			compatibilityVersion = "Xcode 13.0";
			developmentRegion = en;
			hasScannedForEncodings = 0;
			knownRegions = (
				en,
				Base,
			);
			mainGroup = 4D17805E2845063F00C0460C;
			productRefGroup = 4D1780682845063F00C0460C /* Products */;
			projectDirPath = "";
			projectRoot = "";
			targets = (
				4D1780662845063F00C0460C /* Zakat Calculator */,
				4D17807C2845064100C0460C /* Zakat CalculatorTests */,
				4D1780862845064100C0460C /* Zakat CalculatorUITests */,
			);
		};
/* End PBXProject section */

/* Begin PBXResourcesBuildPhase section */
		4D1780652845063F00C0460C /* Resources */ = {
			isa = PBXResourcesBuildPhase;
			buildActionMask = 2147483647;
			files = (
				4D1780772845064000C0460C /* LaunchScreen.storyboard in Resources */,
				4D1780742845064000C0460C /* Assets.xcassets in Resources */,
				4D1780722845063F00C0460C /* Main.storyboard in Resources */,
			);
			runOnlyForDeploymentPostprocessing = 0;
		};
		4D17807B2845064100C0460C /* Resources */ = {
			isa = PBXResourcesBuildPhase;
			buildActionMask = 2147483647;
			files = (
			);
			runOnlyForDeploymentPostprocessing = 0;
		};
		4D1780852845064100C0460C /* Resources */ = {
			isa = PBXResourcesBuildPhase;
			buildActionMask = 2147483647;
			files = (
			);
			runOnlyForDeploymentPostprocessing = 0;
		};
/* End PBXResourcesBuildPhase section */

/* Begin PBXSourcesBuildPhase section */
		4D1780632845063F00C0460C /* Sources */ = {
			isa = PBXSourcesBuildPhase;
			buildActionMask = 2147483647;
			files = (
				4D17806F2845063F00C0460C /* ViewController.swift in Sources */,
				4D17806B2845063F00C0460C /* AppDelegate.swift in Sources */,
				4D17806D2845063F00C0460C /* SceneDelegate.swift in Sources */,
			);
			runOnlyForDeploymentPostprocessing = 0;
		};
		4D1780792845064100C0460C /* Sources */ = {
			isa = PBXSourcesBuildPhase;
			buildActionMask = 2147483647;
			files = (
				4D1780822845064100C0460C /* Zakat_CalculatorTests.swift in Sources */,
			);
			runOnlyForDeploymentPostprocessing = 0;
		};
		4D1780832845064100C0460C /* Sources */ = {
			isa = PBXSourcesBuildPhase;
			buildActionMask = 2147483647;
			files = (
				4D17808E2845064100C0460C /* Zakat_CalculatorUITestsLaunchTests.swift in Sources */,
				4D17808C2845064100C0460C /* Zakat_CalculatorUITests.swift in Sources */,
			);
			runOnlyForDeploymentPostprocessing = 0;
		};
/* End PBXSourcesBuildPhase section */

/* Begin PBXTargetDependency section */
		4D17807F2845064100C0460C /* PBXTargetDependency */ = {
			isa = PBXTargetDependency;
			target = 4D1780662845063F00C0460C /* Zakat Calculator */;
			targetProxy = 4D17807E2845064100C0460C /* PBXContainerItemProxy */;
		};
		4D1780892845064100C0460C /* PBXTargetDependency */ = {
			isa = PBXTargetDependency;
			target = 4D1780662845063F00C0460C /* Zakat Calculator */;
			targetProxy = 4D1780882845064100C0460C /* PBXContainerItemProxy */;
		};
/* End PBXTargetDependency section */

/* Begin PBXVariantGroup section */
		4D1780702845063F00C0460C /* Main.storyboard */ = {
			isa = PBXVariantGroup;
			children = (
				4D1780712845063F00C0460C /* Base */,
			);
			name = Main.storyboard;
			sourceTree = "<group>";
		};
		4D1780752845064000C0460C /* LaunchScreen.storyboard */ = {
			isa = PBXVariantGroup;
			children = (
				4D1780762845064000C0460C /* Base */,
			);
			name = LaunchScreen.storyboard;
			sourceTree = "<group>";
		};
/* End PBXVariantGroup section */

/* Begin XCBuildConfiguration section */
		4D17808F2845064100C0460C /* Debug */ = {
			isa = XCBuildConfiguration;
			buildSettings = {
				ALWAYS_SEARCH_USER_PATHS = NO;
				CLANG_ANALYZER_NONNULL = YES;
				CLANG_ANALYZER_NUMBER_OBJECT_CONVERSION = YES_AGGRESSIVE;
				CLANG_CXX_LANGUAGE_STANDARD = "gnu++17";
				CLANG_ENABLE_MODULES = YES;
				CLANG_ENABLE_OBJC_ARC = YES;
				CLANG_ENABLE_OBJC_WEAK = YES;
				CLANG_WARN_BLOCK_CAPTURE_AUTORELEASING = YES;
				CLANG_WARN_BOOL_CONVERSION = YES;
				CLANG_WARN_COMMA = YES;
				CLANG_WARN_CONSTANT_CONVERSION = YES;
				CLANG_WARN_DEPRECATED_OBJC_IMPLEMENTATIONS = YES;
				CLANG_WARN_DIRECT_OBJC_ISA_USAGE = YES_ERROR;
				CLANG_WARN_DOCUMENTATION_COMMENTS = YES;
				CLANG_WARN_EMPTY_BODY = YES;
				CLANG_WARN_ENUM_CONVERSION = YES;
				CLANG_WARN_INFINITE_RECURSION = YES;
				CLANG_WARN_INT_CONVERSION = YES;
				CLANG_WARN_NON_LITERAL_NULL_CONVERSION = YES;
				CLANG_WARN_OBJC_IMPLICIT_RETAIN_SELF = YES;
				CLANG_WARN_OBJC_LITERAL_CONVERSION = YES;
				CLANG_WARN_OBJC_ROOT_CLASS = YES_ERROR;
				CLANG_WARN_QUOTED_INCLUDE_IN_FRAMEWORK_HEADER = YES;
				CLANG_WARN_RANGE_LOOP_ANALYSIS = YES;
				CLANG_WARN_STRICT_PROTOTYPES = YES;
				CLANG_WARN_SUSPICIOUS_MOVE = YES;
				CLANG_WARN_UNGUARDED_AVAILABILITY = YES_AGGRESSIVE;
				CLANG_WARN_UNREACHABLE_CODE = YES;
				CLANG_WARN__DUPLICATE_METHOD_MATCH = YES;
				COPY_PHASE_STRIP = NO;
				DEBUG_INFORMATION_FORMAT = dwarf;
				ENABLE_STRICT_OBJC_MSGSEND = YES;
				ENABLE_TESTABILITY = YES;
				GCC_C_LANGUAGE_STANDARD = gnu11;
				GCC_DYNAMIC_NO_PIC = NO;
				GCC_NO_COMMON_BLOCKS = YES;
				GCC_OPTIMIZATION_LEVEL = 0;
				GCC_PREPROCESSOR_DEFINITIONS = (
					"DEBUG=1",
					"$(inherited)",
				);
				GCC_WARN_64_TO_32_BIT_CONVERSION = YES;
				GCC_WARN_ABOUT_RETURN_TYPE = YES_ERROR;
				GCC_WARN_UNDECLARED_SELECTOR = YES;
				GCC_WARN_UNINITIALIZED_AUTOS = YES_AGGRESSIVE;
				GCC_WARN_UNUSED_FUNCTION = YES;
				GCC_WARN_UNUSED_VARIABLE = YES;
				IPHONEOS_DEPLOYMENT_TARGET = 15.5;
				MTL_ENABLE_DEBUG_INFO = INCLUDE_SOURCE;
				MTL_FAST_MATH = YES;
				ONLY_ACTIVE_ARCH = YES;
				SDKROOT = iphoneos;
				SWIFT_ACTIVE_COMPILATION_CONDITIONS = DEBUG;
				SWIFT_OPTIMIZATION_LEVEL = "-Onone";
			};
			name = Debug;
		};
		4D1780902845064100C0460C /* Release */ = {
			isa = XCBuildConfiguration;
			buildSettings = {
				ALWAYS_SEARCH_USER_PATHS = NO;
				CLANG_ANALYZER_NONNULL = YES;
				CLANG_ANALYZER_NUMBER_OBJECT_CONVERSION = YES_AGGRESSIVE;
				CLANG_CXX_LANGUAGE_STANDARD = "gnu++17";
				CLANG_ENABLE_MODULES = YES;
				CLANG_ENABLE_OBJC_ARC = YES;
				CLANG_ENABLE_OBJC_WEAK = YES;
				CLANG_WARN_BLOCK_CAPTURE_AUTORELEASING = YES;
				CLANG_WARN_BOOL_CONVERSION = YES;
				CLANG_WARN_COMMA = YES;
				CLANG_WARN_CONSTANT_CONVERSION = YES;
				CLANG_WARN_DEPRECATED_OBJC_IMPLEMENTATIONS = YES;
				CLANG_WARN_DIRECT_OBJC_ISA_USAGE = YES_ERROR;
				CLANG_WARN_DOCUMENTATION_COMMENTS = YES;
				CLANG_WARN_EMPTY_BODY = YES;
				CLANG_WARN_ENUM_CONVERSION = YES;
				CLANG_WARN_INFINITE_RECURSION = YES;
				CLANG_WARN_INT_CONVERSION = YES;
				CLANG_WARN_NON_LITERAL_NULL_CONVERSION = YES;
				CLANG_WARN_OBJC_IMPLICIT_RETAIN_SELF = YES;
				CLANG_WARN_OBJC_LITERAL_CONVERSION = YES;
				CLANG_WARN_OBJC_ROOT_CLASS = YES_ERROR;
				CLANG_WARN_QUOTED_INCLUDE_IN_FRAMEWORK_HEADER = YES;
				CLANG_WARN_RANGE_LOOP_ANALYSIS = YES;
				CLANG_WARN_STRICT_PROTOTYPES = YES;
				CLANG_WARN_SUSPICIOUS_MOVE = YES;
				CLANG_WARN_UNGUARDED_AVAILABILITY = YES_AGGRESSIVE;
				CLANG_WARN_UNREACHABLE_CODE = YES;
				CLANG_WARN__DUPLICATE_METHOD_MATCH = YES;
				COPY_PHASE_STRIP = NO;
				DEBUG_INFORMATION_FORMAT = "dwarf-with-dsym";
				ENABLE_NS_ASSERTIONS = NO;
				ENABLE_STRICT_OBJC_MSGSEND = YES;
				GCC_C_LANGUAGE_STANDARD = gnu11;
				GCC_NO_COMMON_BLOCKS = YES;
				GCC_WARN_64_TO_32_BIT_CONVERSION = YES;
				GCC_WARN_ABOUT_RETURN_TYPE = YES_ERROR;
				GCC_WARN_UNDECLARED_SELECTOR = YES;
				GCC_WARN_UNINITIALIZED_AUTOS = YES_AGGRESSIVE;
				GCC_WARN_UNUSED_FUNCTION = YES;
				GCC_WARN_UNUSED_VARIABLE = YES;
				IPHONEOS_DEPLOYMENT_TARGET = 15.5;
				MTL_ENABLE_DEBUG_INFO = NO;
				MTL_FAST_MATH = YES;
				SDKROOT = iphoneos;
				SWIFT_COMPILATION_MODE = wholemodule;
				SWIFT_OPTIMIZATION_LEVEL = "-O";
				VALIDATE_PRODUCT = YES;
			};
			name = Release;
		};
		4D1780922845064100C0460C /* Debug */ = {
			isa = XCBuildConfiguration;
			buildSettings = {
				ASSETCATALOG_COMPILER_APPICON_NAME = AppIcon;
				ASSETCATALOG_COMPILER_GLOBAL_ACCENT_COLOR_NAME = AccentColor;
				CODE_SIGN_STYLE = Automatic;
				CURRENT_PROJECT_VERSION = 1;
				GENERATE_INFOPLIST_FILE = YES;
				INFOPLIST_FILE = "Zakat Calculator/Info.plist";
				INFOPLIST_KEY_UIApplicationSupportsIndirectInputEvents = YES;
				INFOPLIST_KEY_UILaunchStoryboardName = LaunchScreen;
				INFOPLIST_KEY_UIMainStoryboardFile = Main;
				INFOPLIST_KEY_UISupportedInterfaceOrientations_iPad = "UIInterfaceOrientationPortrait UIInterfaceOrientationPortraitUpsideDown UIInterfaceOrientationLandscapeLeft UIInterfaceOrientationLandscapeRight";
				INFOPLIST_KEY_UISupportedInterfaceOrientations_iPhone = "UIInterfaceOrientationPortrait UIInterfaceOrientationLandscapeLeft UIInterfaceOrientationLandscapeRight";
				LD_RUNPATH_SEARCH_PATHS = (
					"$(inherited)",
					"@executable_path/Frameworks",
				);
				MARKETING_VERSION = 1.0;
				PRODUCT_BUNDLE_IDENTIFIER = "the.codeholic.Zakat-Calculator";
				PRODUCT_NAME = "$(TARGET_NAME)";
				SWIFT_EMIT_LOC_STRINGS = YES;
				SWIFT_VERSION = 5.0;
				TARGETED_DEVICE_FAMILY = "1,2";
			};
			name = Debug;
		};
		4D1780932845064100C0460C /* Release */ = {
			isa = XCBuildConfiguration;
			buildSettings = {
				ASSETCATALOG_COMPILER_APPICON_NAME = AppIcon;
				ASSETCATALOG_COMPILER_GLOBAL_ACCENT_COLOR_NAME = AccentColor;
				CODE_SIGN_STYLE = Automatic;
				CURRENT_PROJECT_VERSION = 1;
				GENERATE_INFOPLIST_FILE = YES;
				INFOPLIST_FILE = "Zakat Calculator/Info.plist";
				INFOPLIST_KEY_UIApplicationSupportsIndirectInputEvents = YES;
				INFOPLIST_KEY_UILaunchStoryboardName = LaunchScreen;
				INFOPLIST_KEY_UIMainStoryboardFile = Main;
				INFOPLIST_KEY_UISupportedInterfaceOrientations_iPad = "UIInterfaceOrientationPortrait UIInterfaceOrientationPortraitUpsideDown UIInterfaceOrientationLandscapeLeft UIInterfaceOrientationLandscapeRight";
				INFOPLIST_KEY_UISupportedInterfaceOrientations_iPhone = "UIInterfaceOrientationPortrait UIInterfaceOrientationLandscapeLeft UIInterfaceOrientationLandscapeRight";
				LD_RUNPATH_SEARCH_PATHS = (
					"$(inherited)",
					"@executable_path/Frameworks",
				);
				MARKETING_VERSION = 1.0;
				PRODUCT_BUNDLE_IDENTIFIER = "the.codeholic.Zakat-Calculator";
				PRODUCT_NAME = "$(TARGET_NAME)";
				SWIFT_EMIT_LOC_STRINGS = YES;
				SWIFT_VERSION = 5.0;
				TARGETED_DEVICE_FAMILY = "1,2";
			};
			name = Release;
		};
		4D1780952845064100C0460C /* Debug */ = {
			isa = XCBuildConfiguration;
			buildSettings = {
				ALWAYS_EMBED_SWIFT_STANDARD_LIBRARIES = YES;
				BUNDLE_LOADER = "$(TEST_HOST)";
				CODE_SIGN_STYLE = Automatic;
				CURRENT_PROJECT_VERSION = 1;
				GENERATE_INFOPLIST_FILE = YES;
				IPHONEOS_DEPLOYMENT_TARGET = 15.5;
				MARKETING_VERSION = 1.0;
				PRODUCT_BUNDLE_IDENTIFIER = "the.codeholic.Zakat-CalculatorTests";
				PRODUCT_NAME = "$(TARGET_NAME)";
				SWIFT_EMIT_LOC_STRINGS = NO;
				SWIFT_VERSION = 5.0;
				TARGETED_DEVICE_FAMILY = "1,2";
				TEST_HOST = "$(BUILT_PRODUCTS_DIR)/Zakat Calculator.app/Zakat Calculator";
			};
			name = Debug;
		};
		4D1780962845064100C0460C /* Release */ = {
			isa = XCBuildConfiguration;
			buildSettings = {
				ALWAYS_EMBED_SWIFT_STANDARD_LIBRARIES = YES;
				BUNDLE_LOADER = "$(TEST_HOST)";
				CODE_SIGN_STYLE = Automatic;
				CURRENT_PROJECT_VERSION = 1;
				GENERATE_INFOPLIST_FILE = YES;
				IPHONEOS_DEPLOYMENT_TARGET = 15.5;
				MARKETING_VERSION = 1.0;
				PRODUCT_BUNDLE_IDENTIFIER = "the.codeholic.Zakat-CalculatorTests";
				PRODUCT_NAME = "$(TARGET_NAME)";
				SWIFT_EMIT_LOC_STRINGS = NO;
				SWIFT_VERSION = 5.0;
				TARGETED_DEVICE_FAMILY = "1,2";
				TEST_HOST = "$(BUILT_PRODUCTS_DIR)/Zakat Calculator.app/Zakat Calculator";
			};
			name = Release;
		};
		4D1780982845064100C0460C /* Debug */ = {
			isa = XCBuildConfiguration;
			buildSettings = {
				ALWAYS_EMBED_SWIFT_STANDARD_LIBRARIES = YES;
				CODE_SIGN_STYLE = Automatic;
				CURRENT_PROJECT_VERSION = 1;
				GENERATE_INFOPLIST_FILE = YES;
				MARKETING_VERSION = 1.0;
				PRODUCT_BUNDLE_IDENTIFIER = "the.codeholic.Zakat-CalculatorUITests";
				PRODUCT_NAME = "$(TARGET_NAME)";
				SWIFT_EMIT_LOC_STRINGS = NO;
				SWIFT_VERSION = 5.0;
				TARGETED_DEVICE_FAMILY = "1,2";
				TEST_TARGET_NAME = "Zakat Calculator";
			};
			name = Debug;
		};
		4D1780992845064100C0460C /* Release */ = {
			isa = XCBuildConfiguration;
			buildSettings = {
				ALWAYS_EMBED_SWIFT_STANDARD_LIBRARIES = YES;
				CODE_SIGN_STYLE = Automatic;
				CURRENT_PROJECT_VERSION = 1;
				GENERATE_INFOPLIST_FILE = YES;
				MARKETING_VERSION = 1.0;
				PRODUCT_BUNDLE_IDENTIFIER = "the.codeholic.Zakat-CalculatorUITests";
				PRODUCT_NAME = "$(TARGET_NAME)";
				SWIFT_EMIT_LOC_STRINGS = NO;
				SWIFT_VERSION = 5.0;
				TARGETED_DEVICE_FAMILY = "1,2";
				TEST_TARGET_NAME = "Zakat Calculator";
			};
			name = Release;
		};
/* End XCBuildConfiguration section */

/* Begin XCConfigurationList section */
		4D1780622845063F00C0460C /* Build configuration list for PBXProject "Zakat Calculator" */ = {
			isa = XCConfigurationList;
			buildConfigurations = (
				4D17808F2845064100C0460C /* Debug */,
				4D1780902845064100C0460C /* Release */,
			);
			defaultConfigurationIsVisible = 0;
			defaultConfigurationName = Release;
		};
		4D1780912845064100C0460C /* Build configuration list for PBXNativeTarget "Zakat Calculator" */ = {
			isa = XCConfigurationList;
			buildConfigurations = (
				4D1780922845064100C0460C /* Debug */,
				4D1780932845064100C0460C /* Release */,
			);
			defaultConfigurationIsVisible = 0;
			defaultConfigurationName = Release;
		};
		4D1780942845064100C0460C /* Build configuration list for PBXNativeTarget "Zakat CalculatorTests" */ = {
			isa = XCConfigurationList;
			buildConfigurations = (
				4D1780952845064100C0460C /* Debug */,
				4D1780962845064100C0460C /* Release */,
			);
			defaultConfigurationIsVisible = 0;
			defaultConfigurationName = Release;
		};
		4D1780972845064100C0460C /* Build configuration list for PBXNativeTarget "Zakat CalculatorUITests" */ = {
			isa = XCConfigurationList;
			buildConfigurations = (
				4D1780982845064100C0460C /* Debug */,
				4D1780992845064100C0460C /* Release */,
			);
			defaultConfigurationIsVisible = 0;
			defaultConfigurationName = Release;
		};
/* End XCConfigurationList section */
	};
	rootObject = 4D17805F2845063F00C0460C /* Project object */;
}
