// !$*UTF8*$!
{
	archiveVersion = 1;
	classes = {
	};
	objectVersion = 55;
	objects = {

/* Begin PBXBuildFile section */
		4DB042752863869300F484B0 /* RandomNumberChooseApp.swift in Sources */ = {isa = PBXBuildFile; fileRef = 4DB042742863869300F484B0 /* RandomNumberChooseApp.swift */; };
		4DB042772863869300F484B0 /* ContentView.swift in Sources */ = {isa = PBXBuildFile; fileRef = 4DB042762863869300F484B0 /* ContentView.swift */; };
		4DB042792863869500F484B0 /* Assets.xcassets in Resources */ = {isa = PBXBuildFile; fileRef = 4DB042782863869500F484B0 /* Assets.xcassets */; };
		4DB0427C2863869500F484B0 /* Preview Assets.xcassets in Resources */ = {isa = PBXBuildFile; fileRef = 4DB0427B2863869500F484B0 /* Preview Assets.xcassets */; };
		4DB042862863869500F484B0 /* RandomNumberChooseTests.swift in Sources */ = {isa = PBXBuildFile; fileRef = 4DB042852863869500F484B0 /* RandomNumberChooseTests.swift */; };
		4DB042902863869500F484B0 /* RandomNumberChooseUITests.swift in Sources */ = {isa = PBXBuildFile; fileRef = 4DB0428F2863869500F484B0 /* RandomNumberChooseUITests.swift */; };
		4DB042922863869500F484B0 /* RandomNumberChooseUITestsLaunchTests.swift in Sources */ = {isa = PBXBuildFile; fileRef = 4DB042912863869500F484B0 /* RandomNumberChooseUITestsLaunchTests.swift */; };
/* End PBXBuildFile section */

/* Begin PBXContainerItemProxy section */
		4DB042822863869500F484B0 /* PBXContainerItemProxy */ = {
			isa = PBXContainerItemProxy;
			containerPortal = 4DB042692863869300F484B0 /* Project object */;
			proxyType = 1;
			remoteGlobalIDString = 4DB042702863869300F484B0;
			remoteInfo = RandomNumberChoose;
		};
		4DB0428C2863869500F484B0 /* PBXContainerItemProxy */ = {
			isa = PBXContainerItemProxy;
			containerPortal = 4DB042692863869300F484B0 /* Project object */;
			proxyType = 1;
			remoteGlobalIDString = 4DB042702863869300F484B0;
			remoteInfo = RandomNumberChoose;
		};
/* End PBXContainerItemProxy section */

/* Begin PBXFileReference section */
		4DB042712863869300F484B0 /* RandomNumberChoose.app */ = {isa = PBXFileReference; explicitFileType = wrapper.application; includeInIndex = 0; path = RandomNumberChoose.app; sourceTree = BUILT_PRODUCTS_DIR; };
		4DB042742863869300F484B0 /* RandomNumberChooseApp.swift */ = {isa = PBXFileReference; lastKnownFileType = sourcecode.swift; path = RandomNumberChooseApp.swift; sourceTree = "<group>"; };
		4DB042762863869300F484B0 /* ContentView.swift */ = {isa = PBXFileReference; lastKnownFileType = sourcecode.swift; path = ContentView.swift; sourceTree = "<group>"; };
		4DB042782863869500F484B0 /* Assets.xcassets */ = {isa = PBXFileReference; lastKnownFileType = folder.assetcatalog; path = Assets.xcassets; sourceTree = "<group>"; };
		4DB0427B2863869500F484B0 /* Preview Assets.xcassets */ = {isa = PBXFileReference; lastKnownFileType = folder.assetcatalog; path = "Preview Assets.xcassets"; sourceTree = "<group>"; };
		4DB042812863869500F484B0 /* RandomNumberChooseTests.xctest */ = {isa = PBXFileReference; explicitFileType = wrapper.cfbundle; includeInIndex = 0; path = RandomNumberChooseTests.xctest; sourceTree = BUILT_PRODUCTS_DIR; };
		4DB042852863869500F484B0 /* RandomNumberChooseTests.swift */ = {isa = PBXFileReference; lastKnownFileType = sourcecode.swift; path = RandomNumberChooseTests.swift; sourceTree = "<group>"; };
		4DB0428B2863869500F484B0 /* RandomNumberChooseUITests.xctest */ = {isa = PBXFileReference; explicitFileType = wrapper.cfbundle; includeInIndex = 0; path = RandomNumberChooseUITests.xctest; sourceTree = BUILT_PRODUCTS_DIR; };
		4DB0428F2863869500F484B0 /* RandomNumberChooseUITests.swift */ = {isa = PBXFileReference; lastKnownFileType = sourcecode.swift; path = RandomNumberChooseUITests.swift; sourceTree = "<group>"; };
		4DB042912863869500F484B0 /* RandomNumberChooseUITestsLaunchTests.swift */ = {isa = PBXFileReference; lastKnownFileType = sourcecode.swift; path = RandomNumberChooseUITestsLaunchTests.swift; sourceTree = "<group>"; };
/* End PBXFileReference section */

/* Begin PBXFrameworksBuildPhase section */
		4DB0426E2863869300F484B0 /* Frameworks */ = {
			isa = PBXFrameworksBuildPhase;
			buildActionMask = 2147483647;
			files = (
			);
			runOnlyForDeploymentPostprocessing = 0;
		};
		4DB0427E2863869500F484B0 /* Frameworks */ = {
			isa = PBXFrameworksBuildPhase;
			buildActionMask = 2147483647;
			files = (
			);
			runOnlyForDeploymentPostprocessing = 0;
		};
		4DB042882863869500F484B0 /* Frameworks */ = {
			isa = PBXFrameworksBuildPhase;
			buildActionMask = 2147483647;
			files = (
			);
			runOnlyForDeploymentPostprocessing = 0;
		};
/* End PBXFrameworksBuildPhase section */

/* Begin PBXGroup section */
		4DB042682863869300F484B0 = {
			isa = PBXGroup;
			children = (
				4DB042732863869300F484B0 /* RandomNumberChoose */,
				4DB042842863869500F484B0 /* RandomNumberChooseTests */,
				4DB0428E2863869500F484B0 /* RandomNumberChooseUITests */,
				4DB042722863869300F484B0 /* Products */,
			);
			sourceTree = "<group>";
		};
		4DB042722863869300F484B0 /* Products */ = {
			isa = PBXGroup;
			children = (
				4DB042712863869300F484B0 /* RandomNumberChoose.app */,
				4DB042812863869500F484B0 /* RandomNumberChooseTests.xctest */,
				4DB0428B2863869500F484B0 /* RandomNumberChooseUITests.xctest */,
			);
			name = Products;
			sourceTree = "<group>";
		};
		4DB042732863869300F484B0 /* RandomNumberChoose */ = {
			isa = PBXGroup;
			children = (
				4DB042742863869300F484B0 /* RandomNumberChooseApp.swift */,
				4DB042762863869300F484B0 /* ContentView.swift */,
				4DB042782863869500F484B0 /* Assets.xcassets */,
				4DB0427A2863869500F484B0 /* Preview Content */,
			);
			path = RandomNumberChoose;
			sourceTree = "<group>";
		};
		4DB0427A2863869500F484B0 /* Preview Content */ = {
			isa = PBXGroup;
			children = (
				4DB0427B2863869500F484B0 /* Preview Assets.xcassets */,
			);
			path = "Preview Content";
			sourceTree = "<group>";
		};
		4DB042842863869500F484B0 /* RandomNumberChooseTests */ = {
			isa = PBXGroup;
			children = (
				4DB042852863869500F484B0 /* RandomNumberChooseTests.swift */,
			);
			path = RandomNumberChooseTests;
			sourceTree = "<group>";
		};
		4DB0428E2863869500F484B0 /* RandomNumberChooseUITests */ = {
			isa = PBXGroup;
			children = (
				4DB0428F2863869500F484B0 /* RandomNumberChooseUITests.swift */,
				4DB042912863869500F484B0 /* RandomNumberChooseUITestsLaunchTests.swift */,
			);
			path = RandomNumberChooseUITests;
			sourceTree = "<group>";
		};
/* End PBXGroup section */

/* Begin PBXNativeTarget section */
		4DB042702863869300F484B0 /* RandomNumberChoose */ = {
			isa = PBXNativeTarget;
			buildConfigurationList = 4DB042952863869500F484B0 /* Build configuration list for PBXNativeTarget "RandomNumberChoose" */;
			buildPhases = (
				4DB0426D2863869300F484B0 /* Sources */,
				4DB0426E2863869300F484B0 /* Frameworks */,
				4DB0426F2863869300F484B0 /* Resources */,
			);
			buildRules = (
			);
			dependencies = (
			);
			name = RandomNumberChoose;
			productName = RandomNumberChoose;
			productReference = 4DB042712863869300F484B0 /* RandomNumberChoose.app */;
			productType = "com.apple.product-type.application";
		};
		4DB042802863869500F484B0 /* RandomNumberChooseTests */ = {
			isa = PBXNativeTarget;
			buildConfigurationList = 4DB042982863869500F484B0 /* Build configuration list for PBXNativeTarget "RandomNumberChooseTests" */;
			buildPhases = (
				4DB0427D2863869500F484B0 /* Sources */,
				4DB0427E2863869500F484B0 /* Frameworks */,
				4DB0427F2863869500F484B0 /* Resources */,
			);
			buildRules = (
			);
			dependencies = (
				4DB042832863869500F484B0 /* PBXTargetDependency */,
			);
			name = RandomNumberChooseTests;
			productName = RandomNumberChooseTests;
			productReference = 4DB042812863869500F484B0 /* RandomNumberChooseTests.xctest */;
			productType = "com.apple.product-type.bundle.unit-test";
		};
		4DB0428A2863869500F484B0 /* RandomNumberChooseUITests */ = {
			isa = PBXNativeTarget;
			buildConfigurationList = 4DB0429B2863869500F484B0 /* Build configuration list for PBXNativeTarget "RandomNumberChooseUITests" */;
			buildPhases = (
				4DB042872863869500F484B0 /* Sources */,
				4DB042882863869500F484B0 /* Frameworks */,
				4DB042892863869500F484B0 /* Resources */,
			);
			buildRules = (
			);
			dependencies = (
				4DB0428D2863869500F484B0 /* PBXTargetDependency */,
			);
			name = RandomNumberChooseUITests;
			productName = RandomNumberChooseUITests;
			productReference = 4DB0428B2863869500F484B0 /* RandomNumberChooseUITests.xctest */;
			productType = "com.apple.product-type.bundle.ui-testing";
		};
/* End PBXNativeTarget section */

/* Begin PBXProject section */
		4DB042692863869300F484B0 /* Project object */ = {
			isa = PBXProject;
			attributes = {
				BuildIndependentTargetsInParallel = 1;
				LastSwiftUpdateCheck = 1340;
				LastUpgradeCheck = 1340;
				TargetAttributes = {
					4DB042702863869300F484B0 = {
						CreatedOnToolsVersion = 13.4.1;
					};
					4DB042802863869500F484B0 = {
						CreatedOnToolsVersion = 13.4.1;
						TestTargetID = 4DB042702863869300F484B0;
					};
					4DB0428A2863869500F484B0 = {
						CreatedOnToolsVersion = 13.4.1;
						TestTargetID = 4DB042702863869300F484B0;
					};
				};
			};
			buildConfigurationList = 4DB0426C2863869300F484B0 /* Build configuration list for PBXProject "RandomNumberChoose" */;
			compatibilityVersion = "Xcode 13.0";
			developmentRegion = en;
			hasScannedForEncodings = 0;
			knownRegions = (
				en,
				Base,
			);
			mainGroup = 4DB042682863869300F484B0;
			productRefGroup = 4DB042722863869300F484B0 /* Products */;
			projectDirPath = "";
			projectRoot = "";
			targets = (
				4DB042702863869300F484B0 /* RandomNumberChoose */,
				4DB042802863869500F484B0 /* RandomNumberChooseTests */,
				4DB0428A2863869500F484B0 /* RandomNumberChooseUITests */,
			);
		};
/* End PBXProject section */

/* Begin PBXResourcesBuildPhase section */
		4DB0426F2863869300F484B0 /* Resources */ = {
			isa = PBXResourcesBuildPhase;
			buildActionMask = 2147483647;
			files = (
				4DB0427C2863869500F484B0 /* Preview Assets.xcassets in Resources */,
				4DB042792863869500F484B0 /* Assets.xcassets in Resources */,
			);
			runOnlyForDeploymentPostprocessing = 0;
		};
		4DB0427F2863869500F484B0 /* Resources */ = {
			isa = PBXResourcesBuildPhase;
			buildActionMask = 2147483647;
			files = (
			);
			runOnlyForDeploymentPostprocessing = 0;
		};
		4DB042892863869500F484B0 /* Resources */ = {
			isa = PBXResourcesBuildPhase;
			buildActionMask = 2147483647;
			files = (
			);
			runOnlyForDeploymentPostprocessing = 0;
		};
/* End PBXResourcesBuildPhase section */

/* Begin PBXSourcesBuildPhase section */
		4DB0426D2863869300F484B0 /* Sources */ = {
			isa = PBXSourcesBuildPhase;
			buildActionMask = 2147483647;
			files = (
				4DB042772863869300F484B0 /* ContentView.swift in Sources */,
				4DB042752863869300F484B0 /* RandomNumberChooseApp.swift in Sources */,
			);
			runOnlyForDeploymentPostprocessing = 0;
		};
		4DB0427D2863869500F484B0 /* Sources */ = {
			isa = PBXSourcesBuildPhase;
			buildActionMask = 2147483647;
			files = (
				4DB042862863869500F484B0 /* RandomNumberChooseTests.swift in Sources */,
			);
			runOnlyForDeploymentPostprocessing = 0;
		};
		4DB042872863869500F484B0 /* Sources */ = {
			isa = PBXSourcesBuildPhase;
			buildActionMask = 2147483647;
			files = (
				4DB042902863869500F484B0 /* RandomNumberChooseUITests.swift in Sources */,
				4DB042922863869500F484B0 /* RandomNumberChooseUITestsLaunchTests.swift in Sources */,
			);
			runOnlyForDeploymentPostprocessing = 0;
		};
/* End PBXSourcesBuildPhase section */

/* Begin PBXTargetDependency section */
		4DB042832863869500F484B0 /* PBXTargetDependency */ = {
			isa = PBXTargetDependency;
			target = 4DB042702863869300F484B0 /* RandomNumberChoose */;
			targetProxy = 4DB042822863869500F484B0 /* PBXContainerItemProxy */;
		};
		4DB0428D2863869500F484B0 /* PBXTargetDependency */ = {
			isa = PBXTargetDependency;
			target = 4DB042702863869300F484B0 /* RandomNumberChoose */;
			targetProxy = 4DB0428C2863869500F484B0 /* PBXContainerItemProxy */;
		};
/* End PBXTargetDependency section */

/* Begin XCBuildConfiguration section */
		4DB042932863869500F484B0 /* Debug */ = {
			isa = XCBuildConfiguration;
			buildSettings = {
				ALWAYS_SEARCH_USER_PATHS = NO;
				CLANG_ANALYZER_NONNULL = YES;
				CLANG_ANALYZER_NUMBER_OBJECT_CONVERSION = YES_AGGRESSIVE;
				CLANG_CXX_LANGUAGE_STANDARD = "gnu++17";
				CLANG_ENABLE_MODULES = YES;
				CLANG_ENABLE_OBJC_ARC = YES;
				CLANG_ENABLE_OBJC_WEAK = YES;
				CLANG_WARN_BLOCK_CAPTURE_AUTORELEASING = YES;
				CLANG_WARN_BOOL_CONVERSION = YES;
				CLANG_WARN_COMMA = YES;
				CLANG_WARN_CONSTANT_CONVERSION = YES;
				CLANG_WARN_DEPRECATED_OBJC_IMPLEMENTATIONS = YES;
				CLANG_WARN_DIRECT_OBJC_ISA_USAGE = YES_ERROR;
				CLANG_WARN_DOCUMENTATION_COMMENTS = YES;
				CLANG_WARN_EMPTY_BODY = YES;
				CLANG_WARN_ENUM_CONVERSION = YES;
				CLANG_WARN_INFINITE_RECURSION = YES;
				CLANG_WARN_INT_CONVERSION = YES;
				CLANG_WARN_NON_LITERAL_NULL_CONVERSION = YES;
				CLANG_WARN_OBJC_IMPLICIT_RETAIN_SELF = YES;
				CLANG_WARN_OBJC_LITERAL_CONVERSION = YES;
				CLANG_WARN_OBJC_ROOT_CLASS = YES_ERROR;
				CLANG_WARN_QUOTED_INCLUDE_IN_FRAMEWORK_HEADER = YES;
				CLANG_WARN_RANGE_LOOP_ANALYSIS = YES;
				CLANG_WARN_STRICT_PROTOTYPES = YES;
				CLANG_WARN_SUSPICIOUS_MOVE = YES;
				CLANG_WARN_UNGUARDED_AVAILABILITY = YES_AGGRESSIVE;
				CLANG_WARN_UNREACHABLE_CODE = YES;
				CLANG_WARN__DUPLICATE_METHOD_MATCH = YES;
				COPY_PHASE_STRIP = NO;
				DEBUG_INFORMATION_FORMAT = dwarf;
				ENABLE_STRICT_OBJC_MSGSEND = YES;
				ENABLE_TESTABILITY = YES;
				GCC_C_LANGUAGE_STANDARD = gnu11;
				GCC_DYNAMIC_NO_PIC = NO;
				GCC_NO_COMMON_BLOCKS = YES;
				GCC_OPTIMIZATION_LEVEL = 0;
				GCC_PREPROCESSOR_DEFINITIONS = (
					"DEBUG=1",
					"$(inherited)",
				);
				GCC_WARN_64_TO_32_BIT_CONVERSION = YES;
				GCC_WARN_ABOUT_RETURN_TYPE = YES_ERROR;
				GCC_WARN_UNDECLARED_SELECTOR = YES;
				GCC_WARN_UNINITIALIZED_AUTOS = YES_AGGRESSIVE;
				GCC_WARN_UNUSED_FUNCTION = YES;
				GCC_WARN_UNUSED_VARIABLE = YES;
				IPHONEOS_DEPLOYMENT_TARGET = 15.5;
				MTL_ENABLE_DEBUG_INFO = INCLUDE_SOURCE;
				MTL_FAST_MATH = YES;
				ONLY_ACTIVE_ARCH = YES;
				SDKROOT = iphoneos;
				SWIFT_ACTIVE_COMPILATION_CONDITIONS = DEBUG;
				SWIFT_OPTIMIZATION_LEVEL = "-Onone";
			};
			name = Debug;
		};
		4DB042942863869500F484B0 /* Release */ = {
			isa = XCBuildConfiguration;
			buildSettings = {
				ALWAYS_SEARCH_USER_PATHS = NO;
				CLANG_ANALYZER_NONNULL = YES;
				CLANG_ANALYZER_NUMBER_OBJECT_CONVERSION = YES_AGGRESSIVE;
				CLANG_CXX_LANGUAGE_STANDARD = "gnu++17";
				CLANG_ENABLE_MODULES = YES;
				CLANG_ENABLE_OBJC_ARC = YES;
				CLANG_ENABLE_OBJC_WEAK = YES;
				CLANG_WARN_BLOCK_CAPTURE_AUTORELEASING = YES;
				CLANG_WARN_BOOL_CONVERSION = YES;
				CLANG_WARN_COMMA = YES;
				CLANG_WARN_CONSTANT_CONVERSION = YES;
				CLANG_WARN_DEPRECATED_OBJC_IMPLEMENTATIONS = YES;
				CLANG_WARN_DIRECT_OBJC_ISA_USAGE = YES_ERROR;
				CLANG_WARN_DOCUMENTATION_COMMENTS = YES;
				CLANG_WARN_EMPTY_BODY = YES;
				CLANG_WARN_ENUM_CONVERSION = YES;
				CLANG_WARN_INFINITE_RECURSION = YES;
				CLANG_WARN_INT_CONVERSION = YES;
				CLANG_WARN_NON_LITERAL_NULL_CONVERSION = YES;
				CLANG_WARN_OBJC_IMPLICIT_RETAIN_SELF = YES;
				CLANG_WARN_OBJC_LITERAL_CONVERSION = YES;
				CLANG_WARN_OBJC_ROOT_CLASS = YES_ERROR;
				CLANG_WARN_QUOTED_INCLUDE_IN_FRAMEWORK_HEADER = YES;
				CLANG_WARN_RANGE_LOOP_ANALYSIS = YES;
				CLANG_WARN_STRICT_PROTOTYPES = YES;
				CLANG_WARN_SUSPICIOUS_MOVE = YES;
				CLANG_WARN_UNGUARDED_AVAILABILITY = YES_AGGRESSIVE;
				CLANG_WARN_UNREACHABLE_CODE = YES;
				CLANG_WARN__DUPLICATE_METHOD_MATCH = YES;
				COPY_PHASE_STRIP = NO;
				DEBUG_INFORMATION_FORMAT = "dwarf-with-dsym";
				ENABLE_NS_ASSERTIONS = NO;
				ENABLE_STRICT_OBJC_MSGSEND = YES;
				GCC_C_LANGUAGE_STANDARD = gnu11;
				GCC_NO_COMMON_BLOCKS = YES;
				GCC_WARN_64_TO_32_BIT_CONVERSION = YES;
				GCC_WARN_ABOUT_RETURN_TYPE = YES_ERROR;
				GCC_WARN_UNDECLARED_SELECTOR = YES;
				GCC_WARN_UNINITIALIZED_AUTOS = YES_AGGRESSIVE;
				GCC_WARN_UNUSED_FUNCTION = YES;
				GCC_WARN_UNUSED_VARIABLE = YES;
				IPHONEOS_DEPLOYMENT_TARGET = 15.5;
				MTL_ENABLE_DEBUG_INFO = NO;
				MTL_FAST_MATH = YES;
				SDKROOT = iphoneos;
				SWIFT_COMPILATION_MODE = wholemodule;
				SWIFT_OPTIMIZATION_LEVEL = "-O";
				VALIDATE_PRODUCT = YES;
			};
			name = Release;
		};
		4DB042962863869500F484B0 /* Debug */ = {
			isa = XCBuildConfiguration;
			buildSettings = {
				ASSETCATALOG_COMPILER_APPICON_NAME = AppIcon;
				ASSETCATALOG_COMPILER_GLOBAL_ACCENT_COLOR_NAME = AccentColor;
				CODE_SIGN_STYLE = Automatic;
				CURRENT_PROJECT_VERSION = 1;
				DEVELOPMENT_ASSET_PATHS = "\"RandomNumberChoose/Preview Content\"";
				ENABLE_PREVIEWS = YES;
				GENERATE_INFOPLIST_FILE = YES;
				INFOPLIST_KEY_UIApplicationSceneManifest_Generation = YES;
				INFOPLIST_KEY_UIApplicationSupportsIndirectInputEvents = YES;
				INFOPLIST_KEY_UILaunchScreen_Generation = YES;
				INFOPLIST_KEY_UISupportedInterfaceOrientations_iPad = "UIInterfaceOrientationPortrait UIInterfaceOrientationPortraitUpsideDown UIInterfaceOrientationLandscapeLeft UIInterfaceOrientationLandscapeRight";
				INFOPLIST_KEY_UISupportedInterfaceOrientations_iPhone = "UIInterfaceOrientationPortrait UIInterfaceOrientationLandscapeLeft UIInterfaceOrientationLandscapeRight";
				LD_RUNPATH_SEARCH_PATHS = (
					"$(inherited)",
					"@executable_path/Frameworks",
				);
				MARKETING_VERSION = 1.0;
				PRODUCT_BUNDLE_IDENTIFIER = the.codeholic.RandomNumberChoose;
				PRODUCT_NAME = "$(TARGET_NAME)";
				SWIFT_EMIT_LOC_STRINGS = YES;
				SWIFT_VERSION = 5.0;
				TARGETED_DEVICE_FAMILY = "1,2";
			};
			name = Debug;
		};
		4DB042972863869500F484B0 /* Release */ = {
			isa = XCBuildConfiguration;
			buildSettings = {
				ASSETCATALOG_COMPILER_APPICON_NAME = AppIcon;
				ASSETCATALOG_COMPILER_GLOBAL_ACCENT_COLOR_NAME = AccentColor;
				CODE_SIGN_STYLE = Automatic;
				CURRENT_PROJECT_VERSION = 1;
				DEVELOPMENT_ASSET_PATHS = "\"RandomNumberChoose/Preview Content\"";
				ENABLE_PREVIEWS = YES;
				GENERATE_INFOPLIST_FILE = YES;
				INFOPLIST_KEY_UIApplicationSceneManifest_Generation = YES;
				INFOPLIST_KEY_UIApplicationSupportsIndirectInputEvents = YES;
				INFOPLIST_KEY_UILaunchScreen_Generation = YES;
				INFOPLIST_KEY_UISupportedInterfaceOrientations_iPad = "UIInterfaceOrientationPortrait UIInterfaceOrientationPortraitUpsideDown UIInterfaceOrientationLandscapeLeft UIInterfaceOrientationLandscapeRight";
				INFOPLIST_KEY_UISupportedInterfaceOrientations_iPhone = "UIInterfaceOrientationPortrait UIInterfaceOrientationLandscapeLeft UIInterfaceOrientationLandscapeRight";
				LD_RUNPATH_SEARCH_PATHS = (
					"$(inherited)",
					"@executable_path/Frameworks",
				);
				MARKETING_VERSION = 1.0;
				PRODUCT_BUNDLE_IDENTIFIER = the.codeholic.RandomNumberChoose;
				PRODUCT_NAME = "$(TARGET_NAME)";
				SWIFT_EMIT_LOC_STRINGS = YES;
				SWIFT_VERSION = 5.0;
				TARGETED_DEVICE_FAMILY = "1,2";
			};
			name = Release;
		};
		4DB042992863869500F484B0 /* Debug */ = {
			isa = XCBuildConfiguration;
			buildSettings = {
				ALWAYS_EMBED_SWIFT_STANDARD_LIBRARIES = YES;
				BUNDLE_LOADER = "$(TEST_HOST)";
				CODE_SIGN_STYLE = Automatic;
				CURRENT_PROJECT_VERSION = 1;
				GENERATE_INFOPLIST_FILE = YES;
				IPHONEOS_DEPLOYMENT_TARGET = 15.5;
				MARKETING_VERSION = 1.0;
				PRODUCT_BUNDLE_IDENTIFIER = the.codeholic.RandomNumberChooseTests;
				PRODUCT_NAME = "$(TARGET_NAME)";
				SWIFT_EMIT_LOC_STRINGS = NO;
				SWIFT_VERSION = 5.0;
				TARGETED_DEVICE_FAMILY = "1,2";
				TEST_HOST = "$(BUILT_PRODUCTS_DIR)/RandomNumberChoose.app/RandomNumberChoose";
			};
			name = Debug;
		};
		4DB0429A2863869500F484B0 /* Release */ = {
			isa = XCBuildConfiguration;
			buildSettings = {
				ALWAYS_EMBED_SWIFT_STANDARD_LIBRARIES = YES;
				BUNDLE_LOADER = "$(TEST_HOST)";
				CODE_SIGN_STYLE = Automatic;
				CURRENT_PROJECT_VERSION = 1;
				GENERATE_INFOPLIST_FILE = YES;
				IPHONEOS_DEPLOYMENT_TARGET = 15.5;
				MARKETING_VERSION = 1.0;
				PRODUCT_BUNDLE_IDENTIFIER = the.codeholic.RandomNumberChooseTests;
				PRODUCT_NAME = "$(TARGET_NAME)";
				SWIFT_EMIT_LOC_STRINGS = NO;
				SWIFT_VERSION = 5.0;
				TARGETED_DEVICE_FAMILY = "1,2";
				TEST_HOST = "$(BUILT_PRODUCTS_DIR)/RandomNumberChoose.app/RandomNumberChoose";
			};
			name = Release;
		};
		4DB0429C2863869500F484B0 /* Debug */ = {
			isa = XCBuildConfiguration;
			buildSettings = {
				ALWAYS_EMBED_SWIFT_STANDARD_LIBRARIES = YES;
				CODE_SIGN_STYLE = Automatic;
				CURRENT_PROJECT_VERSION = 1;
				GENERATE_INFOPLIST_FILE = YES;
				MARKETING_VERSION = 1.0;
				PRODUCT_BUNDLE_IDENTIFIER = the.codeholic.RandomNumberChooseUITests;
				PRODUCT_NAME = "$(TARGET_NAME)";
				SWIFT_EMIT_LOC_STRINGS = NO;
				SWIFT_VERSION = 5.0;
				TARGETED_DEVICE_FAMILY = "1,2";
				TEST_TARGET_NAME = RandomNumberChoose;
			};
			name = Debug;
		};
		4DB0429D2863869500F484B0 /* Release */ = {
			isa = XCBuildConfiguration;
			buildSettings = {
				ALWAYS_EMBED_SWIFT_STANDARD_LIBRARIES = YES;
				CODE_SIGN_STYLE = Automatic;
				CURRENT_PROJECT_VERSION = 1;
				GENERATE_INFOPLIST_FILE = YES;
				MARKETING_VERSION = 1.0;
				PRODUCT_BUNDLE_IDENTIFIER = the.codeholic.RandomNumberChooseUITests;
				PRODUCT_NAME = "$(TARGET_NAME)";
				SWIFT_EMIT_LOC_STRINGS = NO;
				SWIFT_VERSION = 5.0;
				TARGETED_DEVICE_FAMILY = "1,2";
				TEST_TARGET_NAME = RandomNumberChoose;
			};
			name = Release;
		};
/* End XCBuildConfiguration section */

/* Begin XCConfigurationList section */
		4DB0426C2863869300F484B0 /* Build configuration list for PBXProject "RandomNumberChoose" */ = {
			isa = XCConfigurationList;
			buildConfigurations = (
				4DB042932863869500F484B0 /* Debug */,
				4DB042942863869500F484B0 /* Release */,
			);
			defaultConfigurationIsVisible = 0;
			defaultConfigurationName = Release;
		};
		4DB042952863869500F484B0 /* Build configuration list for PBXNativeTarget "RandomNumberChoose" */ = {
			isa = XCConfigurationList;
			buildConfigurations = (
				4DB042962863869500F484B0 /* Debug */,
				4DB042972863869500F484B0 /* Release */,
			);
			defaultConfigurationIsVisible = 0;
			defaultConfigurationName = Release;
		};
		4DB042982863869500F484B0 /* Build configuration list for PBXNativeTarget "RandomNumberChooseTests" */ = {
			isa = XCConfigurationList;
			buildConfigurations = (
				4DB042992863869500F484B0 /* Debug */,
				4DB0429A2863869500F484B0 /* Release */,
			);
			defaultConfigurationIsVisible = 0;
			defaultConfigurationName = Release;
		};
		4DB0429B2863869500F484B0 /* Build configuration list for PBXNativeTarget "RandomNumberChooseUITests" */ = {
			isa = XCConfigurationList;
			buildConfigurations = (
				4DB0429C2863869500F484B0 /* Debug */,
				4DB0429D2863869500F484B0 /* Release */,
			);
			defaultConfigurationIsVisible = 0;
			defaultConfigurationName = Release;
		};
/* End XCConfigurationList section */
	};
	rootObject = 4DB042692863869300F484B0 /* Project object */;
}
