// !$*UTF8*$!
{
	archiveVersion = 1;
	classes = {
	};
	objectVersion = 56;
	objects = {

/* Begin PBXBuildFile section */
		4D7E6C39295476E100050F6B /* AppDelegate.swift in Sources */ = {isa = PBXBuildFile; fileRef = 4D7E6C38295476E100050F6B /* AppDelegate.swift */; };
		4D7E6C3B295476E100050F6B /* SceneDelegate.swift in Sources */ = {isa = PBXBuildFile; fileRef = 4D7E6C3A295476E100050F6B /* SceneDelegate.swift */; };
		4D7E6C3D295476E100050F6B /* ViewController.swift in Sources */ = {isa = PBXBuildFile; fileRef = 4D7E6C3C295476E100050F6B /* ViewController.swift */; };
		4D7E6C40295476E100050F6B /* Main.storyboard in Resources */ = {isa = PBXBuildFile; fileRef = 4D7E6C3E295476E100050F6B /* Main.storyboard */; };
		4D7E6C42295476E300050F6B /* Assets.xcassets in Resources */ = {isa = PBXBuildFile; fileRef = 4D7E6C41295476E300050F6B /* Assets.xcassets */; };
		4D7E6C45295476E300050F6B /* LaunchScreen.storyboard in Resources */ = {isa = PBXBuildFile; fileRef = 4D7E6C43295476E300050F6B /* LaunchScreen.storyboard */; };
		4D7E6C50295476E300050F6B /* weather_ioTests.swift in Sources */ = {isa = PBXBuildFile; fileRef = 4D7E6C4F295476E300050F6B /* weather_ioTests.swift */; };
		4D7E6C5A295476E300050F6B /* weather_ioUITests.swift in Sources */ = {isa = PBXBuildFile; fileRef = 4D7E6C59295476E300050F6B /* weather_ioUITests.swift */; };
		4D7E6C5C295476E300050F6B /* weather_ioUITestsLaunchTests.swift in Sources */ = {isa = PBXBuildFile; fileRef = 4D7E6C5B295476E300050F6B /* weather_ioUITestsLaunchTests.swift */; };
/* End PBXBuildFile section */

/* Begin PBXContainerItemProxy section */
		4D7E6C4C295476E300050F6B /* PBXContainerItemProxy */ = {
			isa = PBXContainerItemProxy;
			containerPortal = 4D7E6C2D295476E100050F6B /* Project object */;
			proxyType = 1;
			remoteGlobalIDString = 4D7E6C34295476E100050F6B;
			remoteInfo = weather.io;
		};
		4D7E6C56295476E300050F6B /* PBXContainerItemProxy */ = {
			isa = PBXContainerItemProxy;
			containerPortal = 4D7E6C2D295476E100050F6B /* Project object */;
			proxyType = 1;
			remoteGlobalIDString = 4D7E6C34295476E100050F6B;
			remoteInfo = weather.io;
		};
/* End PBXContainerItemProxy section */

/* Begin PBXFileReference section */
		4D7E6C35295476E100050F6B /* weather.io.app */ = {isa = PBXFileReference; explicitFileType = wrapper.application; includeInIndex = 0; path = weather.io.app; sourceTree = BUILT_PRODUCTS_DIR; };
		4D7E6C38295476E100050F6B /* AppDelegate.swift */ = {isa = PBXFileReference; lastKnownFileType = sourcecode.swift; path = AppDelegate.swift; sourceTree = "<group>"; };
		4D7E6C3A295476E100050F6B /* SceneDelegate.swift */ = {isa = PBXFileReference; lastKnownFileType = sourcecode.swift; path = SceneDelegate.swift; sourceTree = "<group>"; };
		4D7E6C3C295476E100050F6B /* ViewController.swift */ = {isa = PBXFileReference; lastKnownFileType = sourcecode.swift; path = ViewController.swift; sourceTree = "<group>"; };
		4D7E6C3F295476E100050F6B /* Base */ = {isa = PBXFileReference; lastKnownFileType = file.storyboard; name = Base; path = Base.lproj/Main.storyboard; sourceTree = "<group>"; };
		4D7E6C41295476E300050F6B /* Assets.xcassets */ = {isa = PBXFileReference; lastKnownFileType = folder.assetcatalog; path = Assets.xcassets; sourceTree = "<group>"; };
		4D7E6C44295476E300050F6B /* Base */ = {isa = PBXFileReference; lastKnownFileType = file.storyboard; name = Base; path = Base.lproj/LaunchScreen.storyboard; sourceTree = "<group>"; };
		4D7E6C46295476E300050F6B /* Info.plist */ = {isa = PBXFileReference; lastKnownFileType = text.plist.xml; path = Info.plist; sourceTree = "<group>"; };
		4D7E6C4B295476E300050F6B /* weather.ioTests.xctest */ = {isa = PBXFileReference; explicitFileType = wrapper.cfbundle; includeInIndex = 0; path = weather.ioTests.xctest; sourceTree = BUILT_PRODUCTS_DIR; };
		4D7E6C4F295476E300050F6B /* weather_ioTests.swift */ = {isa = PBXFileReference; lastKnownFileType = sourcecode.swift; path = weather_ioTests.swift; sourceTree = "<group>"; };
		4D7E6C55295476E300050F6B /* weather.ioUITests.xctest */ = {isa = PBXFileReference; explicitFileType = wrapper.cfbundle; includeInIndex = 0; path = weather.ioUITests.xctest; sourceTree = BUILT_PRODUCTS_DIR; };
		4D7E6C59295476E300050F6B /* weather_ioUITests.swift */ = {isa = PBXFileReference; lastKnownFileType = sourcecode.swift; path = weather_ioUITests.swift; sourceTree = "<group>"; };
		4D7E6C5B295476E300050F6B /* weather_ioUITestsLaunchTests.swift */ = {isa = PBXFileReference; lastKnownFileType = sourcecode.swift; path = weather_ioUITestsLaunchTests.swift; sourceTree = "<group>"; };
/* End PBXFileReference section */

/* Begin PBXFrameworksBuildPhase section */
		4D7E6C32295476E100050F6B /* Frameworks */ = {
			isa = PBXFrameworksBuildPhase;
			buildActionMask = 2147483647;
			files = (
			);
			runOnlyForDeploymentPostprocessing = 0;
		};
		4D7E6C48295476E300050F6B /* Frameworks */ = {
			isa = PBXFrameworksBuildPhase;
			buildActionMask = 2147483647;
			files = (
			);
			runOnlyForDeploymentPostprocessing = 0;
		};
		4D7E6C52295476E300050F6B /* Frameworks */ = {
			isa = PBXFrameworksBuildPhase;
			buildActionMask = 2147483647;
			files = (
			);
			runOnlyForDeploymentPostprocessing = 0;
		};
/* End PBXFrameworksBuildPhase section */

/* Begin PBXGroup section */
		4D7E6C2C295476E100050F6B = {
			isa = PBXGroup;
			children = (
				4D7E6C37295476E100050F6B /* weather.io */,
				4D7E6C4E295476E300050F6B /* weather.ioTests */,
				4D7E6C58295476E300050F6B /* weather.ioUITests */,
				4D7E6C36295476E100050F6B /* Products */,
			);
			sourceTree = "<group>";
		};
		4D7E6C36295476E100050F6B /* Products */ = {
			isa = PBXGroup;
			children = (
				4D7E6C35295476E100050F6B /* weather.io.app */,
				4D7E6C4B295476E300050F6B /* weather.ioTests.xctest */,
				4D7E6C55295476E300050F6B /* weather.ioUITests.xctest */,
			);
			name = Products;
			sourceTree = "<group>";
		};
		4D7E6C37295476E100050F6B /* weather.io */ = {
			isa = PBXGroup;
			children = (
				4D7E6C38295476E100050F6B /* AppDelegate.swift */,
				4D7E6C3A295476E100050F6B /* SceneDelegate.swift */,
				4D7E6C3C295476E100050F6B /* ViewController.swift */,
				4D7E6C3E295476E100050F6B /* Main.storyboard */,
				4D7E6C41295476E300050F6B /* Assets.xcassets */,
				4D7E6C43295476E300050F6B /* LaunchScreen.storyboard */,
				4D7E6C46295476E300050F6B /* Info.plist */,
			);
			path = weather.io;
			sourceTree = "<group>";
		};
		4D7E6C4E295476E300050F6B /* weather.ioTests */ = {
			isa = PBXGroup;
			children = (
				4D7E6C4F295476E300050F6B /* weather_ioTests.swift */,
			);
			path = weather.ioTests;
			sourceTree = "<group>";
		};
		4D7E6C58295476E300050F6B /* weather.ioUITests */ = {
			isa = PBXGroup;
			children = (
				4D7E6C59295476E300050F6B /* weather_ioUITests.swift */,
				4D7E6C5B295476E300050F6B /* weather_ioUITestsLaunchTests.swift */,
			);
			path = weather.ioUITests;
			sourceTree = "<group>";
		};
/* End PBXGroup section */

/* Begin PBXNativeTarget section */
		4D7E6C34295476E100050F6B /* weather.io */ = {
			isa = PBXNativeTarget;
			buildConfigurationList = 4D7E6C5F295476E300050F6B /* Build configuration list for PBXNativeTarget "weather.io" */;
			buildPhases = (
				4D7E6C31295476E100050F6B /* Sources */,
				4D7E6C32295476E100050F6B /* Frameworks */,
				4D7E6C33295476E100050F6B /* Resources */,
			);
			buildRules = (
			);
			dependencies = (
			);
			name = weather.io;
			productName = weather.io;
			productReference = 4D7E6C35295476E100050F6B /* weather.io.app */;
			productType = "com.apple.product-type.application";
		};
		4D7E6C4A295476E300050F6B /* weather.ioTests */ = {
			isa = PBXNativeTarget;
			buildConfigurationList = 4D7E6C62295476E300050F6B /* Build configuration list for PBXNativeTarget "weather.ioTests" */;
			buildPhases = (
				4D7E6C47295476E300050F6B /* Sources */,
				4D7E6C48295476E300050F6B /* Frameworks */,
				4D7E6C49295476E300050F6B /* Resources */,
			);
			buildRules = (
			);
			dependencies = (
				4D7E6C4D295476E300050F6B /* PBXTargetDependency */,
			);
			name = weather.ioTests;
			productName = weather.ioTests;
			productReference = 4D7E6C4B295476E300050F6B /* weather.ioTests.xctest */;
			productType = "com.apple.product-type.bundle.unit-test";
		};
		4D7E6C54295476E300050F6B /* weather.ioUITests */ = {
			isa = PBXNativeTarget;
			buildConfigurationList = 4D7E6C65295476E300050F6B /* Build configuration list for PBXNativeTarget "weather.ioUITests" */;
			buildPhases = (
				4D7E6C51295476E300050F6B /* Sources */,
				4D7E6C52295476E300050F6B /* Frameworks */,
				4D7E6C53295476E300050F6B /* Resources */,
			);
			buildRules = (
			);
			dependencies = (
				4D7E6C57295476E300050F6B /* PBXTargetDependency */,
			);
			name = weather.ioUITests;
			productName = weather.ioUITests;
			productReference = 4D7E6C55295476E300050F6B /* weather.ioUITests.xctest */;
			productType = "com.apple.product-type.bundle.ui-testing";
		};
/* End PBXNativeTarget section */

/* Begin PBXProject section */
		4D7E6C2D295476E100050F6B /* Project object */ = {
			isa = PBXProject;
			attributes = {
				BuildIndependentTargetsInParallel = 1;
				LastSwiftUpdateCheck = 1420;
				LastUpgradeCheck = 1420;
				TargetAttributes = {
					4D7E6C34295476E100050F6B = {
						CreatedOnToolsVersion = 14.2;
					};
					4D7E6C4A295476E300050F6B = {
						CreatedOnToolsVersion = 14.2;
						TestTargetID = 4D7E6C34295476E100050F6B;
					};
					4D7E6C54295476E300050F6B = {
						CreatedOnToolsVersion = 14.2;
						TestTargetID = 4D7E6C34295476E100050F6B;
					};
				};
			};
			buildConfigurationList = 4D7E6C30295476E100050F6B /* Build configuration list for PBXProject "weather.io" */;
			compatibilityVersion = "Xcode 14.0";
			developmentRegion = en;
			hasScannedForEncodings = 0;
			knownRegions = (
				en,
				Base,
			);
			mainGroup = 4D7E6C2C295476E100050F6B;
			productRefGroup = 4D7E6C36295476E100050F6B /* Products */;
			projectDirPath = "";
			projectRoot = "";
			targets = (
				4D7E6C34295476E100050F6B /* weather.io */,
				4D7E6C4A295476E300050F6B /* weather.ioTests */,
				4D7E6C54295476E300050F6B /* weather.ioUITests */,
			);
		};
/* End PBXProject section */

/* Begin PBXResourcesBuildPhase section */
		4D7E6C33295476E100050F6B /* Resources */ = {
			isa = PBXResourcesBuildPhase;
			buildActionMask = 2147483647;
			files = (
				4D7E6C45295476E300050F6B /* LaunchScreen.storyboard in Resources */,
				4D7E6C42295476E300050F6B /* Assets.xcassets in Resources */,
				4D7E6C40295476E100050F6B /* Main.storyboard in Resources */,
			);
			runOnlyForDeploymentPostprocessing = 0;
		};
		4D7E6C49295476E300050F6B /* Resources */ = {
			isa = PBXResourcesBuildPhase;
			buildActionMask = 2147483647;
			files = (
			);
			runOnlyForDeploymentPostprocessing = 0;
		};
		4D7E6C53295476E300050F6B /* Resources */ = {
			isa = PBXResourcesBuildPhase;
			buildActionMask = 2147483647;
			files = (
			);
			runOnlyForDeploymentPostprocessing = 0;
		};
/* End PBXResourcesBuildPhase section */

/* Begin PBXSourcesBuildPhase section */
		4D7E6C31295476E100050F6B /* Sources */ = {
			isa = PBXSourcesBuildPhase;
			buildActionMask = 2147483647;
			files = (
				4D7E6C3D295476E100050F6B /* ViewController.swift in Sources */,
				4D7E6C39295476E100050F6B /* AppDelegate.swift in Sources */,
				4D7E6C3B295476E100050F6B /* SceneDelegate.swift in Sources */,
			);
			runOnlyForDeploymentPostprocessing = 0;
		};
		4D7E6C47295476E300050F6B /* Sources */ = {
			isa = PBXSourcesBuildPhase;
			buildActionMask = 2147483647;
			files = (
				4D7E6C50295476E300050F6B /* weather_ioTests.swift in Sources */,
			);
			runOnlyForDeploymentPostprocessing = 0;
		};
		4D7E6C51295476E300050F6B /* Sources */ = {
			isa = PBXSourcesBuildPhase;
			buildActionMask = 2147483647;
			files = (
				4D7E6C5A295476E300050F6B /* weather_ioUITests.swift in Sources */,
				4D7E6C5C295476E300050F6B /* weather_ioUITestsLaunchTests.swift in Sources */,
			);
			runOnlyForDeploymentPostprocessing = 0;
		};
/* End PBXSourcesBuildPhase section */

/* Begin PBXTargetDependency section */
		4D7E6C4D295476E300050F6B /* PBXTargetDependency */ = {
			isa = PBXTargetDependency;
			target = 4D7E6C34295476E100050F6B /* weather.io */;
			targetProxy = 4D7E6C4C295476E300050F6B /* PBXContainerItemProxy */;
		};
		4D7E6C57295476E300050F6B /* PBXTargetDependency */ = {
			isa = PBXTargetDependency;
			target = 4D7E6C34295476E100050F6B /* weather.io */;
			targetProxy = 4D7E6C56295476E300050F6B /* PBXContainerItemProxy */;
		};
/* End PBXTargetDependency section */

/* Begin PBXVariantGroup section */
		4D7E6C3E295476E100050F6B /* Main.storyboard */ = {
			isa = PBXVariantGroup;
			children = (
				4D7E6C3F295476E100050F6B /* Base */,
			);
			name = Main.storyboard;
			sourceTree = "<group>";
		};
		4D7E6C43295476E300050F6B /* LaunchScreen.storyboard */ = {
			isa = PBXVariantGroup;
			children = (
				4D7E6C44295476E300050F6B /* Base */,
			);
			name = LaunchScreen.storyboard;
			sourceTree = "<group>";
		};
/* End PBXVariantGroup section */

/* Begin XCBuildConfiguration section */
		4D7E6C5D295476E300050F6B /* Debug */ = {
			isa = XCBuildConfiguration;
			buildSettings = {
				ALWAYS_SEARCH_USER_PATHS = NO;
				CLANG_ANALYZER_NONNULL = YES;
				CLANG_ANALYZER_NUMBER_OBJECT_CONVERSION = YES_AGGRESSIVE;
				CLANG_CXX_LANGUAGE_STANDARD = "gnu++20";
				CLANG_ENABLE_MODULES = YES;
				CLANG_ENABLE_OBJC_ARC = YES;
				CLANG_ENABLE_OBJC_WEAK = YES;
				CLANG_WARN_BLOCK_CAPTURE_AUTORELEASING = YES;
				CLANG_WARN_BOOL_CONVERSION = YES;
				CLANG_WARN_COMMA = YES;
				CLANG_WARN_CONSTANT_CONVERSION = YES;
				CLANG_WARN_DEPRECATED_OBJC_IMPLEMENTATIONS = YES;
				CLANG_WARN_DIRECT_OBJC_ISA_USAGE = YES_ERROR;
				CLANG_WARN_DOCUMENTATION_COMMENTS = YES;
				CLANG_WARN_EMPTY_BODY = YES;
				CLANG_WARN_ENUM_CONVERSION = YES;
				CLANG_WARN_INFINITE_RECURSION = YES;
				CLANG_WARN_INT_CONVERSION = YES;
				CLANG_WARN_NON_LITERAL_NULL_CONVERSION = YES;
				CLANG_WARN_OBJC_IMPLICIT_RETAIN_SELF = YES;
				CLANG_WARN_OBJC_LITERAL_CONVERSION = YES;
				CLANG_WARN_OBJC_ROOT_CLASS = YES_ERROR;
				CLANG_WARN_QUOTED_INCLUDE_IN_FRAMEWORK_HEADER = YES;
				CLANG_WARN_RANGE_LOOP_ANALYSIS = YES;
				CLANG_WARN_STRICT_PROTOTYPES = YES;
				CLANG_WARN_SUSPICIOUS_MOVE = YES;
				CLANG_WARN_UNGUARDED_AVAILABILITY = YES_AGGRESSIVE;
				CLANG_WARN_UNREACHABLE_CODE = YES;
				CLANG_WARN__DUPLICATE_METHOD_MATCH = YES;
				COPY_PHASE_STRIP = NO;
				DEBUG_INFORMATION_FORMAT = dwarf;
				ENABLE_STRICT_OBJC_MSGSEND = YES;
				ENABLE_TESTABILITY = YES;
				GCC_C_LANGUAGE_STANDARD = gnu11;
				GCC_DYNAMIC_NO_PIC = NO;
				GCC_NO_COMMON_BLOCKS = YES;
				GCC_OPTIMIZATION_LEVEL = 0;
				GCC_PREPROCESSOR_DEFINITIONS = (
					"DEBUG=1",
					"$(inherited)",
				);
				GCC_WARN_64_TO_32_BIT_CONVERSION = YES;
				GCC_WARN_ABOUT_RETURN_TYPE = YES_ERROR;
				GCC_WARN_UNDECLARED_SELECTOR = YES;
				GCC_WARN_UNINITIALIZED_AUTOS = YES_AGGRESSIVE;
				GCC_WARN_UNUSED_FUNCTION = YES;
				GCC_WARN_UNUSED_VARIABLE = YES;
				IPHONEOS_DEPLOYMENT_TARGET = 16.2;
				MTL_ENABLE_DEBUG_INFO = INCLUDE_SOURCE;
				MTL_FAST_MATH = YES;
				ONLY_ACTIVE_ARCH = YES;
				SDKROOT = iphoneos;
				SWIFT_ACTIVE_COMPILATION_CONDITIONS = DEBUG;
				SWIFT_OPTIMIZATION_LEVEL = "-Onone";
			};
			name = Debug;
		};
		4D7E6C5E295476E300050F6B /* Release */ = {
			isa = XCBuildConfiguration;
			buildSettings = {
				ALWAYS_SEARCH_USER_PATHS = NO;
				CLANG_ANALYZER_NONNULL = YES;
				CLANG_ANALYZER_NUMBER_OBJECT_CONVERSION = YES_AGGRESSIVE;
				CLANG_CXX_LANGUAGE_STANDARD = "gnu++20";
				CLANG_ENABLE_MODULES = YES;
				CLANG_ENABLE_OBJC_ARC = YES;
				CLANG_ENABLE_OBJC_WEAK = YES;
				CLANG_WARN_BLOCK_CAPTURE_AUTORELEASING = YES;
				CLANG_WARN_BOOL_CONVERSION = YES;
				CLANG_WARN_COMMA = YES;
				CLANG_WARN_CONSTANT_CONVERSION = YES;
				CLANG_WARN_DEPRECATED_OBJC_IMPLEMENTATIONS = YES;
				CLANG_WARN_DIRECT_OBJC_ISA_USAGE = YES_ERROR;
				CLANG_WARN_DOCUMENTATION_COMMENTS = YES;
				CLANG_WARN_EMPTY_BODY = YES;
				CLANG_WARN_ENUM_CONVERSION = YES;
				CLANG_WARN_INFINITE_RECURSION = YES;
				CLANG_WARN_INT_CONVERSION = YES;
				CLANG_WARN_NON_LITERAL_NULL_CONVERSION = YES;
				CLANG_WARN_OBJC_IMPLICIT_RETAIN_SELF = YES;
				CLANG_WARN_OBJC_LITERAL_CONVERSION = YES;
				CLANG_WARN_OBJC_ROOT_CLASS = YES_ERROR;
				CLANG_WARN_QUOTED_INCLUDE_IN_FRAMEWORK_HEADER = YES;
				CLANG_WARN_RANGE_LOOP_ANALYSIS = YES;
				CLANG_WARN_STRICT_PROTOTYPES = YES;
				CLANG_WARN_SUSPICIOUS_MOVE = YES;
				CLANG_WARN_UNGUARDED_AVAILABILITY = YES_AGGRESSIVE;
				CLANG_WARN_UNREACHABLE_CODE = YES;
				CLANG_WARN__DUPLICATE_METHOD_MATCH = YES;
				COPY_PHASE_STRIP = NO;
				DEBUG_INFORMATION_FORMAT = "dwarf-with-dsym";
				ENABLE_NS_ASSERTIONS = NO;
				ENABLE_STRICT_OBJC_MSGSEND = YES;
				GCC_C_LANGUAGE_STANDARD = gnu11;
				GCC_NO_COMMON_BLOCKS = YES;
				GCC_WARN_64_TO_32_BIT_CONVERSION = YES;
				GCC_WARN_ABOUT_RETURN_TYPE = YES_ERROR;
				GCC_WARN_UNDECLARED_SELECTOR = YES;
				GCC_WARN_UNINITIALIZED_AUTOS = YES_AGGRESSIVE;
				GCC_WARN_UNUSED_FUNCTION = YES;
				GCC_WARN_UNUSED_VARIABLE = YES;
				IPHONEOS_DEPLOYMENT_TARGET = 16.2;
				MTL_ENABLE_DEBUG_INFO = NO;
				MTL_FAST_MATH = YES;
				SDKROOT = iphoneos;
				SWIFT_COMPILATION_MODE = wholemodule;
				SWIFT_OPTIMIZATION_LEVEL = "-O";
				VALIDATE_PRODUCT = YES;
			};
			name = Release;
		};
		4D7E6C60295476E300050F6B /* Debug */ = {
			isa = XCBuildConfiguration;
			buildSettings = {
				ASSETCATALOG_COMPILER_APPICON_NAME = AppIcon;
				ASSETCATALOG_COMPILER_GLOBAL_ACCENT_COLOR_NAME = AccentColor;
				CODE_SIGN_STYLE = Automatic;
				CURRENT_PROJECT_VERSION = 1;
				DEVELOPMENT_TEAM = 853K3F2A4U;
				GENERATE_INFOPLIST_FILE = YES;
				INFOPLIST_FILE = weather.io/Info.plist;
				INFOPLIST_KEY_UIApplicationSupportsIndirectInputEvents = YES;
				INFOPLIST_KEY_UILaunchStoryboardName = LaunchScreen;
				INFOPLIST_KEY_UIMainStoryboardFile = Main;
				INFOPLIST_KEY_UISupportedInterfaceOrientations_iPad = "UIInterfaceOrientationPortrait UIInterfaceOrientationPortraitUpsideDown UIInterfaceOrientationLandscapeLeft UIInterfaceOrientationLandscapeRight";
				INFOPLIST_KEY_UISupportedInterfaceOrientations_iPhone = "UIInterfaceOrientationPortrait UIInterfaceOrientationLandscapeLeft UIInterfaceOrientationLandscapeRight";
				LD_RUNPATH_SEARCH_PATHS = (
					"$(inherited)",
					"@executable_path/Frameworks",
				);
				MARKETING_VERSION = 1.0;
				PRODUCT_BUNDLE_IDENTIFIER = "the.codeholic.weather-io";
				PRODUCT_NAME = "$(TARGET_NAME)";
				SWIFT_EMIT_LOC_STRINGS = YES;
				SWIFT_VERSION = 5.0;
				TARGETED_DEVICE_FAMILY = "1,2";
			};
			name = Debug;
		};
		4D7E6C61295476E300050F6B /* Release */ = {
			isa = XCBuildConfiguration;
			buildSettings = {
				ASSETCATALOG_COMPILER_APPICON_NAME = AppIcon;
				ASSETCATALOG_COMPILER_GLOBAL_ACCENT_COLOR_NAME = AccentColor;
				CODE_SIGN_STYLE = Automatic;
				CURRENT_PROJECT_VERSION = 1;
				DEVELOPMENT_TEAM = 853K3F2A4U;
				GENERATE_INFOPLIST_FILE = YES;
				INFOPLIST_FILE = weather.io/Info.plist;
				INFOPLIST_KEY_UIApplicationSupportsIndirectInputEvents = YES;
				INFOPLIST_KEY_UILaunchStoryboardName = LaunchScreen;
				INFOPLIST_KEY_UIMainStoryboardFile = Main;
				INFOPLIST_KEY_UISupportedInterfaceOrientations_iPad = "UIInterfaceOrientationPortrait UIInterfaceOrientationPortraitUpsideDown UIInterfaceOrientationLandscapeLeft UIInterfaceOrientationLandscapeRight";
				INFOPLIST_KEY_UISupportedInterfaceOrientations_iPhone = "UIInterfaceOrientationPortrait UIInterfaceOrientationLandscapeLeft UIInterfaceOrientationLandscapeRight";
				LD_RUNPATH_SEARCH_PATHS = (
					"$(inherited)",
					"@executable_path/Frameworks",
				);
				MARKETING_VERSION = 1.0;
				PRODUCT_BUNDLE_IDENTIFIER = "the.codeholic.weather-io";
				PRODUCT_NAME = "$(TARGET_NAME)";
				SWIFT_EMIT_LOC_STRINGS = YES;
				SWIFT_VERSION = 5.0;
				TARGETED_DEVICE_FAMILY = "1,2";
			};
			name = Release;
		};
		4D7E6C63295476E300050F6B /* Debug */ = {
			isa = XCBuildConfiguration;
			buildSettings = {
				ALWAYS_EMBED_SWIFT_STANDARD_LIBRARIES = YES;
				BUNDLE_LOADER = "$(TEST_HOST)";
				CODE_SIGN_STYLE = Automatic;
				CURRENT_PROJECT_VERSION = 1;
				DEVELOPMENT_TEAM = 853K3F2A4U;
				GENERATE_INFOPLIST_FILE = YES;
				IPHONEOS_DEPLOYMENT_TARGET = 16.2;
				MARKETING_VERSION = 1.0;
				PRODUCT_BUNDLE_IDENTIFIER = "the.codeholic.weather-ioTests";
				PRODUCT_NAME = "$(TARGET_NAME)";
				SWIFT_EMIT_LOC_STRINGS = NO;
				SWIFT_VERSION = 5.0;
				TARGETED_DEVICE_FAMILY = "1,2";
				TEST_HOST = "$(BUILT_PRODUCTS_DIR)/weather.io.app/$(BUNDLE_EXECUTABLE_FOLDER_PATH)/weather.io";
			};
			name = Debug;
		};
		4D7E6C64295476E300050F6B /* Release */ = {
			isa = XCBuildConfiguration;
			buildSettings = {
				ALWAYS_EMBED_SWIFT_STANDARD_LIBRARIES = YES;
				BUNDLE_LOADER = "$(TEST_HOST)";
				CODE_SIGN_STYLE = Automatic;
				CURRENT_PROJECT_VERSION = 1;
				DEVELOPMENT_TEAM = 853K3F2A4U;
				GENERATE_INFOPLIST_FILE = YES;
				IPHONEOS_DEPLOYMENT_TARGET = 16.2;
				MARKETING_VERSION = 1.0;
				PRODUCT_BUNDLE_IDENTIFIER = "the.codeholic.weather-ioTests";
				PRODUCT_NAME = "$(TARGET_NAME)";
				SWIFT_EMIT_LOC_STRINGS = NO;
				SWIFT_VERSION = 5.0;
				TARGETED_DEVICE_FAMILY = "1,2";
				TEST_HOST = "$(BUILT_PRODUCTS_DIR)/weather.io.app/$(BUNDLE_EXECUTABLE_FOLDER_PATH)/weather.io";
			};
			name = Release;
		};
		4D7E6C66295476E300050F6B /* Debug */ = {
			isa = XCBuildConfiguration;
			buildSettings = {
				ALWAYS_EMBED_SWIFT_STANDARD_LIBRARIES = YES;
				CODE_SIGN_STYLE = Automatic;
				CURRENT_PROJECT_VERSION = 1;
				DEVELOPMENT_TEAM = 853K3F2A4U;
				GENERATE_INFOPLIST_FILE = YES;
				MARKETING_VERSION = 1.0;
				PRODUCT_BUNDLE_IDENTIFIER = "the.codeholic.weather-ioUITests";
				PRODUCT_NAME = "$(TARGET_NAME)";
				SWIFT_EMIT_LOC_STRINGS = NO;
				SWIFT_VERSION = 5.0;
				TARGETED_DEVICE_FAMILY = "1,2";
				TEST_TARGET_NAME = weather.io;
			};
			name = Debug;
		};
		4D7E6C67295476E300050F6B /* Release */ = {
			isa = XCBuildConfiguration;
			buildSettings = {
				ALWAYS_EMBED_SWIFT_STANDARD_LIBRARIES = YES;
				CODE_SIGN_STYLE = Automatic;
				CURRENT_PROJECT_VERSION = 1;
				DEVELOPMENT_TEAM = 853K3F2A4U;
				GENERATE_INFOPLIST_FILE = YES;
				MARKETING_VERSION = 1.0;
				PRODUCT_BUNDLE_IDENTIFIER = "the.codeholic.weather-ioUITests";
				PRODUCT_NAME = "$(TARGET_NAME)";
				SWIFT_EMIT_LOC_STRINGS = NO;
				SWIFT_VERSION = 5.0;
				TARGETED_DEVICE_FAMILY = "1,2";
				TEST_TARGET_NAME = weather.io;
			};
			name = Release;
		};
/* End XCBuildConfiguration section */

/* Begin XCConfigurationList section */
		4D7E6C30295476E100050F6B /* Build configuration list for PBXProject "weather.io" */ = {
			isa = XCConfigurationList;
			buildConfigurations = (
				4D7E6C5D295476E300050F6B /* Debug */,
				4D7E6C5E295476E300050F6B /* Release */,
			);
			defaultConfigurationIsVisible = 0;
			defaultConfigurationName = Release;
		};
		4D7E6C5F295476E300050F6B /* Build configuration list for PBXNativeTarget "weather.io" */ = {
			isa = XCConfigurationList;
			buildConfigurations = (
				4D7E6C60295476E300050F6B /* Debug */,
				4D7E6C61295476E300050F6B /* Release */,
			);
			defaultConfigurationIsVisible = 0;
			defaultConfigurationName = Release;
		};
		4D7E6C62295476E300050F6B /* Build configuration list for PBXNativeTarget "weather.ioTests" */ = {
			isa = XCConfigurationList;
			buildConfigurations = (
				4D7E6C63295476E300050F6B /* Debug */,
				4D7E6C64295476E300050F6B /* Release */,
			);
			defaultConfigurationIsVisible = 0;
			defaultConfigurationName = Release;
		};
		4D7E6C65295476E300050F6B /* Build configuration list for PBXNativeTarget "weather.ioUITests" */ = {
			isa = XCConfigurationList;
			buildConfigurations = (
				4D7E6C66295476E300050F6B /* Debug */,
				4D7E6C67295476E300050F6B /* Release */,
			);
			defaultConfigurationIsVisible = 0;
			defaultConfigurationName = Release;
		};
/* End XCConfigurationList section */
	};
	rootObject = 4D7E6C2D295476E100050F6B /* Project object */;
}
