// !$*UTF8*$!
{
	archiveVersion = 1;
	classes = {
	};
	objectVersion = 55;
	objects = {

/* Begin PBXBuildFile section */
		4DB042362862F29900F484B0 /* AppDelegate.swift in Sources */ = {isa = PBXBuildFile; fileRef = 4DB042352862F29900F484B0 /* AppDelegate.swift */; };
		4DB042382862F29900F484B0 /* SceneDelegate.swift in Sources */ = {isa = PBXBuildFile; fileRef = 4DB042372862F29900F484B0 /* SceneDelegate.swift */; };
		4DB0423A2862F29900F484B0 /* ViewController.swift in Sources */ = {isa = PBXBuildFile; fileRef = 4DB042392862F29900F484B0 /* ViewController.swift */; };
		4DB0423D2862F29900F484B0 /* Main.storyboard in Resources */ = {isa = PBXBuildFile; fileRef = 4DB0423B2862F29900F484B0 /* Main.storyboard */; };
		4DB0423F2862F29C00F484B0 /* Assets.xcassets in Resources */ = {isa = PBXBuildFile; fileRef = 4DB0423E2862F29C00F484B0 /* Assets.xcassets */; };
		4DB042422862F29C00F484B0 /* LaunchScreen.storyboard in Resources */ = {isa = PBXBuildFile; fileRef = 4DB042402862F29C00F484B0 /* LaunchScreen.storyboard */; };
		4DB0424D2862F29C00F484B0 /* WeatherlyTests.swift in Sources */ = {isa = PBXBuildFile; fileRef = 4DB0424C2862F29C00F484B0 /* WeatherlyTests.swift */; };
		4DB042572862F29C00F484B0 /* WeatherlyUITests.swift in Sources */ = {isa = PBXBuildFile; fileRef = 4DB042562862F29C00F484B0 /* WeatherlyUITests.swift */; };
		4DB042592862F29C00F484B0 /* WeatherlyUITestsLaunchTests.swift in Sources */ = {isa = PBXBuildFile; fileRef = 4DB042582862F29C00F484B0 /* WeatherlyUITestsLaunchTests.swift */; };
		4DBE30EC2864450E0094EDA2 /* secrets.swift in Sources */ = {isa = PBXBuildFile; fileRef = 4DBE30EB2864450E0094EDA2 /* secrets.swift */; };
		4DBE30EF286446970094EDA2 /* WeatherModel.swift in Sources */ = {isa = PBXBuildFile; fileRef = 4DBE30EE286446970094EDA2 /* WeatherModel.swift */; };
/* End PBXBuildFile section */

/* Begin PBXContainerItemProxy section */
		4DB042492862F29C00F484B0 /* PBXContainerItemProxy */ = {
			isa = PBXContainerItemProxy;
			containerPortal = 4DB0422A2862F29900F484B0 /* Project object */;
			proxyType = 1;
			remoteGlobalIDString = 4DB042312862F29900F484B0;
			remoteInfo = Weatherly;
		};
		4DB042532862F29C00F484B0 /* PBXContainerItemProxy */ = {
			isa = PBXContainerItemProxy;
			containerPortal = 4DB0422A2862F29900F484B0 /* Project object */;
			proxyType = 1;
			remoteGlobalIDString = 4DB042312862F29900F484B0;
			remoteInfo = Weatherly;
		};
/* End PBXContainerItemProxy section */

/* Begin PBXFileReference section */
		4DB042322862F29900F484B0 /* Weatherly.app */ = {isa = PBXFileReference; explicitFileType = wrapper.application; includeInIndex = 0; path = Weatherly.app; sourceTree = BUILT_PRODUCTS_DIR; };
		4DB042352862F29900F484B0 /* AppDelegate.swift */ = {isa = PBXFileReference; lastKnownFileType = sourcecode.swift; path = AppDelegate.swift; sourceTree = "<group>"; };
		4DB042372862F29900F484B0 /* SceneDelegate.swift */ = {isa = PBXFileReference; lastKnownFileType = sourcecode.swift; path = SceneDelegate.swift; sourceTree = "<group>"; };
		4DB042392862F29900F484B0 /* ViewController.swift */ = {isa = PBXFileReference; lastKnownFileType = sourcecode.swift; path = ViewController.swift; sourceTree = "<group>"; };
		4DB0423C2862F29900F484B0 /* Base */ = {isa = PBXFileReference; lastKnownFileType = file.storyboard; name = Base; path = Base.lproj/Main.storyboard; sourceTree = "<group>"; };
		4DB0423E2862F29C00F484B0 /* Assets.xcassets */ = {isa = PBXFileReference; lastKnownFileType = folder.assetcatalog; path = Assets.xcassets; sourceTree = "<group>"; };
		4DB042412862F29C00F484B0 /* Base */ = {isa = PBXFileReference; lastKnownFileType = file.storyboard; name = Base; path = Base.lproj/LaunchScreen.storyboard; sourceTree = "<group>"; };
		4DB042432862F29C00F484B0 /* Info.plist */ = {isa = PBXFileReference; lastKnownFileType = text.plist.xml; path = Info.plist; sourceTree = "<group>"; };
		4DB042482862F29C00F484B0 /* WeatherlyTests.xctest */ = {isa = PBXFileReference; explicitFileType = wrapper.cfbundle; includeInIndex = 0; path = WeatherlyTests.xctest; sourceTree = BUILT_PRODUCTS_DIR; };
		4DB0424C2862F29C00F484B0 /* WeatherlyTests.swift */ = {isa = PBXFileReference; lastKnownFileType = sourcecode.swift; path = WeatherlyTests.swift; sourceTree = "<group>"; };
		4DB042522862F29C00F484B0 /* WeatherlyUITests.xctest */ = {isa = PBXFileReference; explicitFileType = wrapper.cfbundle; includeInIndex = 0; path = WeatherlyUITests.xctest; sourceTree = BUILT_PRODUCTS_DIR; };
		4DB042562862F29C00F484B0 /* WeatherlyUITests.swift */ = {isa = PBXFileReference; lastKnownFileType = sourcecode.swift; path = WeatherlyUITests.swift; sourceTree = "<group>"; };
		4DB042582862F29C00F484B0 /* WeatherlyUITestsLaunchTests.swift */ = {isa = PBXFileReference; lastKnownFileType = sourcecode.swift; path = WeatherlyUITestsLaunchTests.swift; sourceTree = "<group>"; };
		4DBE30EB2864450E0094EDA2 /* secrets.swift */ = {isa = PBXFileReference; lastKnownFileType = sourcecode.swift; path = secrets.swift; sourceTree = "<group>"; };
		4DBE30EE286446970094EDA2 /* WeatherModel.swift */ = {isa = PBXFileReference; lastKnownFileType = sourcecode.swift; path = WeatherModel.swift; sourceTree = "<group>"; };
/* End PBXFileReference section */

/* Begin PBXFrameworksBuildPhase section */
		4DB0422F2862F29900F484B0 /* Frameworks */ = {
			isa = PBXFrameworksBuildPhase;
			buildActionMask = 2147483647;
			files = (
			);
			runOnlyForDeploymentPostprocessing = 0;
		};
		4DB042452862F29C00F484B0 /* Frameworks */ = {
			isa = PBXFrameworksBuildPhase;
			buildActionMask = 2147483647;
			files = (
			);
			runOnlyForDeploymentPostprocessing = 0;
		};
		4DB0424F2862F29C00F484B0 /* Frameworks */ = {
			isa = PBXFrameworksBuildPhase;
			buildActionMask = 2147483647;
			files = (
			);
			runOnlyForDeploymentPostprocessing = 0;
		};
/* End PBXFrameworksBuildPhase section */

/* Begin PBXGroup section */
		4DB042292862F29900F484B0 = {
			isa = PBXGroup;
			children = (
				4DB042342862F29900F484B0 /* Weatherly */,
				4DB0424B2862F29C00F484B0 /* WeatherlyTests */,
				4DB042552862F29C00F484B0 /* WeatherlyUITests */,
				4DB042332862F29900F484B0 /* Products */,
			);
			sourceTree = "<group>";
		};
		4DB042332862F29900F484B0 /* Products */ = {
			isa = PBXGroup;
			children = (
				4DB042322862F29900F484B0 /* Weatherly.app */,
				4DB042482862F29C00F484B0 /* WeatherlyTests.xctest */,
				4DB042522862F29C00F484B0 /* WeatherlyUITests.xctest */,
			);
			name = Products;
			sourceTree = "<group>";
		};
		4DB042342862F29900F484B0 /* Weatherly */ = {
			isa = PBXGroup;
			children = (
				4DB042672862F2E100F484B0 /* Model */,
				4DB042652862F2C400F484B0 /* View */,
				4DB042662862F2D300F484B0 /* Control */,
				4DB042352862F29900F484B0 /* AppDelegate.swift */,
				4DB042372862F29900F484B0 /* SceneDelegate.swift */,
				4DB0423E2862F29C00F484B0 /* Assets.xcassets */,
				4DB042402862F29C00F484B0 /* LaunchScreen.storyboard */,
				4DB042432862F29C00F484B0 /* Info.plist */,
			);
			path = Weatherly;
			sourceTree = "<group>";
		};
		4DB0424B2862F29C00F484B0 /* WeatherlyTests */ = {
			isa = PBXGroup;
			children = (
				4DB0424C2862F29C00F484B0 /* WeatherlyTests.swift */,
			);
			path = WeatherlyTests;
			sourceTree = "<group>";
		};
		4DB042552862F29C00F484B0 /* WeatherlyUITests */ = {
			isa = PBXGroup;
			children = (
				4DB042562862F29C00F484B0 /* WeatherlyUITests.swift */,
				4DB042582862F29C00F484B0 /* WeatherlyUITestsLaunchTests.swift */,
			);
			path = WeatherlyUITests;
			sourceTree = "<group>";
		};
		4DB042652862F2C400F484B0 /* View */ = {
			isa = PBXGroup;
			children = (
				4DB0423B2862F29900F484B0 /* Main.storyboard */,
			);
			path = View;
			sourceTree = "<group>";
		};
		4DB042662862F2D300F484B0 /* Control */ = {
			isa = PBXGroup;
			children = (
				4DB042392862F29900F484B0 /* ViewController.swift */,
			);
			path = Control;
			sourceTree = "<group>";
		};
		4DB042672862F2E100F484B0 /* Model */ = {
			isa = PBXGroup;
			children = (
				4DBE30EB2864450E0094EDA2 /* secrets.swift */,
				4DBE30EE286446970094EDA2 /* WeatherModel.swift */,
			);
			path = Model;
			sourceTree = "<group>";
		};
/* End PBXGroup section */

/* Begin PBXNativeTarget section */
		4DB042312862F29900F484B0 /* Weatherly */ = {
			isa = PBXNativeTarget;
			buildConfigurationList = 4DB0425C2862F29C00F484B0 /* Build configuration list for PBXNativeTarget "Weatherly" */;
			buildPhases = (
				4DB0422E2862F29900F484B0 /* Sources */,
				4DB0422F2862F29900F484B0 /* Frameworks */,
				4DB042302862F29900F484B0 /* Resources */,
			);
			buildRules = (
			);
			dependencies = (
			);
			name = Weatherly;
			productName = Weatherly;
			productReference = 4DB042322862F29900F484B0 /* Weatherly.app */;
			productType = "com.apple.product-type.application";
		};
		4DB042472862F29C00F484B0 /* WeatherlyTests */ = {
			isa = PBXNativeTarget;
			buildConfigurationList = 4DB0425F2862F29C00F484B0 /* Build configuration list for PBXNativeTarget "WeatherlyTests" */;
			buildPhases = (
				4DB042442862F29C00F484B0 /* Sources */,
				4DB042452862F29C00F484B0 /* Frameworks */,
				4DB042462862F29C00F484B0 /* Resources */,
			);
			buildRules = (
			);
			dependencies = (
				4DB0424A2862F29C00F484B0 /* PBXTargetDependency */,
			);
			name = WeatherlyTests;
			productName = WeatherlyTests;
			productReference = 4DB042482862F29C00F484B0 /* WeatherlyTests.xctest */;
			productType = "com.apple.product-type.bundle.unit-test";
		};
		4DB042512862F29C00F484B0 /* WeatherlyUITests */ = {
			isa = PBXNativeTarget;
			buildConfigurationList = 4DB042622862F29C00F484B0 /* Build configuration list for PBXNativeTarget "WeatherlyUITests" */;
			buildPhases = (
				4DB0424E2862F29C00F484B0 /* Sources */,
				4DB0424F2862F29C00F484B0 /* Frameworks */,
				4DB042502862F29C00F484B0 /* Resources */,
			);
			buildRules = (
			);
			dependencies = (
				4DB042542862F29C00F484B0 /* PBXTargetDependency */,
			);
			name = WeatherlyUITests;
			productName = WeatherlyUITests;
			productReference = 4DB042522862F29C00F484B0 /* WeatherlyUITests.xctest */;
			productType = "com.apple.product-type.bundle.ui-testing";
		};
/* End PBXNativeTarget section */

/* Begin PBXProject section */
		4DB0422A2862F29900F484B0 /* Project object */ = {
			isa = PBXProject;
			attributes = {
				BuildIndependentTargetsInParallel = 1;
				LastSwiftUpdateCheck = 1340;
				LastUpgradeCheck = 1340;
				TargetAttributes = {
					4DB042312862F29900F484B0 = {
						CreatedOnToolsVersion = 13.4.1;
					};
					4DB042472862F29C00F484B0 = {
						CreatedOnToolsVersion = 13.4.1;
						TestTargetID = 4DB042312862F29900F484B0;
					};
					4DB042512862F29C00F484B0 = {
						CreatedOnToolsVersion = 13.4.1;
						TestTargetID = 4DB042312862F29900F484B0;
					};
				};
			};
			buildConfigurationList = 4DB0422D2862F29900F484B0 /* Build configuration list for PBXProject "Weatherly" */;
			compatibilityVersion = "Xcode 13.0";
			developmentRegion = en;
			hasScannedForEncodings = 0;
			knownRegions = (
				en,
				Base,
			);
			mainGroup = 4DB042292862F29900F484B0;
			productRefGroup = 4DB042332862F29900F484B0 /* Products */;
			projectDirPath = "";
			projectRoot = "";
			targets = (
				4DB042312862F29900F484B0 /* Weatherly */,
				4DB042472862F29C00F484B0 /* WeatherlyTests */,
				4DB042512862F29C00F484B0 /* WeatherlyUITests */,
			);
		};
/* End PBXProject section */

/* Begin PBXResourcesBuildPhase section */
		4DB042302862F29900F484B0 /* Resources */ = {
			isa = PBXResourcesBuildPhase;
			buildActionMask = 2147483647;
			files = (
				4DB042422862F29C00F484B0 /* LaunchScreen.storyboard in Resources */,
				4DB0423F2862F29C00F484B0 /* Assets.xcassets in Resources */,
				4DB0423D2862F29900F484B0 /* Main.storyboard in Resources */,
			);
			runOnlyForDeploymentPostprocessing = 0;
		};
		4DB042462862F29C00F484B0 /* Resources */ = {
			isa = PBXResourcesBuildPhase;
			buildActionMask = 2147483647;
			files = (
			);
			runOnlyForDeploymentPostprocessing = 0;
		};
		4DB042502862F29C00F484B0 /* Resources */ = {
			isa = PBXResourcesBuildPhase;
			buildActionMask = 2147483647;
			files = (
			);
			runOnlyForDeploymentPostprocessing = 0;
		};
/* End PBXResourcesBuildPhase section */

/* Begin PBXSourcesBuildPhase section */
		4DB0422E2862F29900F484B0 /* Sources */ = {
			isa = PBXSourcesBuildPhase;
			buildActionMask = 2147483647;
			files = (
				4DB0423A2862F29900F484B0 /* ViewController.swift in Sources */,
				4DBE30EC2864450E0094EDA2 /* secrets.swift in Sources */,
				4DB042362862F29900F484B0 /* AppDelegate.swift in Sources */,
				4DB042382862F29900F484B0 /* SceneDelegate.swift in Sources */,
				4DBE30EF286446970094EDA2 /* WeatherModel.swift in Sources */,
			);
			runOnlyForDeploymentPostprocessing = 0;
		};
		4DB042442862F29C00F484B0 /* Sources */ = {
			isa = PBXSourcesBuildPhase;
			buildActionMask = 2147483647;
			files = (
				4DB0424D2862F29C00F484B0 /* WeatherlyTests.swift in Sources */,
			);
			runOnlyForDeploymentPostprocessing = 0;
		};
		4DB0424E2862F29C00F484B0 /* Sources */ = {
			isa = PBXSourcesBuildPhase;
			buildActionMask = 2147483647;
			files = (
				4DB042592862F29C00F484B0 /* WeatherlyUITestsLaunchTests.swift in Sources */,
				4DB042572862F29C00F484B0 /* WeatherlyUITests.swift in Sources */,
			);
			runOnlyForDeploymentPostprocessing = 0;
		};
/* End PBXSourcesBuildPhase section */

/* Begin PBXTargetDependency section */
		4DB0424A2862F29C00F484B0 /* PBXTargetDependency */ = {
			isa = PBXTargetDependency;
			target = 4DB042312862F29900F484B0 /* Weatherly */;
			targetProxy = 4DB042492862F29C00F484B0 /* PBXContainerItemProxy */;
		};
		4DB042542862F29C00F484B0 /* PBXTargetDependency */ = {
			isa = PBXTargetDependency;
			target = 4DB042312862F29900F484B0 /* Weatherly */;
			targetProxy = 4DB042532862F29C00F484B0 /* PBXContainerItemProxy */;
		};
/* End PBXTargetDependency section */

/* Begin PBXVariantGroup section */
		4DB0423B2862F29900F484B0 /* Main.storyboard */ = {
			isa = PBXVariantGroup;
			children = (
				4DB0423C2862F29900F484B0 /* Base */,
			);
			name = Main.storyboard;
			sourceTree = "<group>";
		};
		4DB042402862F29C00F484B0 /* LaunchScreen.storyboard */ = {
			isa = PBXVariantGroup;
			children = (
				4DB042412862F29C00F484B0 /* Base */,
			);
			name = LaunchScreen.storyboard;
			sourceTree = "<group>";
		};
/* End PBXVariantGroup section */

/* Begin XCBuildConfiguration section */
		4DB0425A2862F29C00F484B0 /* Debug */ = {
			isa = XCBuildConfiguration;
			buildSettings = {
				ALWAYS_SEARCH_USER_PATHS = NO;
				CLANG_ANALYZER_NONNULL = YES;
				CLANG_ANALYZER_NUMBER_OBJECT_CONVERSION = YES_AGGRESSIVE;
				CLANG_CXX_LANGUAGE_STANDARD = "gnu++17";
				CLANG_ENABLE_MODULES = YES;
				CLANG_ENABLE_OBJC_ARC = YES;
				CLANG_ENABLE_OBJC_WEAK = YES;
				CLANG_WARN_BLOCK_CAPTURE_AUTORELEASING = YES;
				CLANG_WARN_BOOL_CONVERSION = YES;
				CLANG_WARN_COMMA = YES;
				CLANG_WARN_CONSTANT_CONVERSION = YES;
				CLANG_WARN_DEPRECATED_OBJC_IMPLEMENTATIONS = YES;
				CLANG_WARN_DIRECT_OBJC_ISA_USAGE = YES_ERROR;
				CLANG_WARN_DOCUMENTATION_COMMENTS = YES;
				CLANG_WARN_EMPTY_BODY = YES;
				CLANG_WARN_ENUM_CONVERSION = YES;
				CLANG_WARN_INFINITE_RECURSION = YES;
				CLANG_WARN_INT_CONVERSION = YES;
				CLANG_WARN_NON_LITERAL_NULL_CONVERSION = YES;
				CLANG_WARN_OBJC_IMPLICIT_RETAIN_SELF = YES;
				CLANG_WARN_OBJC_LITERAL_CONVERSION = YES;
				CLANG_WARN_OBJC_ROOT_CLASS = YES_ERROR;
				CLANG_WARN_QUOTED_INCLUDE_IN_FRAMEWORK_HEADER = YES;
				CLANG_WARN_RANGE_LOOP_ANALYSIS = YES;
				CLANG_WARN_STRICT_PROTOTYPES = YES;
				CLANG_WARN_SUSPICIOUS_MOVE = YES;
				CLANG_WARN_UNGUARDED_AVAILABILITY = YES_AGGRESSIVE;
				CLANG_WARN_UNREACHABLE_CODE = YES;
				CLANG_WARN__DUPLICATE_METHOD_MATCH = YES;
				COPY_PHASE_STRIP = NO;
				DEBUG_INFORMATION_FORMAT = dwarf;
				ENABLE_STRICT_OBJC_MSGSEND = YES;
				ENABLE_TESTABILITY = YES;
				GCC_C_LANGUAGE_STANDARD = gnu11;
				GCC_DYNAMIC_NO_PIC = NO;
				GCC_NO_COMMON_BLOCKS = YES;
				GCC_OPTIMIZATION_LEVEL = 0;
				GCC_PREPROCESSOR_DEFINITIONS = (
					"DEBUG=1",
					"$(inherited)",
				);
				GCC_WARN_64_TO_32_BIT_CONVERSION = YES;
				GCC_WARN_ABOUT_RETURN_TYPE = YES_ERROR;
				GCC_WARN_UNDECLARED_SELECTOR = YES;
				GCC_WARN_UNINITIALIZED_AUTOS = YES_AGGRESSIVE;
				GCC_WARN_UNUSED_FUNCTION = YES;
				GCC_WARN_UNUSED_VARIABLE = YES;
				IPHONEOS_DEPLOYMENT_TARGET = 15.5;
				MTL_ENABLE_DEBUG_INFO = INCLUDE_SOURCE;
				MTL_FAST_MATH = YES;
				ONLY_ACTIVE_ARCH = YES;
				SDKROOT = iphoneos;
				SWIFT_ACTIVE_COMPILATION_CONDITIONS = DEBUG;
				SWIFT_OPTIMIZATION_LEVEL = "-Onone";
			};
			name = Debug;
		};
		4DB0425B2862F29C00F484B0 /* Release */ = {
			isa = XCBuildConfiguration;
			buildSettings = {
				ALWAYS_SEARCH_USER_PATHS = NO;
				CLANG_ANALYZER_NONNULL = YES;
				CLANG_ANALYZER_NUMBER_OBJECT_CONVERSION = YES_AGGRESSIVE;
				CLANG_CXX_LANGUAGE_STANDARD = "gnu++17";
				CLANG_ENABLE_MODULES = YES;
				CLANG_ENABLE_OBJC_ARC = YES;
				CLANG_ENABLE_OBJC_WEAK = YES;
				CLANG_WARN_BLOCK_CAPTURE_AUTORELEASING = YES;
				CLANG_WARN_BOOL_CONVERSION = YES;
				CLANG_WARN_COMMA = YES;
				CLANG_WARN_CONSTANT_CONVERSION = YES;
				CLANG_WARN_DEPRECATED_OBJC_IMPLEMENTATIONS = YES;
				CLANG_WARN_DIRECT_OBJC_ISA_USAGE = YES_ERROR;
				CLANG_WARN_DOCUMENTATION_COMMENTS = YES;
				CLANG_WARN_EMPTY_BODY = YES;
				CLANG_WARN_ENUM_CONVERSION = YES;
				CLANG_WARN_INFINITE_RECURSION = YES;
				CLANG_WARN_INT_CONVERSION = YES;
				CLANG_WARN_NON_LITERAL_NULL_CONVERSION = YES;
				CLANG_WARN_OBJC_IMPLICIT_RETAIN_SELF = YES;
				CLANG_WARN_OBJC_LITERAL_CONVERSION = YES;
				CLANG_WARN_OBJC_ROOT_CLASS = YES_ERROR;
				CLANG_WARN_QUOTED_INCLUDE_IN_FRAMEWORK_HEADER = YES;
				CLANG_WARN_RANGE_LOOP_ANALYSIS = YES;
				CLANG_WARN_STRICT_PROTOTYPES = YES;
				CLANG_WARN_SUSPICIOUS_MOVE = YES;
				CLANG_WARN_UNGUARDED_AVAILABILITY = YES_AGGRESSIVE;
				CLANG_WARN_UNREACHABLE_CODE = YES;
				CLANG_WARN__DUPLICATE_METHOD_MATCH = YES;
				COPY_PHASE_STRIP = NO;
				DEBUG_INFORMATION_FORMAT = "dwarf-with-dsym";
				ENABLE_NS_ASSERTIONS = NO;
				ENABLE_STRICT_OBJC_MSGSEND = YES;
				GCC_C_LANGUAGE_STANDARD = gnu11;
				GCC_NO_COMMON_BLOCKS = YES;
				GCC_WARN_64_TO_32_BIT_CONVERSION = YES;
				GCC_WARN_ABOUT_RETURN_TYPE = YES_ERROR;
				GCC_WARN_UNDECLARED_SELECTOR = YES;
				GCC_WARN_UNINITIALIZED_AUTOS = YES_AGGRESSIVE;
				GCC_WARN_UNUSED_FUNCTION = YES;
				GCC_WARN_UNUSED_VARIABLE = YES;
				IPHONEOS_DEPLOYMENT_TARGET = 15.5;
				MTL_ENABLE_DEBUG_INFO = NO;
				MTL_FAST_MATH = YES;
				SDKROOT = iphoneos;
				SWIFT_COMPILATION_MODE = wholemodule;
				SWIFT_OPTIMIZATION_LEVEL = "-O";
				VALIDATE_PRODUCT = YES;
			};
			name = Release;
		};
		4DB0425D2862F29C00F484B0 /* Debug */ = {
			isa = XCBuildConfiguration;
			buildSettings = {
				ASSETCATALOG_COMPILER_APPICON_NAME = AppIcon;
				ASSETCATALOG_COMPILER_GLOBAL_ACCENT_COLOR_NAME = AccentColor;
				CODE_SIGN_STYLE = Automatic;
				CURRENT_PROJECT_VERSION = 1;
				GENERATE_INFOPLIST_FILE = YES;
				INFOPLIST_FILE = Weatherly/Info.plist;
				INFOPLIST_KEY_UIApplicationSupportsIndirectInputEvents = YES;
				INFOPLIST_KEY_UILaunchStoryboardName = LaunchScreen;
				INFOPLIST_KEY_UIMainStoryboardFile = Main;
				INFOPLIST_KEY_UISupportedInterfaceOrientations_iPad = "UIInterfaceOrientationPortrait UIInterfaceOrientationPortraitUpsideDown UIInterfaceOrientationLandscapeLeft UIInterfaceOrientationLandscapeRight";
				INFOPLIST_KEY_UISupportedInterfaceOrientations_iPhone = "UIInterfaceOrientationPortrait UIInterfaceOrientationLandscapeLeft UIInterfaceOrientationLandscapeRight";
				LD_RUNPATH_SEARCH_PATHS = (
					"$(inherited)",
					"@executable_path/Frameworks",
				);
				MARKETING_VERSION = 1.0;
				PRODUCT_BUNDLE_IDENTIFIER = the.codeholic.Weatherly;
				PRODUCT_NAME = "$(TARGET_NAME)";
				SWIFT_EMIT_LOC_STRINGS = YES;
				SWIFT_VERSION = 5.0;
				TARGETED_DEVICE_FAMILY = "1,2";
			};
			name = Debug;
		};
		4DB0425E2862F29C00F484B0 /* Release */ = {
			isa = XCBuildConfiguration;
			buildSettings = {
				ASSETCATALOG_COMPILER_APPICON_NAME = AppIcon;
				ASSETCATALOG_COMPILER_GLOBAL_ACCENT_COLOR_NAME = AccentColor;
				CODE_SIGN_STYLE = Automatic;
				CURRENT_PROJECT_VERSION = 1;
				GENERATE_INFOPLIST_FILE = YES;
				INFOPLIST_FILE = Weatherly/Info.plist;
				INFOPLIST_KEY_UIApplicationSupportsIndirectInputEvents = YES;
				INFOPLIST_KEY_UILaunchStoryboardName = LaunchScreen;
				INFOPLIST_KEY_UIMainStoryboardFile = Main;
				INFOPLIST_KEY_UISupportedInterfaceOrientations_iPad = "UIInterfaceOrientationPortrait UIInterfaceOrientationPortraitUpsideDown UIInterfaceOrientationLandscapeLeft UIInterfaceOrientationLandscapeRight";
				INFOPLIST_KEY_UISupportedInterfaceOrientations_iPhone = "UIInterfaceOrientationPortrait UIInterfaceOrientationLandscapeLeft UIInterfaceOrientationLandscapeRight";
				LD_RUNPATH_SEARCH_PATHS = (
					"$(inherited)",
					"@executable_path/Frameworks",
				);
				MARKETING_VERSION = 1.0;
				PRODUCT_BUNDLE_IDENTIFIER = the.codeholic.Weatherly;
				PRODUCT_NAME = "$(TARGET_NAME)";
				SWIFT_EMIT_LOC_STRINGS = YES;
				SWIFT_VERSION = 5.0;
				TARGETED_DEVICE_FAMILY = "1,2";
			};
			name = Release;
		};
		4DB042602862F29C00F484B0 /* Debug */ = {
			isa = XCBuildConfiguration;
			buildSettings = {
				ALWAYS_EMBED_SWIFT_STANDARD_LIBRARIES = YES;
				BUNDLE_LOADER = "$(TEST_HOST)";
				CODE_SIGN_STYLE = Automatic;
				CURRENT_PROJECT_VERSION = 1;
				GENERATE_INFOPLIST_FILE = YES;
				IPHONEOS_DEPLOYMENT_TARGET = 15.5;
				MARKETING_VERSION = 1.0;
				PRODUCT_BUNDLE_IDENTIFIER = the.codeholic.WeatherlyTests;
				PRODUCT_NAME = "$(TARGET_NAME)";
				SWIFT_EMIT_LOC_STRINGS = NO;
				SWIFT_VERSION = 5.0;
				TARGETED_DEVICE_FAMILY = "1,2";
				TEST_HOST = "$(BUILT_PRODUCTS_DIR)/Weatherly.app/Weatherly";
			};
			name = Debug;
		};
		4DB042612862F29C00F484B0 /* Release */ = {
			isa = XCBuildConfiguration;
			buildSettings = {
				ALWAYS_EMBED_SWIFT_STANDARD_LIBRARIES = YES;
				BUNDLE_LOADER = "$(TEST_HOST)";
				CODE_SIGN_STYLE = Automatic;
				CURRENT_PROJECT_VERSION = 1;
				GENERATE_INFOPLIST_FILE = YES;
				IPHONEOS_DEPLOYMENT_TARGET = 15.5;
				MARKETING_VERSION = 1.0;
				PRODUCT_BUNDLE_IDENTIFIER = the.codeholic.WeatherlyTests;
				PRODUCT_NAME = "$(TARGET_NAME)";
				SWIFT_EMIT_LOC_STRINGS = NO;
				SWIFT_VERSION = 5.0;
				TARGETED_DEVICE_FAMILY = "1,2";
				TEST_HOST = "$(BUILT_PRODUCTS_DIR)/Weatherly.app/Weatherly";
			};
			name = Release;
		};
		4DB042632862F29C00F484B0 /* Debug */ = {
			isa = XCBuildConfiguration;
			buildSettings = {
				ALWAYS_EMBED_SWIFT_STANDARD_LIBRARIES = YES;
				CODE_SIGN_STYLE = Automatic;
				CURRENT_PROJECT_VERSION = 1;
				GENERATE_INFOPLIST_FILE = YES;
				MARKETING_VERSION = 1.0;
				PRODUCT_BUNDLE_IDENTIFIER = the.codeholic.WeatherlyUITests;
				PRODUCT_NAME = "$(TARGET_NAME)";
				SWIFT_EMIT_LOC_STRINGS = NO;
				SWIFT_VERSION = 5.0;
				TARGETED_DEVICE_FAMILY = "1,2";
				TEST_TARGET_NAME = Weatherly;
			};
			name = Debug;
		};
		4DB042642862F29C00F484B0 /* Release */ = {
			isa = XCBuildConfiguration;
			buildSettings = {
				ALWAYS_EMBED_SWIFT_STANDARD_LIBRARIES = YES;
				CODE_SIGN_STYLE = Automatic;
				CURRENT_PROJECT_VERSION = 1;
				GENERATE_INFOPLIST_FILE = YES;
				MARKETING_VERSION = 1.0;
				PRODUCT_BUNDLE_IDENTIFIER = the.codeholic.WeatherlyUITests;
				PRODUCT_NAME = "$(TARGET_NAME)";
				SWIFT_EMIT_LOC_STRINGS = NO;
				SWIFT_VERSION = 5.0;
				TARGETED_DEVICE_FAMILY = "1,2";
				TEST_TARGET_NAME = Weatherly;
			};
			name = Release;
		};
/* End XCBuildConfiguration section */

/* Begin XCConfigurationList section */
		4DB0422D2862F29900F484B0 /* Build configuration list for PBXProject "Weatherly" */ = {
			isa = XCConfigurationList;
			buildConfigurations = (
				4DB0425A2862F29C00F484B0 /* Debug */,
				4DB0425B2862F29C00F484B0 /* Release */,
			);
			defaultConfigurationIsVisible = 0;
			defaultConfigurationName = Release;
		};
		4DB0425C2862F29C00F484B0 /* Build configuration list for PBXNativeTarget "Weatherly" */ = {
			isa = XCConfigurationList;
			buildConfigurations = (
				4DB0425D2862F29C00F484B0 /* Debug */,
				4DB0425E2862F29C00F484B0 /* Release */,
			);
			defaultConfigurationIsVisible = 0;
			defaultConfigurationName = Release;
		};
		4DB0425F2862F29C00F484B0 /* Build configuration list for PBXNativeTarget "WeatherlyTests" */ = {
			isa = XCConfigurationList;
			buildConfigurations = (
				4DB042602862F29C00F484B0 /* Debug */,
				4DB042612862F29C00F484B0 /* Release */,
			);
			defaultConfigurationIsVisible = 0;
			defaultConfigurationName = Release;
		};
		4DB042622862F29C00F484B0 /* Build configuration list for PBXNativeTarget "WeatherlyUITests" */ = {
			isa = XCConfigurationList;
			buildConfigurations = (
				4DB042632862F29C00F484B0 /* Debug */,
				4DB042642862F29C00F484B0 /* Release */,
			);
			defaultConfigurationIsVisible = 0;
			defaultConfigurationName = Release;
		};
/* End XCConfigurationList section */
	};
	rootObject = 4DB0422A2862F29900F484B0 /* Project object */;
}
