// !$*UTF8*$!
{
	archiveVersion = 1;
	classes = {
	};
	objectVersion = 55;
	objects = {

/* Begin PBXBuildFile section */
		4D00C3D0283DF5C2001FA44B /* AppDelegate.swift in Sources */ = {isa = PBXBuildFile; fileRef = 4D00C3CF283DF5C2001FA44B /* AppDelegate.swift */; };
		4D00C3D2283DF5C2001FA44B /* SceneDelegate.swift in Sources */ = {isa = PBXBuildFile; fileRef = 4D00C3D1283DF5C2001FA44B /* SceneDelegate.swift */; };
		4D00C3D4283DF5C2001FA44B /* ViewController.swift in Sources */ = {isa = PBXBuildFile; fileRef = 4D00C3D3283DF5C2001FA44B /* ViewController.swift */; };
		4D00C3D7283DF5C2001FA44B /* Main.storyboard in Resources */ = {isa = PBXBuildFile; fileRef = 4D00C3D5283DF5C2001FA44B /* Main.storyboard */; };
		4D00C3D9283DF5C6001FA44B /* Assets.xcassets in Resources */ = {isa = PBXBuildFile; fileRef = 4D00C3D8283DF5C6001FA44B /* Assets.xcassets */; };
		4D00C3DC283DF5C6001FA44B /* LaunchScreen.storyboard in Resources */ = {isa = PBXBuildFile; fileRef = 4D00C3DA283DF5C6001FA44B /* LaunchScreen.storyboard */; };
		4D00C3E7283DF5C6001FA44B /* Project1Tests.swift in Sources */ = {isa = PBXBuildFile; fileRef = 4D00C3E6283DF5C6001FA44B /* Project1Tests.swift */; };
		4D00C3F1283DF5C6001FA44B /* Project1UITests.swift in Sources */ = {isa = PBXBuildFile; fileRef = 4D00C3F0283DF5C6001FA44B /* Project1UITests.swift */; };
		4D00C3F3283DF5C6001FA44B /* Project1UITestsLaunchTests.swift in Sources */ = {isa = PBXBuildFile; fileRef = 4D00C3F2283DF5C6001FA44B /* Project1UITestsLaunchTests.swift */; };
		4D00C40A283DF63D001FA44B /* nssl0049.jpg in Resources */ = {isa = PBXBuildFile; fileRef = 4D00C400283DF63D001FA44B /* nssl0049.jpg */; };
		4D00C40B283DF63D001FA44B /* nssl0046.jpg in Resources */ = {isa = PBXBuildFile; fileRef = 4D00C401283DF63D001FA44B /* nssl0046.jpg */; };
		4D00C40C283DF63D001FA44B /* nssl0091.jpg in Resources */ = {isa = PBXBuildFile; fileRef = 4D00C402283DF63D001FA44B /* nssl0091.jpg */; };
		4D00C40D283DF63D001FA44B /* nssl0045.jpg in Resources */ = {isa = PBXBuildFile; fileRef = 4D00C403283DF63D001FA44B /* nssl0045.jpg */; };
		4D00C40E283DF63D001FA44B /* nssl0051.jpg in Resources */ = {isa = PBXBuildFile; fileRef = 4D00C404283DF63D001FA44B /* nssl0051.jpg */; };
		4D00C40F283DF63D001FA44B /* nssl0041.jpg in Resources */ = {isa = PBXBuildFile; fileRef = 4D00C405283DF63D001FA44B /* nssl0041.jpg */; };
		4D00C410283DF63D001FA44B /* nssl0042.jpg in Resources */ = {isa = PBXBuildFile; fileRef = 4D00C406283DF63D001FA44B /* nssl0042.jpg */; };
		4D00C411283DF63D001FA44B /* nssl0043.jpg in Resources */ = {isa = PBXBuildFile; fileRef = 4D00C407283DF63D001FA44B /* nssl0043.jpg */; };
		4D00C412283DF63D001FA44B /* nssl0033.jpg in Resources */ = {isa = PBXBuildFile; fileRef = 4D00C408283DF63D001FA44B /* nssl0033.jpg */; };
		4D00C413283DF63D001FA44B /* nssl0034.jpg in Resources */ = {isa = PBXBuildFile; fileRef = 4D00C409283DF63D001FA44B /* nssl0034.jpg */; };
		4D00C415283DFD8B001FA44B /* DetailViewController.swift in Sources */ = {isa = PBXBuildFile; fileRef = 4D00C414283DFD8B001FA44B /* DetailViewController.swift */; };
/* End PBXBuildFile section */

/* Begin PBXContainerItemProxy section */
		4D00C3E3283DF5C6001FA44B /* PBXContainerItemProxy */ = {
			isa = PBXContainerItemProxy;
			containerPortal = 4D00C3C4283DF5C2001FA44B /* Project object */;
			proxyType = 1;
			remoteGlobalIDString = 4D00C3CB283DF5C2001FA44B;
			remoteInfo = Project1;
		};
		4D00C3ED283DF5C6001FA44B /* PBXContainerItemProxy */ = {
			isa = PBXContainerItemProxy;
			containerPortal = 4D00C3C4283DF5C2001FA44B /* Project object */;
			proxyType = 1;
			remoteGlobalIDString = 4D00C3CB283DF5C2001FA44B;
			remoteInfo = Project1;
		};
/* End PBXContainerItemProxy section */

/* Begin PBXFileReference section */
		4D00C3CC283DF5C2001FA44B /* Project1.app */ = {isa = PBXFileReference; explicitFileType = wrapper.application; includeInIndex = 0; path = Project1.app; sourceTree = BUILT_PRODUCTS_DIR; };
		4D00C3CF283DF5C2001FA44B /* AppDelegate.swift */ = {isa = PBXFileReference; lastKnownFileType = sourcecode.swift; path = AppDelegate.swift; sourceTree = "<group>"; };
		4D00C3D1283DF5C2001FA44B /* SceneDelegate.swift */ = {isa = PBXFileReference; lastKnownFileType = sourcecode.swift; path = SceneDelegate.swift; sourceTree = "<group>"; };
		4D00C3D3283DF5C2001FA44B /* ViewController.swift */ = {isa = PBXFileReference; lastKnownFileType = sourcecode.swift; path = ViewController.swift; sourceTree = "<group>"; };
		4D00C3D6283DF5C2001FA44B /* Base */ = {isa = PBXFileReference; lastKnownFileType = file.storyboard; name = Base; path = Base.lproj/Main.storyboard; sourceTree = "<group>"; };
		4D00C3D8283DF5C6001FA44B /* Assets.xcassets */ = {isa = PBXFileReference; lastKnownFileType = folder.assetcatalog; path = Assets.xcassets; sourceTree = "<group>"; };
		4D00C3DB283DF5C6001FA44B /* Base */ = {isa = PBXFileReference; lastKnownFileType = file.storyboard; name = Base; path = Base.lproj/LaunchScreen.storyboard; sourceTree = "<group>"; };
		4D00C3DD283DF5C6001FA44B /* Info.plist */ = {isa = PBXFileReference; lastKnownFileType = text.plist.xml; path = Info.plist; sourceTree = "<group>"; };
		4D00C3E2283DF5C6001FA44B /* Project1Tests.xctest */ = {isa = PBXFileReference; explicitFileType = wrapper.cfbundle; includeInIndex = 0; path = Project1Tests.xctest; sourceTree = BUILT_PRODUCTS_DIR; };
		4D00C3E6283DF5C6001FA44B /* Project1Tests.swift */ = {isa = PBXFileReference; lastKnownFileType = sourcecode.swift; path = Project1Tests.swift; sourceTree = "<group>"; };
		4D00C3EC283DF5C6001FA44B /* Project1UITests.xctest */ = {isa = PBXFileReference; explicitFileType = wrapper.cfbundle; includeInIndex = 0; path = Project1UITests.xctest; sourceTree = BUILT_PRODUCTS_DIR; };
		4D00C3F0283DF5C6001FA44B /* Project1UITests.swift */ = {isa = PBXFileReference; lastKnownFileType = sourcecode.swift; path = Project1UITests.swift; sourceTree = "<group>"; };
		4D00C3F2283DF5C6001FA44B /* Project1UITestsLaunchTests.swift */ = {isa = PBXFileReference; lastKnownFileType = sourcecode.swift; path = Project1UITestsLaunchTests.swift; sourceTree = "<group>"; };
		4D00C400283DF63D001FA44B /* nssl0049.jpg */ = {isa = PBXFileReference; lastKnownFileType = image.jpeg; path = nssl0049.jpg; sourceTree = "<group>"; };
		4D00C401283DF63D001FA44B /* nssl0046.jpg */ = {isa = PBXFileReference; lastKnownFileType = image.jpeg; path = nssl0046.jpg; sourceTree = "<group>"; };
		4D00C402283DF63D001FA44B /* nssl0091.jpg */ = {isa = PBXFileReference; lastKnownFileType = image.jpeg; path = nssl0091.jpg; sourceTree = "<group>"; };
		4D00C403283DF63D001FA44B /* nssl0045.jpg */ = {isa = PBXFileReference; lastKnownFileType = image.jpeg; path = nssl0045.jpg; sourceTree = "<group>"; };
		4D00C404283DF63D001FA44B /* nssl0051.jpg */ = {isa = PBXFileReference; lastKnownFileType = image.jpeg; path = nssl0051.jpg; sourceTree = "<group>"; };
		4D00C405283DF63D001FA44B /* nssl0041.jpg */ = {isa = PBXFileReference; lastKnownFileType = image.jpeg; path = nssl0041.jpg; sourceTree = "<group>"; };
		4D00C406283DF63D001FA44B /* nssl0042.jpg */ = {isa = PBXFileReference; lastKnownFileType = image.jpeg; path = nssl0042.jpg; sourceTree = "<group>"; };
		4D00C407283DF63D001FA44B /* nssl0043.jpg */ = {isa = PBXFileReference; lastKnownFileType = image.jpeg; path = nssl0043.jpg; sourceTree = "<group>"; };
		4D00C408283DF63D001FA44B /* nssl0033.jpg */ = {isa = PBXFileReference; lastKnownFileType = image.jpeg; path = nssl0033.jpg; sourceTree = "<group>"; };
		4D00C409283DF63D001FA44B /* nssl0034.jpg */ = {isa = PBXFileReference; lastKnownFileType = image.jpeg; path = nssl0034.jpg; sourceTree = "<group>"; };
		4D00C414283DFD8B001FA44B /* DetailViewController.swift */ = {isa = PBXFileReference; lastKnownFileType = sourcecode.swift; path = DetailViewController.swift; sourceTree = "<group>"; };
/* End PBXFileReference section */

/* Begin PBXFrameworksBuildPhase section */
		4D00C3C9283DF5C2001FA44B /* Frameworks */ = {
			isa = PBXFrameworksBuildPhase;
			buildActionMask = 2147483647;
			files = (
			);
			runOnlyForDeploymentPostprocessing = 0;
		};
		4D00C3DF283DF5C6001FA44B /* Frameworks */ = {
			isa = PBXFrameworksBuildPhase;
			buildActionMask = 2147483647;
			files = (
			);
			runOnlyForDeploymentPostprocessing = 0;
		};
		4D00C3E9283DF5C6001FA44B /* Frameworks */ = {
			isa = PBXFrameworksBuildPhase;
			buildActionMask = 2147483647;
			files = (
			);
			runOnlyForDeploymentPostprocessing = 0;
		};
/* End PBXFrameworksBuildPhase section */

/* Begin PBXGroup section */
		4D00C3C3283DF5C2001FA44B = {
			isa = PBXGroup;
			children = (
				4D00C3CE283DF5C2001FA44B /* Project1 */,
				4D00C3E5283DF5C6001FA44B /* Project1Tests */,
				4D00C3EF283DF5C6001FA44B /* Project1UITests */,
				4D00C3CD283DF5C2001FA44B /* Products */,
			);
			sourceTree = "<group>";
		};
		4D00C3CD283DF5C2001FA44B /* Products */ = {
			isa = PBXGroup;
			children = (
				4D00C3CC283DF5C2001FA44B /* Project1.app */,
				4D00C3E2283DF5C6001FA44B /* Project1Tests.xctest */,
				4D00C3EC283DF5C6001FA44B /* Project1UITests.xctest */,
			);
			name = Products;
			sourceTree = "<group>";
		};
		4D00C3CE283DF5C2001FA44B /* Project1 */ = {
			isa = PBXGroup;
			children = (
				4D00C414283DFD8B001FA44B /* DetailViewController.swift */,
				4D00C3CF283DF5C2001FA44B /* AppDelegate.swift */,
				4D00C3D1283DF5C2001FA44B /* SceneDelegate.swift */,
				4D00C3D3283DF5C2001FA44B /* ViewController.swift */,
				4D00C3D5283DF5C2001FA44B /* Main.storyboard */,
				4D00C3D8283DF5C6001FA44B /* Assets.xcassets */,
				4D00C3DA283DF5C6001FA44B /* LaunchScreen.storyboard */,
				4D00C3DD283DF5C6001FA44B /* Info.plist */,
				4D00C3FF283DF63D001FA44B /* Content */,
			);
			path = Project1;
			sourceTree = "<group>";
		};
		4D00C3E5283DF5C6001FA44B /* Project1Tests */ = {
			isa = PBXGroup;
			children = (
				4D00C3E6283DF5C6001FA44B /* Project1Tests.swift */,
			);
			path = Project1Tests;
			sourceTree = "<group>";
		};
		4D00C3EF283DF5C6001FA44B /* Project1UITests */ = {
			isa = PBXGroup;
			children = (
				4D00C3F0283DF5C6001FA44B /* Project1UITests.swift */,
				4D00C3F2283DF5C6001FA44B /* Project1UITestsLaunchTests.swift */,
			);
			path = Project1UITests;
			sourceTree = "<group>";
		};
		4D00C3FF283DF63D001FA44B /* Content */ = {
			isa = PBXGroup;
			children = (
				4D00C400283DF63D001FA44B /* nssl0049.jpg */,
				4D00C401283DF63D001FA44B /* nssl0046.jpg */,
				4D00C402283DF63D001FA44B /* nssl0091.jpg */,
				4D00C403283DF63D001FA44B /* nssl0045.jpg */,
				4D00C404283DF63D001FA44B /* nssl0051.jpg */,
				4D00C405283DF63D001FA44B /* nssl0041.jpg */,
				4D00C406283DF63D001FA44B /* nssl0042.jpg */,
				4D00C407283DF63D001FA44B /* nssl0043.jpg */,
				4D00C408283DF63D001FA44B /* nssl0033.jpg */,
				4D00C409283DF63D001FA44B /* nssl0034.jpg */,
			);
			name = Content;
			path = "../../../../HackingWithSwift/Classic/project1-files/Content";
			sourceTree = "<group>";
		};
/* End PBXGroup section */

/* Begin PBXNativeTarget section */
		4D00C3CB283DF5C2001FA44B /* Project1 */ = {
			isa = PBXNativeTarget;
			buildConfigurationList = 4D00C3F6283DF5C6001FA44B /* Build configuration list for PBXNativeTarget "Project1" */;
			buildPhases = (
				4D00C3C8283DF5C2001FA44B /* Sources */,
				4D00C3C9283DF5C2001FA44B /* Frameworks */,
				4D00C3CA283DF5C2001FA44B /* Resources */,
			);
			buildRules = (
			);
			dependencies = (
			);
			name = Project1;
			productName = Project1;
			productReference = 4D00C3CC283DF5C2001FA44B /* Project1.app */;
			productType = "com.apple.product-type.application";
		};
		4D00C3E1283DF5C6001FA44B /* Project1Tests */ = {
			isa = PBXNativeTarget;
			buildConfigurationList = 4D00C3F9283DF5C6001FA44B /* Build configuration list for PBXNativeTarget "Project1Tests" */;
			buildPhases = (
				4D00C3DE283DF5C6001FA44B /* Sources */,
				4D00C3DF283DF5C6001FA44B /* Frameworks */,
				4D00C3E0283DF5C6001FA44B /* Resources */,
			);
			buildRules = (
			);
			dependencies = (
				4D00C3E4283DF5C6001FA44B /* PBXTargetDependency */,
			);
			name = Project1Tests;
			productName = Project1Tests;
			productReference = 4D00C3E2283DF5C6001FA44B /* Project1Tests.xctest */;
			productType = "com.apple.product-type.bundle.unit-test";
		};
		4D00C3EB283DF5C6001FA44B /* Project1UITests */ = {
			isa = PBXNativeTarget;
			buildConfigurationList = 4D00C3FC283DF5C6001FA44B /* Build configuration list for PBXNativeTarget "Project1UITests" */;
			buildPhases = (
				4D00C3E8283DF5C6001FA44B /* Sources */,
				4D00C3E9283DF5C6001FA44B /* Frameworks */,
				4D00C3EA283DF5C6001FA44B /* Resources */,
			);
			buildRules = (
			);
			dependencies = (
				4D00C3EE283DF5C6001FA44B /* PBXTargetDependency */,
			);
			name = Project1UITests;
			productName = Project1UITests;
			productReference = 4D00C3EC283DF5C6001FA44B /* Project1UITests.xctest */;
			productType = "com.apple.product-type.bundle.ui-testing";
		};
/* End PBXNativeTarget section */

/* Begin PBXProject section */
		4D00C3C4283DF5C2001FA44B /* Project object */ = {
			isa = PBXProject;
			attributes = {
				BuildIndependentTargetsInParallel = 1;
				LastSwiftUpdateCheck = 1340;
				LastUpgradeCheck = 1340;
				TargetAttributes = {
					4D00C3CB283DF5C2001FA44B = {
						CreatedOnToolsVersion = 13.4;
					};
					4D00C3E1283DF5C6001FA44B = {
						CreatedOnToolsVersion = 13.4;
						TestTargetID = 4D00C3CB283DF5C2001FA44B;
					};
					4D00C3EB283DF5C6001FA44B = {
						CreatedOnToolsVersion = 13.4;
						TestTargetID = 4D00C3CB283DF5C2001FA44B;
					};
				};
			};
			buildConfigurationList = 4D00C3C7283DF5C2001FA44B /* Build configuration list for PBXProject "Project1" */;
			compatibilityVersion = "Xcode 13.0";
			developmentRegion = en;
			hasScannedForEncodings = 0;
			knownRegions = (
				en,
				Base,
			);
			mainGroup = 4D00C3C3283DF5C2001FA44B;
			productRefGroup = 4D00C3CD283DF5C2001FA44B /* Products */;
			projectDirPath = "";
			projectRoot = "";
			targets = (
				4D00C3CB283DF5C2001FA44B /* Project1 */,
				4D00C3E1283DF5C6001FA44B /* Project1Tests */,
				4D00C3EB283DF5C6001FA44B /* Project1UITests */,
			);
		};
/* End PBXProject section */

/* Begin PBXResourcesBuildPhase section */
		4D00C3CA283DF5C2001FA44B /* Resources */ = {
			isa = PBXResourcesBuildPhase;
			buildActionMask = 2147483647;
			files = (
				4D00C40B283DF63D001FA44B /* nssl0046.jpg in Resources */,
				4D00C412283DF63D001FA44B /* nssl0033.jpg in Resources */,
				4D00C40E283DF63D001FA44B /* nssl0051.jpg in Resources */,
				4D00C40C283DF63D001FA44B /* nssl0091.jpg in Resources */,
				4D00C411283DF63D001FA44B /* nssl0043.jpg in Resources */,
				4D00C413283DF63D001FA44B /* nssl0034.jpg in Resources */,
				4D00C40A283DF63D001FA44B /* nssl0049.jpg in Resources */,
				4D00C40F283DF63D001FA44B /* nssl0041.jpg in Resources */,
				4D00C410283DF63D001FA44B /* nssl0042.jpg in Resources */,
				4D00C3DC283DF5C6001FA44B /* LaunchScreen.storyboard in Resources */,
				4D00C3D9283DF5C6001FA44B /* Assets.xcassets in Resources */,
				4D00C40D283DF63D001FA44B /* nssl0045.jpg in Resources */,
				4D00C3D7283DF5C2001FA44B /* Main.storyboard in Resources */,
			);
			runOnlyForDeploymentPostprocessing = 0;
		};
		4D00C3E0283DF5C6001FA44B /* Resources */ = {
			isa = PBXResourcesBuildPhase;
			buildActionMask = 2147483647;
			files = (
			);
			runOnlyForDeploymentPostprocessing = 0;
		};
		4D00C3EA283DF5C6001FA44B /* Resources */ = {
			isa = PBXResourcesBuildPhase;
			buildActionMask = 2147483647;
			files = (
			);
			runOnlyForDeploymentPostprocessing = 0;
		};
/* End PBXResourcesBuildPhase section */

/* Begin PBXSourcesBuildPhase section */
		4D00C3C8283DF5C2001FA44B /* Sources */ = {
			isa = PBXSourcesBuildPhase;
			buildActionMask = 2147483647;
			files = (
				4D00C3D4283DF5C2001FA44B /* ViewController.swift in Sources */,
				4D00C3D0283DF5C2001FA44B /* AppDelegate.swift in Sources */,
				4D00C3D2283DF5C2001FA44B /* SceneDelegate.swift in Sources */,
				4D00C415283DFD8B001FA44B /* DetailViewController.swift in Sources */,
			);
			runOnlyForDeploymentPostprocessing = 0;
		};
		4D00C3DE283DF5C6001FA44B /* Sources */ = {
			isa = PBXSourcesBuildPhase;
			buildActionMask = 2147483647;
			files = (
				4D00C3E7283DF5C6001FA44B /* Project1Tests.swift in Sources */,
			);
			runOnlyForDeploymentPostprocessing = 0;
		};
		4D00C3E8283DF5C6001FA44B /* Sources */ = {
			isa = PBXSourcesBuildPhase;
			buildActionMask = 2147483647;
			files = (
				4D00C3F3283DF5C6001FA44B /* Project1UITestsLaunchTests.swift in Sources */,
				4D00C3F1283DF5C6001FA44B /* Project1UITests.swift in Sources */,
			);
			runOnlyForDeploymentPostprocessing = 0;
		};
/* End PBXSourcesBuildPhase section */

/* Begin PBXTargetDependency section */
		4D00C3E4283DF5C6001FA44B /* PBXTargetDependency */ = {
			isa = PBXTargetDependency;
			target = 4D00C3CB283DF5C2001FA44B /* Project1 */;
			targetProxy = 4D00C3E3283DF5C6001FA44B /* PBXContainerItemProxy */;
		};
		4D00C3EE283DF5C6001FA44B /* PBXTargetDependency */ = {
			isa = PBXTargetDependency;
			target = 4D00C3CB283DF5C2001FA44B /* Project1 */;
			targetProxy = 4D00C3ED283DF5C6001FA44B /* PBXContainerItemProxy */;
		};
/* End PBXTargetDependency section */

/* Begin PBXVariantGroup section */
		4D00C3D5283DF5C2001FA44B /* Main.storyboard */ = {
			isa = PBXVariantGroup;
			children = (
				4D00C3D6283DF5C2001FA44B /* Base */,
			);
			name = Main.storyboard;
			sourceTree = "<group>";
		};
		4D00C3DA283DF5C6001FA44B /* LaunchScreen.storyboard */ = {
			isa = PBXVariantGroup;
			children = (
				4D00C3DB283DF5C6001FA44B /* Base */,
			);
			name = LaunchScreen.storyboard;
			sourceTree = "<group>";
		};
/* End PBXVariantGroup section */

/* Begin XCBuildConfiguration section */
		4D00C3F4283DF5C6001FA44B /* Debug */ = {
			isa = XCBuildConfiguration;
			buildSettings = {
				ALWAYS_SEARCH_USER_PATHS = NO;
				CLANG_ANALYZER_NONNULL = YES;
				CLANG_ANALYZER_NUMBER_OBJECT_CONVERSION = YES_AGGRESSIVE;
				CLANG_CXX_LANGUAGE_STANDARD = "gnu++17";
				CLANG_ENABLE_MODULES = YES;
				CLANG_ENABLE_OBJC_ARC = YES;
				CLANG_ENABLE_OBJC_WEAK = YES;
				CLANG_WARN_BLOCK_CAPTURE_AUTORELEASING = YES;
				CLANG_WARN_BOOL_CONVERSION = YES;
				CLANG_WARN_COMMA = YES;
				CLANG_WARN_CONSTANT_CONVERSION = YES;
				CLANG_WARN_DEPRECATED_OBJC_IMPLEMENTATIONS = YES;
				CLANG_WARN_DIRECT_OBJC_ISA_USAGE = YES_ERROR;
				CLANG_WARN_DOCUMENTATION_COMMENTS = YES;
				CLANG_WARN_EMPTY_BODY = YES;
				CLANG_WARN_ENUM_CONVERSION = YES;
				CLANG_WARN_INFINITE_RECURSION = YES;
				CLANG_WARN_INT_CONVERSION = YES;
				CLANG_WARN_NON_LITERAL_NULL_CONVERSION = YES;
				CLANG_WARN_OBJC_IMPLICIT_RETAIN_SELF = YES;
				CLANG_WARN_OBJC_LITERAL_CONVERSION = YES;
				CLANG_WARN_OBJC_ROOT_CLASS = YES_ERROR;
				CLANG_WARN_QUOTED_INCLUDE_IN_FRAMEWORK_HEADER = YES;
				CLANG_WARN_RANGE_LOOP_ANALYSIS = YES;
				CLANG_WARN_STRICT_PROTOTYPES = YES;
				CLANG_WARN_SUSPICIOUS_MOVE = YES;
				CLANG_WARN_UNGUARDED_AVAILABILITY = YES_AGGRESSIVE;
				CLANG_WARN_UNREACHABLE_CODE = YES;
				CLANG_WARN__DUPLICATE_METHOD_MATCH = YES;
				COPY_PHASE_STRIP = NO;
				DEBUG_INFORMATION_FORMAT = dwarf;
				ENABLE_STRICT_OBJC_MSGSEND = YES;
				ENABLE_TESTABILITY = YES;
				GCC_C_LANGUAGE_STANDARD = gnu11;
				GCC_DYNAMIC_NO_PIC = NO;
				GCC_NO_COMMON_BLOCKS = YES;
				GCC_OPTIMIZATION_LEVEL = 0;
				GCC_PREPROCESSOR_DEFINITIONS = (
					"DEBUG=1",
					"$(inherited)",
				);
				GCC_WARN_64_TO_32_BIT_CONVERSION = YES;
				GCC_WARN_ABOUT_RETURN_TYPE = YES_ERROR;
				GCC_WARN_UNDECLARED_SELECTOR = YES;
				GCC_WARN_UNINITIALIZED_AUTOS = YES_AGGRESSIVE;
				GCC_WARN_UNUSED_FUNCTION = YES;
				GCC_WARN_UNUSED_VARIABLE = YES;
				IPHONEOS_DEPLOYMENT_TARGET = 15.5;
				MTL_ENABLE_DEBUG_INFO = INCLUDE_SOURCE;
				MTL_FAST_MATH = YES;
				ONLY_ACTIVE_ARCH = YES;
				SDKROOT = iphoneos;
				SWIFT_ACTIVE_COMPILATION_CONDITIONS = DEBUG;
				SWIFT_OPTIMIZATION_LEVEL = "-Onone";
			};
			name = Debug;
		};
		4D00C3F5283DF5C6001FA44B /* Release */ = {
			isa = XCBuildConfiguration;
			buildSettings = {
				ALWAYS_SEARCH_USER_PATHS = NO;
				CLANG_ANALYZER_NONNULL = YES;
				CLANG_ANALYZER_NUMBER_OBJECT_CONVERSION = YES_AGGRESSIVE;
				CLANG_CXX_LANGUAGE_STANDARD = "gnu++17";
				CLANG_ENABLE_MODULES = YES;
				CLANG_ENABLE_OBJC_ARC = YES;
				CLANG_ENABLE_OBJC_WEAK = YES;
				CLANG_WARN_BLOCK_CAPTURE_AUTORELEASING = YES;
				CLANG_WARN_BOOL_CONVERSION = YES;
				CLANG_WARN_COMMA = YES;
				CLANG_WARN_CONSTANT_CONVERSION = YES;
				CLANG_WARN_DEPRECATED_OBJC_IMPLEMENTATIONS = YES;
				CLANG_WARN_DIRECT_OBJC_ISA_USAGE = YES_ERROR;
				CLANG_WARN_DOCUMENTATION_COMMENTS = YES;
				CLANG_WARN_EMPTY_BODY = YES;
				CLANG_WARN_ENUM_CONVERSION = YES;
				CLANG_WARN_INFINITE_RECURSION = YES;
				CLANG_WARN_INT_CONVERSION = YES;
				CLANG_WARN_NON_LITERAL_NULL_CONVERSION = YES;
				CLANG_WARN_OBJC_IMPLICIT_RETAIN_SELF = YES;
				CLANG_WARN_OBJC_LITERAL_CONVERSION = YES;
				CLANG_WARN_OBJC_ROOT_CLASS = YES_ERROR;
				CLANG_WARN_QUOTED_INCLUDE_IN_FRAMEWORK_HEADER = YES;
				CLANG_WARN_RANGE_LOOP_ANALYSIS = YES;
				CLANG_WARN_STRICT_PROTOTYPES = YES;
				CLANG_WARN_SUSPICIOUS_MOVE = YES;
				CLANG_WARN_UNGUARDED_AVAILABILITY = YES_AGGRESSIVE;
				CLANG_WARN_UNREACHABLE_CODE = YES;
				CLANG_WARN__DUPLICATE_METHOD_MATCH = YES;
				COPY_PHASE_STRIP = NO;
				DEBUG_INFORMATION_FORMAT = "dwarf-with-dsym";
				ENABLE_NS_ASSERTIONS = NO;
				ENABLE_STRICT_OBJC_MSGSEND = YES;
				GCC_C_LANGUAGE_STANDARD = gnu11;
				GCC_NO_COMMON_BLOCKS = YES;
				GCC_WARN_64_TO_32_BIT_CONVERSION = YES;
				GCC_WARN_ABOUT_RETURN_TYPE = YES_ERROR;
				GCC_WARN_UNDECLARED_SELECTOR = YES;
				GCC_WARN_UNINITIALIZED_AUTOS = YES_AGGRESSIVE;
				GCC_WARN_UNUSED_FUNCTION = YES;
				GCC_WARN_UNUSED_VARIABLE = YES;
				IPHONEOS_DEPLOYMENT_TARGET = 15.5;
				MTL_ENABLE_DEBUG_INFO = NO;
				MTL_FAST_MATH = YES;
				SDKROOT = iphoneos;
				SWIFT_COMPILATION_MODE = wholemodule;
				SWIFT_OPTIMIZATION_LEVEL = "-O";
				VALIDATE_PRODUCT = YES;
			};
			name = Release;
		};
		4D00C3F7283DF5C6001FA44B /* Debug */ = {
			isa = XCBuildConfiguration;
			buildSettings = {
				ASSETCATALOG_COMPILER_APPICON_NAME = AppIcon;
				ASSETCATALOG_COMPILER_GLOBAL_ACCENT_COLOR_NAME = AccentColor;
				CODE_SIGN_STYLE = Automatic;
				CURRENT_PROJECT_VERSION = 1;
				GENERATE_INFOPLIST_FILE = YES;
				INFOPLIST_FILE = Project1/Info.plist;
				INFOPLIST_KEY_UIApplicationSupportsIndirectInputEvents = YES;
				INFOPLIST_KEY_UILaunchStoryboardName = LaunchScreen;
				INFOPLIST_KEY_UIMainStoryboardFile = Main;
				INFOPLIST_KEY_UISupportedInterfaceOrientations_iPad = "UIInterfaceOrientationPortrait UIInterfaceOrientationPortraitUpsideDown UIInterfaceOrientationLandscapeLeft UIInterfaceOrientationLandscapeRight";
				INFOPLIST_KEY_UISupportedInterfaceOrientations_iPhone = "UIInterfaceOrientationPortrait UIInterfaceOrientationLandscapeLeft UIInterfaceOrientationLandscapeRight";
				LD_RUNPATH_SEARCH_PATHS = (
					"$(inherited)",
					"@executable_path/Frameworks",
				);
				MARKETING_VERSION = 1.0;
				PRODUCT_BUNDLE_IDENTIFIER = the.codeholic.Project1;
				PRODUCT_NAME = "$(TARGET_NAME)";
				SWIFT_EMIT_LOC_STRINGS = YES;
				SWIFT_VERSION = 5.0;
				TARGETED_DEVICE_FAMILY = "1,2";
			};
			name = Debug;
		};
		4D00C3F8283DF5C6001FA44B /* Release */ = {
			isa = XCBuildConfiguration;
			buildSettings = {
				ASSETCATALOG_COMPILER_APPICON_NAME = AppIcon;
				ASSETCATALOG_COMPILER_GLOBAL_ACCENT_COLOR_NAME = AccentColor;
				CODE_SIGN_STYLE = Automatic;
				CURRENT_PROJECT_VERSION = 1;
				GENERATE_INFOPLIST_FILE = YES;
				INFOPLIST_FILE = Project1/Info.plist;
				INFOPLIST_KEY_UIApplicationSupportsIndirectInputEvents = YES;
				INFOPLIST_KEY_UILaunchStoryboardName = LaunchScreen;
				INFOPLIST_KEY_UIMainStoryboardFile = Main;
				INFOPLIST_KEY_UISupportedInterfaceOrientations_iPad = "UIInterfaceOrientationPortrait UIInterfaceOrientationPortraitUpsideDown UIInterfaceOrientationLandscapeLeft UIInterfaceOrientationLandscapeRight";
				INFOPLIST_KEY_UISupportedInterfaceOrientations_iPhone = "UIInterfaceOrientationPortrait UIInterfaceOrientationLandscapeLeft UIInterfaceOrientationLandscapeRight";
				LD_RUNPATH_SEARCH_PATHS = (
					"$(inherited)",
					"@executable_path/Frameworks",
				);
				MARKETING_VERSION = 1.0;
				PRODUCT_BUNDLE_IDENTIFIER = the.codeholic.Project1;
				PRODUCT_NAME = "$(TARGET_NAME)";
				SWIFT_EMIT_LOC_STRINGS = YES;
				SWIFT_VERSION = 5.0;
				TARGETED_DEVICE_FAMILY = "1,2";
			};
			name = Release;
		};
		4D00C3FA283DF5C6001FA44B /* Debug */ = {
			isa = XCBuildConfiguration;
			buildSettings = {
				ALWAYS_EMBED_SWIFT_STANDARD_LIBRARIES = YES;
				BUNDLE_LOADER = "$(TEST_HOST)";
				CODE_SIGN_STYLE = Automatic;
				CURRENT_PROJECT_VERSION = 1;
				GENERATE_INFOPLIST_FILE = YES;
				IPHONEOS_DEPLOYMENT_TARGET = 15.5;
				MARKETING_VERSION = 1.0;
				PRODUCT_BUNDLE_IDENTIFIER = the.codeholic.Project1Tests;
				PRODUCT_NAME = "$(TARGET_NAME)";
				SWIFT_EMIT_LOC_STRINGS = NO;
				SWIFT_VERSION = 5.0;
				TARGETED_DEVICE_FAMILY = "1,2";
				TEST_HOST = "$(BUILT_PRODUCTS_DIR)/Project1.app/Project1";
			};
			name = Debug;
		};
		4D00C3FB283DF5C6001FA44B /* Release */ = {
			isa = XCBuildConfiguration;
			buildSettings = {
				ALWAYS_EMBED_SWIFT_STANDARD_LIBRARIES = YES;
				BUNDLE_LOADER = "$(TEST_HOST)";
				CODE_SIGN_STYLE = Automatic;
				CURRENT_PROJECT_VERSION = 1;
				GENERATE_INFOPLIST_FILE = YES;
				IPHONEOS_DEPLOYMENT_TARGET = 15.5;
				MARKETING_VERSION = 1.0;
				PRODUCT_BUNDLE_IDENTIFIER = the.codeholic.Project1Tests;
				PRODUCT_NAME = "$(TARGET_NAME)";
				SWIFT_EMIT_LOC_STRINGS = NO;
				SWIFT_VERSION = 5.0;
				TARGETED_DEVICE_FAMILY = "1,2";
				TEST_HOST = "$(BUILT_PRODUCTS_DIR)/Project1.app/Project1";
			};
			name = Release;
		};
		4D00C3FD283DF5C6001FA44B /* Debug */ = {
			isa = XCBuildConfiguration;
			buildSettings = {
				ALWAYS_EMBED_SWIFT_STANDARD_LIBRARIES = YES;
				CODE_SIGN_STYLE = Automatic;
				CURRENT_PROJECT_VERSION = 1;
				GENERATE_INFOPLIST_FILE = YES;
				MARKETING_VERSION = 1.0;
				PRODUCT_BUNDLE_IDENTIFIER = the.codeholic.Project1UITests;
				PRODUCT_NAME = "$(TARGET_NAME)";
				SWIFT_EMIT_LOC_STRINGS = NO;
				SWIFT_VERSION = 5.0;
				TARGETED_DEVICE_FAMILY = "1,2";
				TEST_TARGET_NAME = Project1;
			};
			name = Debug;
		};
		4D00C3FE283DF5C6001FA44B /* Release */ = {
			isa = XCBuildConfiguration;
			buildSettings = {
				ALWAYS_EMBED_SWIFT_STANDARD_LIBRARIES = YES;
				CODE_SIGN_STYLE = Automatic;
				CURRENT_PROJECT_VERSION = 1;
				GENERATE_INFOPLIST_FILE = YES;
				MARKETING_VERSION = 1.0;
				PRODUCT_BUNDLE_IDENTIFIER = the.codeholic.Project1UITests;
				PRODUCT_NAME = "$(TARGET_NAME)";
				SWIFT_EMIT_LOC_STRINGS = NO;
				SWIFT_VERSION = 5.0;
				TARGETED_DEVICE_FAMILY = "1,2";
				TEST_TARGET_NAME = Project1;
			};
			name = Release;
		};
/* End XCBuildConfiguration section */

/* Begin XCConfigurationList section */
		4D00C3C7283DF5C2001FA44B /* Build configuration list for PBXProject "Project1" */ = {
			isa = XCConfigurationList;
			buildConfigurations = (
				4D00C3F4283DF5C6001FA44B /* Debug */,
				4D00C3F5283DF5C6001FA44B /* Release */,
			);
			defaultConfigurationIsVisible = 0;
			defaultConfigurationName = Release;
		};
		4D00C3F6283DF5C6001FA44B /* Build configuration list for PBXNativeTarget "Project1" */ = {
			isa = XCConfigurationList;
			buildConfigurations = (
				4D00C3F7283DF5C6001FA44B /* Debug */,
				4D00C3F8283DF5C6001FA44B /* Release */,
			);
			defaultConfigurationIsVisible = 0;
			defaultConfigurationName = Release;
		};
		4D00C3F9283DF5C6001FA44B /* Build configuration list for PBXNativeTarget "Project1Tests" */ = {
			isa = XCConfigurationList;
			buildConfigurations = (
				4D00C3FA283DF5C6001FA44B /* Debug */,
				4D00C3FB283DF5C6001FA44B /* Release */,
			);
			defaultConfigurationIsVisible = 0;
			defaultConfigurationName = Release;
		};
		4D00C3FC283DF5C6001FA44B /* Build configuration list for PBXNativeTarget "Project1UITests" */ = {
			isa = XCConfigurationList;
			buildConfigurations = (
				4D00C3FD283DF5C6001FA44B /* Debug */,
				4D00C3FE283DF5C6001FA44B /* Release */,
			);
			defaultConfigurationIsVisible = 0;
			defaultConfigurationName = Release;
		};
/* End XCConfigurationList section */
	};
	rootObject = 4D00C3C4283DF5C2001FA44B /* Project object */;
}
