// !$*UTF8*$!
{
	archiveVersion = 1;
	classes = {
	};
	objectVersion = 56;
	objects = {

/* Begin PBXBuildFile section */
		1604329B1C7F2C7E79C91B26 /* Pods_unsplash_app_unsplash_appUITests.framework in Frameworks */ = {isa = PBXBuildFile; fileRef = D4D7577EE138CE152483AA48 /* Pods_unsplash_app_unsplash_appUITests.framework */; };
		4D6B105929531A540062077A /* AppDelegate.swift in Sources */ = {isa = PBXBuildFile; fileRef = 4D6B105829531A540062077A /* AppDelegate.swift */; };
		4D6B105B29531A540062077A /* SceneDelegate.swift in Sources */ = {isa = PBXBuildFile; fileRef = 4D6B105A29531A540062077A /* SceneDelegate.swift */; };
		4D6B105D29531A540062077A /* ViewController.swift in Sources */ = {isa = PBXBuildFile; fileRef = 4D6B105C29531A540062077A /* ViewController.swift */; };
		4D6B106029531A540062077A /* Main.storyboard in Resources */ = {isa = PBXBuildFile; fileRef = 4D6B105E29531A540062077A /* Main.storyboard */; };
		4D6B106229531A550062077A /* Assets.xcassets in Resources */ = {isa = PBXBuildFile; fileRef = 4D6B106129531A550062077A /* Assets.xcassets */; };
		4D6B106529531A550062077A /* LaunchScreen.storyboard in Resources */ = {isa = PBXBuildFile; fileRef = 4D6B106329531A550062077A /* LaunchScreen.storyboard */; };
		4D6B107029531A550062077A /* unsplash_appTests.swift in Sources */ = {isa = PBXBuildFile; fileRef = 4D6B106F29531A550062077A /* unsplash_appTests.swift */; };
		4D6B107A29531A550062077A /* unsplash_appUITests.swift in Sources */ = {isa = PBXBuildFile; fileRef = 4D6B107929531A550062077A /* unsplash_appUITests.swift */; };
		4D6B107C29531A550062077A /* unsplash_appUITestsLaunchTests.swift in Sources */ = {isa = PBXBuildFile; fileRef = 4D6B107B29531A550062077A /* unsplash_appUITestsLaunchTests.swift */; };
		4D6B108929531B020062077A /* PhotoService.swift in Sources */ = {isa = PBXBuildFile; fileRef = 4D6B108829531B020062077A /* PhotoService.swift */; };
		5C5D32F4FE6C6A12B081A1DD /* Pods_unsplash_appTests.framework in Frameworks */ = {isa = PBXBuildFile; fileRef = 3C40A09CDC1386D628F2D8A3 /* Pods_unsplash_appTests.framework */; };
		FA110DF3343F49B0EE87DB60 /* Pods_unsplash_app.framework in Frameworks */ = {isa = PBXBuildFile; fileRef = EF7DD801F1BBC059DBE2BFC9 /* Pods_unsplash_app.framework */; };
/* End PBXBuildFile section */

/* Begin PBXContainerItemProxy section */
		4D6B106C29531A550062077A /* PBXContainerItemProxy */ = {
			isa = PBXContainerItemProxy;
			containerPortal = 4D6B104D29531A540062077A /* Project object */;
			proxyType = 1;
			remoteGlobalIDString = 4D6B105429531A540062077A;
			remoteInfo = unsplash_app;
		};
		4D6B107629531A550062077A /* PBXContainerItemProxy */ = {
			isa = PBXContainerItemProxy;
			containerPortal = 4D6B104D29531A540062077A /* Project object */;
			proxyType = 1;
			remoteGlobalIDString = 4D6B105429531A540062077A;
			remoteInfo = unsplash_app;
		};
/* End PBXContainerItemProxy section */

/* Begin PBXFileReference section */
		0D81ED2D36AA3DDF23092A65 /* Pods-unsplash_app-unsplash_appUITests.debug.xcconfig */ = {isa = PBXFileReference; includeInIndex = 1; lastKnownFileType = text.xcconfig; name = "Pods-unsplash_app-unsplash_appUITests.debug.xcconfig"; path = "Target Support Files/Pods-unsplash_app-unsplash_appUITests/Pods-unsplash_app-unsplash_appUITests.debug.xcconfig"; sourceTree = "<group>"; };
		18D8ACF81631A477188DB1CE /* Pods-unsplash_app.release.xcconfig */ = {isa = PBXFileReference; includeInIndex = 1; lastKnownFileType = text.xcconfig; name = "Pods-unsplash_app.release.xcconfig"; path = "Target Support Files/Pods-unsplash_app/Pods-unsplash_app.release.xcconfig"; sourceTree = "<group>"; };
		3C40A09CDC1386D628F2D8A3 /* Pods_unsplash_appTests.framework */ = {isa = PBXFileReference; explicitFileType = wrapper.framework; includeInIndex = 0; path = Pods_unsplash_appTests.framework; sourceTree = BUILT_PRODUCTS_DIR; };
		4D6B105529531A540062077A /* unsplash_app.app */ = {isa = PBXFileReference; explicitFileType = wrapper.application; includeInIndex = 0; path = unsplash_app.app; sourceTree = BUILT_PRODUCTS_DIR; };
		4D6B105829531A540062077A /* AppDelegate.swift */ = {isa = PBXFileReference; lastKnownFileType = sourcecode.swift; path = AppDelegate.swift; sourceTree = "<group>"; };
		4D6B105A29531A540062077A /* SceneDelegate.swift */ = {isa = PBXFileReference; lastKnownFileType = sourcecode.swift; path = SceneDelegate.swift; sourceTree = "<group>"; };
		4D6B105C29531A540062077A /* ViewController.swift */ = {isa = PBXFileReference; lastKnownFileType = sourcecode.swift; path = ViewController.swift; sourceTree = "<group>"; };
		4D6B105F29531A540062077A /* Base */ = {isa = PBXFileReference; lastKnownFileType = file.storyboard; name = Base; path = Base.lproj/Main.storyboard; sourceTree = "<group>"; };
		4D6B106129531A550062077A /* Assets.xcassets */ = {isa = PBXFileReference; lastKnownFileType = folder.assetcatalog; path = Assets.xcassets; sourceTree = "<group>"; };
		4D6B106429531A550062077A /* Base */ = {isa = PBXFileReference; lastKnownFileType = file.storyboard; name = Base; path = Base.lproj/LaunchScreen.storyboard; sourceTree = "<group>"; };
		4D6B106629531A550062077A /* Info.plist */ = {isa = PBXFileReference; lastKnownFileType = text.plist.xml; path = Info.plist; sourceTree = "<group>"; };
		4D6B106B29531A550062077A /* unsplash_appTests.xctest */ = {isa = PBXFileReference; explicitFileType = wrapper.cfbundle; includeInIndex = 0; path = unsplash_appTests.xctest; sourceTree = BUILT_PRODUCTS_DIR; };
		4D6B106F29531A550062077A /* unsplash_appTests.swift */ = {isa = PBXFileReference; lastKnownFileType = sourcecode.swift; path = unsplash_appTests.swift; sourceTree = "<group>"; };
		4D6B107529531A550062077A /* unsplash_appUITests.xctest */ = {isa = PBXFileReference; explicitFileType = wrapper.cfbundle; includeInIndex = 0; path = unsplash_appUITests.xctest; sourceTree = BUILT_PRODUCTS_DIR; };
		4D6B107929531A550062077A /* unsplash_appUITests.swift */ = {isa = PBXFileReference; lastKnownFileType = sourcecode.swift; path = unsplash_appUITests.swift; sourceTree = "<group>"; };
		4D6B107B29531A550062077A /* unsplash_appUITestsLaunchTests.swift */ = {isa = PBXFileReference; lastKnownFileType = sourcecode.swift; path = unsplash_appUITestsLaunchTests.swift; sourceTree = "<group>"; };
		4D6B108829531B020062077A /* PhotoService.swift */ = {isa = PBXFileReference; lastKnownFileType = sourcecode.swift; path = PhotoService.swift; sourceTree = "<group>"; };
		51F7A039132573B4FDBD2DF3 /* Pods-unsplash_app.debug.xcconfig */ = {isa = PBXFileReference; includeInIndex = 1; lastKnownFileType = text.xcconfig; name = "Pods-unsplash_app.debug.xcconfig"; path = "Target Support Files/Pods-unsplash_app/Pods-unsplash_app.debug.xcconfig"; sourceTree = "<group>"; };
		8851C957727ED18D2E7C41FF /* Pods-unsplash_appTests.debug.xcconfig */ = {isa = PBXFileReference; includeInIndex = 1; lastKnownFileType = text.xcconfig; name = "Pods-unsplash_appTests.debug.xcconfig"; path = "Target Support Files/Pods-unsplash_appTests/Pods-unsplash_appTests.debug.xcconfig"; sourceTree = "<group>"; };
		8D5228128E606C906CFD3492 /* Pods-unsplash_app-unsplash_appUITests.release.xcconfig */ = {isa = PBXFileReference; includeInIndex = 1; lastKnownFileType = text.xcconfig; name = "Pods-unsplash_app-unsplash_appUITests.release.xcconfig"; path = "Target Support Files/Pods-unsplash_app-unsplash_appUITests/Pods-unsplash_app-unsplash_appUITests.release.xcconfig"; sourceTree = "<group>"; };
		D4D7577EE138CE152483AA48 /* Pods_unsplash_app_unsplash_appUITests.framework */ = {isa = PBXFileReference; explicitFileType = wrapper.framework; includeInIndex = 0; path = Pods_unsplash_app_unsplash_appUITests.framework; sourceTree = BUILT_PRODUCTS_DIR; };
		E11EECA78BBB545B45F76FB4 /* Pods-unsplash_appTests.release.xcconfig */ = {isa = PBXFileReference; includeInIndex = 1; lastKnownFileType = text.xcconfig; name = "Pods-unsplash_appTests.release.xcconfig"; path = "Target Support Files/Pods-unsplash_appTests/Pods-unsplash_appTests.release.xcconfig"; sourceTree = "<group>"; };
		EF7DD801F1BBC059DBE2BFC9 /* Pods_unsplash_app.framework */ = {isa = PBXFileReference; explicitFileType = wrapper.framework; includeInIndex = 0; path = Pods_unsplash_app.framework; sourceTree = BUILT_PRODUCTS_DIR; };
/* End PBXFileReference section */

/* Begin PBXFrameworksBuildPhase section */
		4D6B105229531A540062077A /* Frameworks */ = {
			isa = PBXFrameworksBuildPhase;
			buildActionMask = 2147483647;
			files = (
				FA110DF3343F49B0EE87DB60 /* Pods_unsplash_app.framework in Frameworks */,
			);
			runOnlyForDeploymentPostprocessing = 0;
		};
		4D6B106829531A550062077A /* Frameworks */ = {
			isa = PBXFrameworksBuildPhase;
			buildActionMask = 2147483647;
			files = (
				5C5D32F4FE6C6A12B081A1DD /* Pods_unsplash_appTests.framework in Frameworks */,
			);
			runOnlyForDeploymentPostprocessing = 0;
		};
		4D6B107229531A550062077A /* Frameworks */ = {
			isa = PBXFrameworksBuildPhase;
			buildActionMask = 2147483647;
			files = (
				1604329B1C7F2C7E79C91B26 /* Pods_unsplash_app_unsplash_appUITests.framework in Frameworks */,
			);
			runOnlyForDeploymentPostprocessing = 0;
		};
/* End PBXFrameworksBuildPhase section */

/* Begin PBXGroup section */
		38FB8EA5AD4D2660BC559DBD /* Pods */ = {
			isa = PBXGroup;
			children = (
				51F7A039132573B4FDBD2DF3 /* Pods-unsplash_app.debug.xcconfig */,
				18D8ACF81631A477188DB1CE /* Pods-unsplash_app.release.xcconfig */,
				0D81ED2D36AA3DDF23092A65 /* Pods-unsplash_app-unsplash_appUITests.debug.xcconfig */,
				8D5228128E606C906CFD3492 /* Pods-unsplash_app-unsplash_appUITests.release.xcconfig */,
				8851C957727ED18D2E7C41FF /* Pods-unsplash_appTests.debug.xcconfig */,
				E11EECA78BBB545B45F76FB4 /* Pods-unsplash_appTests.release.xcconfig */,
			);
			name = Pods;
			path = Pods;
			sourceTree = "<group>";
		};
		4D6B104C29531A540062077A = {
			isa = PBXGroup;
			children = (
				4D6B105729531A540062077A /* unsplash_app */,
				4D6B106E29531A550062077A /* unsplash_appTests */,
				4D6B107829531A550062077A /* unsplash_appUITests */,
				4D6B105629531A540062077A /* Products */,
				38FB8EA5AD4D2660BC559DBD /* Pods */,
				710FEA61E1BE87C83E4BD99D /* Frameworks */,
			);
			sourceTree = "<group>";
		};
		4D6B105629531A540062077A /* Products */ = {
			isa = PBXGroup;
			children = (
				4D6B105529531A540062077A /* unsplash_app.app */,
				4D6B106B29531A550062077A /* unsplash_appTests.xctest */,
				4D6B107529531A550062077A /* unsplash_appUITests.xctest */,
			);
			name = Products;
			sourceTree = "<group>";
		};
		4D6B105729531A540062077A /* unsplash_app */ = {
			isa = PBXGroup;
			children = (
				4D6B105829531A540062077A /* AppDelegate.swift */,
				4D6B105A29531A540062077A /* SceneDelegate.swift */,
				4D6B105C29531A540062077A /* ViewController.swift */,
				4D6B105E29531A540062077A /* Main.storyboard */,
				4D6B106129531A550062077A /* Assets.xcassets */,
				4D6B106329531A550062077A /* LaunchScreen.storyboard */,
				4D6B106629531A550062077A /* Info.plist */,
				4D6B108829531B020062077A /* PhotoService.swift */,
			);
			path = unsplash_app;
			sourceTree = "<group>";
		};
		4D6B106E29531A550062077A /* unsplash_appTests */ = {
			isa = PBXGroup;
			children = (
				4D6B106F29531A550062077A /* unsplash_appTests.swift */,
			);
			path = unsplash_appTests;
			sourceTree = "<group>";
		};
		4D6B107829531A550062077A /* unsplash_appUITests */ = {
			isa = PBXGroup;
			children = (
				4D6B107929531A550062077A /* unsplash_appUITests.swift */,
				4D6B107B29531A550062077A /* unsplash_appUITestsLaunchTests.swift */,
			);
			path = unsplash_appUITests;
			sourceTree = "<group>";
		};
		710FEA61E1BE87C83E4BD99D /* Frameworks */ = {
			isa = PBXGroup;
			children = (
				EF7DD801F1BBC059DBE2BFC9 /* Pods_unsplash_app.framework */,
				D4D7577EE138CE152483AA48 /* Pods_unsplash_app_unsplash_appUITests.framework */,
				3C40A09CDC1386D628F2D8A3 /* Pods_unsplash_appTests.framework */,
			);
			name = Frameworks;
			sourceTree = "<group>";
		};
/* End PBXGroup section */

/* Begin PBXNativeTarget section */
		4D6B105429531A540062077A /* unsplash_app */ = {
			isa = PBXNativeTarget;
			buildConfigurationList = 4D6B107F29531A550062077A /* Build configuration list for PBXNativeTarget "unsplash_app" */;
			buildPhases = (
				48B60F8FB5E8FE26BE81C120 /* [CP] Check Pods Manifest.lock */,
				4D6B105129531A540062077A /* Sources */,
				4D6B105229531A540062077A /* Frameworks */,
				4D6B105329531A540062077A /* Resources */,
			);
			buildRules = (
			);
			dependencies = (
			);
			name = unsplash_app;
			productName = unsplash_app;
			productReference = 4D6B105529531A540062077A /* unsplash_app.app */;
			productType = "com.apple.product-type.application";
		};
		4D6B106A29531A550062077A /* unsplash_appTests */ = {
			isa = PBXNativeTarget;
			buildConfigurationList = 4D6B108229531A550062077A /* Build configuration list for PBXNativeTarget "unsplash_appTests" */;
			buildPhases = (
				695C209B5253C7E07B34AC32 /* [CP] Check Pods Manifest.lock */,
				4D6B106729531A550062077A /* Sources */,
				4D6B106829531A550062077A /* Frameworks */,
				4D6B106929531A550062077A /* Resources */,
			);
			buildRules = (
			);
			dependencies = (
				4D6B106D29531A550062077A /* PBXTargetDependency */,
			);
			name = unsplash_appTests;
			productName = unsplash_appTests;
			productReference = 4D6B106B29531A550062077A /* unsplash_appTests.xctest */;
			productType = "com.apple.product-type.bundle.unit-test";
		};
		4D6B107429531A550062077A /* unsplash_appUITests */ = {
			isa = PBXNativeTarget;
			buildConfigurationList = 4D6B108529531A550062077A /* Build configuration list for PBXNativeTarget "unsplash_appUITests" */;
			buildPhases = (
				77856CA0AB0B90399608B9E9 /* [CP] Check Pods Manifest.lock */,
				4D6B107129531A550062077A /* Sources */,
				4D6B107229531A550062077A /* Frameworks */,
				4D6B107329531A550062077A /* Resources */,
			);
			buildRules = (
			);
			dependencies = (
				4D6B107729531A550062077A /* PBXTargetDependency */,
			);
			name = unsplash_appUITests;
			productName = unsplash_appUITests;
			productReference = 4D6B107529531A550062077A /* unsplash_appUITests.xctest */;
			productType = "com.apple.product-type.bundle.ui-testing";
		};
/* End PBXNativeTarget section */

/* Begin PBXProject section */
		4D6B104D29531A540062077A /* Project object */ = {
			isa = PBXProject;
			attributes = {
				BuildIndependentTargetsInParallel = 1;
				LastSwiftUpdateCheck = 1420;
				LastUpgradeCheck = 1420;
				TargetAttributes = {
					4D6B105429531A540062077A = {
						CreatedOnToolsVersion = 14.2;
					};
					4D6B106A29531A550062077A = {
						CreatedOnToolsVersion = 14.2;
						TestTargetID = 4D6B105429531A540062077A;
					};
					4D6B107429531A550062077A = {
						CreatedOnToolsVersion = 14.2;
						TestTargetID = 4D6B105429531A540062077A;
					};
				};
			};
			buildConfigurationList = 4D6B105029531A540062077A /* Build configuration list for PBXProject "unsplash_app" */;
			compatibilityVersion = "Xcode 14.0";
			developmentRegion = en;
			hasScannedForEncodings = 0;
			knownRegions = (
				en,
				Base,
			);
			mainGroup = 4D6B104C29531A540062077A;
			productRefGroup = 4D6B105629531A540062077A /* Products */;
			projectDirPath = "";
			projectRoot = "";
			targets = (
				4D6B105429531A540062077A /* unsplash_app */,
				4D6B106A29531A550062077A /* unsplash_appTests */,
				4D6B107429531A550062077A /* unsplash_appUITests */,
			);
		};
/* End PBXProject section */

/* Begin PBXResourcesBuildPhase section */
		4D6B105329531A540062077A /* Resources */ = {
			isa = PBXResourcesBuildPhase;
			buildActionMask = 2147483647;
			files = (
				4D6B106529531A550062077A /* LaunchScreen.storyboard in Resources */,
				4D6B106229531A550062077A /* Assets.xcassets in Resources */,
				4D6B106029531A540062077A /* Main.storyboard in Resources */,
			);
			runOnlyForDeploymentPostprocessing = 0;
		};
		4D6B106929531A550062077A /* Resources */ = {
			isa = PBXResourcesBuildPhase;
			buildActionMask = 2147483647;
			files = (
			);
			runOnlyForDeploymentPostprocessing = 0;
		};
		4D6B107329531A550062077A /* Resources */ = {
			isa = PBXResourcesBuildPhase;
			buildActionMask = 2147483647;
			files = (
			);
			runOnlyForDeploymentPostprocessing = 0;
		};
/* End PBXResourcesBuildPhase section */

/* Begin PBXShellScriptBuildPhase section */
		48B60F8FB5E8FE26BE81C120 /* [CP] Check Pods Manifest.lock */ = {
			isa = PBXShellScriptBuildPhase;
			buildActionMask = 2147483647;
			files = (
			);
			inputFileListPaths = (
			);
			inputPaths = (
				"${PODS_PODFILE_DIR_PATH}/Podfile.lock",
				"${PODS_ROOT}/Manifest.lock",
			);
			name = "[CP] Check Pods Manifest.lock";
			outputFileListPaths = (
			);
			outputPaths = (
				"$(DERIVED_FILE_DIR)/Pods-unsplash_app-checkManifestLockResult.txt",
			);
			runOnlyForDeploymentPostprocessing = 0;
			shellPath = /bin/sh;
			shellScript = "diff \"${PODS_PODFILE_DIR_PATH}/Podfile.lock\" \"${PODS_ROOT}/Manifest.lock\" > /dev/null\nif [ $? != 0 ] ; then\n    # print error to STDERR\n    echo \"error: The sandbox is not in sync with the Podfile.lock. Run 'pod install' or update your CocoaPods installation.\" >&2\n    exit 1\nfi\n# This output is used by Xcode 'outputs' to avoid re-running this script phase.\necho \"SUCCESS\" > \"${SCRIPT_OUTPUT_FILE_0}\"\n";
			showEnvVarsInLog = 0;
		};
		695C209B5253C7E07B34AC32 /* [CP] Check Pods Manifest.lock */ = {
			isa = PBXShellScriptBuildPhase;
			buildActionMask = 2147483647;
			files = (
			);
			inputFileListPaths = (
			);
			inputPaths = (
				"${PODS_PODFILE_DIR_PATH}/Podfile.lock",
				"${PODS_ROOT}/Manifest.lock",
			);
			name = "[CP] Check Pods Manifest.lock";
			outputFileListPaths = (
			);
			outputPaths = (
				"$(DERIVED_FILE_DIR)/Pods-unsplash_appTests-checkManifestLockResult.txt",
			);
			runOnlyForDeploymentPostprocessing = 0;
			shellPath = /bin/sh;
			shellScript = "diff \"${PODS_PODFILE_DIR_PATH}/Podfile.lock\" \"${PODS_ROOT}/Manifest.lock\" > /dev/null\nif [ $? != 0 ] ; then\n    # print error to STDERR\n    echo \"error: The sandbox is not in sync with the Podfile.lock. Run 'pod install' or update your CocoaPods installation.\" >&2\n    exit 1\nfi\n# This output is used by Xcode 'outputs' to avoid re-running this script phase.\necho \"SUCCESS\" > \"${SCRIPT_OUTPUT_FILE_0}\"\n";
			showEnvVarsInLog = 0;
		};
		77856CA0AB0B90399608B9E9 /* [CP] Check Pods Manifest.lock */ = {
			isa = PBXShellScriptBuildPhase;
			buildActionMask = 2147483647;
			files = (
			);
			inputFileListPaths = (
			);
			inputPaths = (
				"${PODS_PODFILE_DIR_PATH}/Podfile.lock",
				"${PODS_ROOT}/Manifest.lock",
			);
			name = "[CP] Check Pods Manifest.lock";
			outputFileListPaths = (
			);
			outputPaths = (
				"$(DERIVED_FILE_DIR)/Pods-unsplash_app-unsplash_appUITests-checkManifestLockResult.txt",
			);
			runOnlyForDeploymentPostprocessing = 0;
			shellPath = /bin/sh;
			shellScript = "diff \"${PODS_PODFILE_DIR_PATH}/Podfile.lock\" \"${PODS_ROOT}/Manifest.lock\" > /dev/null\nif [ $? != 0 ] ; then\n    # print error to STDERR\n    echo \"error: The sandbox is not in sync with the Podfile.lock. Run 'pod install' or update your CocoaPods installation.\" >&2\n    exit 1\nfi\n# This output is used by Xcode 'outputs' to avoid re-running this script phase.\necho \"SUCCESS\" > \"${SCRIPT_OUTPUT_FILE_0}\"\n";
			showEnvVarsInLog = 0;
		};
/* End PBXShellScriptBuildPhase section */

/* Begin PBXSourcesBuildPhase section */
		4D6B105129531A540062077A /* Sources */ = {
			isa = PBXSourcesBuildPhase;
			buildActionMask = 2147483647;
			files = (
				4D6B108929531B020062077A /* PhotoService.swift in Sources */,
				4D6B105D29531A540062077A /* ViewController.swift in Sources */,
				4D6B105929531A540062077A /* AppDelegate.swift in Sources */,
				4D6B105B29531A540062077A /* SceneDelegate.swift in Sources */,
			);
			runOnlyForDeploymentPostprocessing = 0;
		};
		4D6B106729531A550062077A /* Sources */ = {
			isa = PBXSourcesBuildPhase;
			buildActionMask = 2147483647;
			files = (
				4D6B107029531A550062077A /* unsplash_appTests.swift in Sources */,
			);
			runOnlyForDeploymentPostprocessing = 0;
		};
		4D6B107129531A550062077A /* Sources */ = {
			isa = PBXSourcesBuildPhase;
			buildActionMask = 2147483647;
			files = (
				4D6B107C29531A550062077A /* unsplash_appUITestsLaunchTests.swift in Sources */,
				4D6B107A29531A550062077A /* unsplash_appUITests.swift in Sources */,
			);
			runOnlyForDeploymentPostprocessing = 0;
		};
/* End PBXSourcesBuildPhase section */

/* Begin PBXTargetDependency section */
		4D6B106D29531A550062077A /* PBXTargetDependency */ = {
			isa = PBXTargetDependency;
			target = 4D6B105429531A540062077A /* unsplash_app */;
			targetProxy = 4D6B106C29531A550062077A /* PBXContainerItemProxy */;
		};
		4D6B107729531A550062077A /* PBXTargetDependency */ = {
			isa = PBXTargetDependency;
			target = 4D6B105429531A540062077A /* unsplash_app */;
			targetProxy = 4D6B107629531A550062077A /* PBXContainerItemProxy */;
		};
/* End PBXTargetDependency section */

/* Begin PBXVariantGroup section */
		4D6B105E29531A540062077A /* Main.storyboard */ = {
			isa = PBXVariantGroup;
			children = (
				4D6B105F29531A540062077A /* Base */,
			);
			name = Main.storyboard;
			sourceTree = "<group>";
		};
		4D6B106329531A550062077A /* LaunchScreen.storyboard */ = {
			isa = PBXVariantGroup;
			children = (
				4D6B106429531A550062077A /* Base */,
			);
			name = LaunchScreen.storyboard;
			sourceTree = "<group>";
		};
/* End PBXVariantGroup section */

/* Begin XCBuildConfiguration section */
		4D6B107D29531A550062077A /* Debug */ = {
			isa = XCBuildConfiguration;
			buildSettings = {
				ALWAYS_SEARCH_USER_PATHS = NO;
				CLANG_ANALYZER_NONNULL = YES;
				CLANG_ANALYZER_NUMBER_OBJECT_CONVERSION = YES_AGGRESSIVE;
				CLANG_CXX_LANGUAGE_STANDARD = "gnu++20";
				CLANG_ENABLE_MODULES = YES;
				CLANG_ENABLE_OBJC_ARC = YES;
				CLANG_ENABLE_OBJC_WEAK = YES;
				CLANG_WARN_BLOCK_CAPTURE_AUTORELEASING = YES;
				CLANG_WARN_BOOL_CONVERSION = YES;
				CLANG_WARN_COMMA = YES;
				CLANG_WARN_CONSTANT_CONVERSION = YES;
				CLANG_WARN_DEPRECATED_OBJC_IMPLEMENTATIONS = YES;
				CLANG_WARN_DIRECT_OBJC_ISA_USAGE = YES_ERROR;
				CLANG_WARN_DOCUMENTATION_COMMENTS = YES;
				CLANG_WARN_EMPTY_BODY = YES;
				CLANG_WARN_ENUM_CONVERSION = YES;
				CLANG_WARN_INFINITE_RECURSION = YES;
				CLANG_WARN_INT_CONVERSION = YES;
				CLANG_WARN_NON_LITERAL_NULL_CONVERSION = YES;
				CLANG_WARN_OBJC_IMPLICIT_RETAIN_SELF = YES;
				CLANG_WARN_OBJC_LITERAL_CONVERSION = YES;
				CLANG_WARN_OBJC_ROOT_CLASS = YES_ERROR;
				CLANG_WARN_QUOTED_INCLUDE_IN_FRAMEWORK_HEADER = YES;
				CLANG_WARN_RANGE_LOOP_ANALYSIS = YES;
				CLANG_WARN_STRICT_PROTOTYPES = YES;
				CLANG_WARN_SUSPICIOUS_MOVE = YES;
				CLANG_WARN_UNGUARDED_AVAILABILITY = YES_AGGRESSIVE;
				CLANG_WARN_UNREACHABLE_CODE = YES;
				CLANG_WARN__DUPLICATE_METHOD_MATCH = YES;
				COPY_PHASE_STRIP = NO;
				DEBUG_INFORMATION_FORMAT = dwarf;
				ENABLE_STRICT_OBJC_MSGSEND = YES;
				ENABLE_TESTABILITY = YES;
				GCC_C_LANGUAGE_STANDARD = gnu11;
				GCC_DYNAMIC_NO_PIC = NO;
				GCC_NO_COMMON_BLOCKS = YES;
				GCC_OPTIMIZATION_LEVEL = 0;
				GCC_PREPROCESSOR_DEFINITIONS = (
					"DEBUG=1",
					"$(inherited)",
				);
				GCC_WARN_64_TO_32_BIT_CONVERSION = YES;
				GCC_WARN_ABOUT_RETURN_TYPE = YES_ERROR;
				GCC_WARN_UNDECLARED_SELECTOR = YES;
				GCC_WARN_UNINITIALIZED_AUTOS = YES_AGGRESSIVE;
				GCC_WARN_UNUSED_FUNCTION = YES;
				GCC_WARN_UNUSED_VARIABLE = YES;
				IPHONEOS_DEPLOYMENT_TARGET = 16.2;
				MTL_ENABLE_DEBUG_INFO = INCLUDE_SOURCE;
				MTL_FAST_MATH = YES;
				ONLY_ACTIVE_ARCH = YES;
				SDKROOT = iphoneos;
				SWIFT_ACTIVE_COMPILATION_CONDITIONS = DEBUG;
				SWIFT_OPTIMIZATION_LEVEL = "-Onone";
			};
			name = Debug;
		};
		4D6B107E29531A550062077A /* Release */ = {
			isa = XCBuildConfiguration;
			buildSettings = {
				ALWAYS_SEARCH_USER_PATHS = NO;
				CLANG_ANALYZER_NONNULL = YES;
				CLANG_ANALYZER_NUMBER_OBJECT_CONVERSION = YES_AGGRESSIVE;
				CLANG_CXX_LANGUAGE_STANDARD = "gnu++20";
				CLANG_ENABLE_MODULES = YES;
				CLANG_ENABLE_OBJC_ARC = YES;
				CLANG_ENABLE_OBJC_WEAK = YES;
				CLANG_WARN_BLOCK_CAPTURE_AUTORELEASING = YES;
				CLANG_WARN_BOOL_CONVERSION = YES;
				CLANG_WARN_COMMA = YES;
				CLANG_WARN_CONSTANT_CONVERSION = YES;
				CLANG_WARN_DEPRECATED_OBJC_IMPLEMENTATIONS = YES;
				CLANG_WARN_DIRECT_OBJC_ISA_USAGE = YES_ERROR;
				CLANG_WARN_DOCUMENTATION_COMMENTS = YES;
				CLANG_WARN_EMPTY_BODY = YES;
				CLANG_WARN_ENUM_CONVERSION = YES;
				CLANG_WARN_INFINITE_RECURSION = YES;
				CLANG_WARN_INT_CONVERSION = YES;
				CLANG_WARN_NON_LITERAL_NULL_CONVERSION = YES;
				CLANG_WARN_OBJC_IMPLICIT_RETAIN_SELF = YES;
				CLANG_WARN_OBJC_LITERAL_CONVERSION = YES;
				CLANG_WARN_OBJC_ROOT_CLASS = YES_ERROR;
				CLANG_WARN_QUOTED_INCLUDE_IN_FRAMEWORK_HEADER = YES;
				CLANG_WARN_RANGE_LOOP_ANALYSIS = YES;
				CLANG_WARN_STRICT_PROTOTYPES = YES;
				CLANG_WARN_SUSPICIOUS_MOVE = YES;
				CLANG_WARN_UNGUARDED_AVAILABILITY = YES_AGGRESSIVE;
				CLANG_WARN_UNREACHABLE_CODE = YES;
				CLANG_WARN__DUPLICATE_METHOD_MATCH = YES;
				COPY_PHASE_STRIP = NO;
				DEBUG_INFORMATION_FORMAT = "dwarf-with-dsym";
				ENABLE_NS_ASSERTIONS = NO;
				ENABLE_STRICT_OBJC_MSGSEND = YES;
				GCC_C_LANGUAGE_STANDARD = gnu11;
				GCC_NO_COMMON_BLOCKS = YES;
				GCC_WARN_64_TO_32_BIT_CONVERSION = YES;
				GCC_WARN_ABOUT_RETURN_TYPE = YES_ERROR;
				GCC_WARN_UNDECLARED_SELECTOR = YES;
				GCC_WARN_UNINITIALIZED_AUTOS = YES_AGGRESSIVE;
				GCC_WARN_UNUSED_FUNCTION = YES;
				GCC_WARN_UNUSED_VARIABLE = YES;
				IPHONEOS_DEPLOYMENT_TARGET = 16.2;
				MTL_ENABLE_DEBUG_INFO = NO;
				MTL_FAST_MATH = YES;
				SDKROOT = iphoneos;
				SWIFT_COMPILATION_MODE = wholemodule;
				SWIFT_OPTIMIZATION_LEVEL = "-O";
				VALIDATE_PRODUCT = YES;
			};
			name = Release;
		};
		4D6B108029531A550062077A /* Debug */ = {
			isa = XCBuildConfiguration;
			baseConfigurationReference = 51F7A039132573B4FDBD2DF3 /* Pods-unsplash_app.debug.xcconfig */;
			buildSettings = {
				ASSETCATALOG_COMPILER_APPICON_NAME = AppIcon;
				ASSETCATALOG_COMPILER_GLOBAL_ACCENT_COLOR_NAME = AccentColor;
				CODE_SIGN_STYLE = Automatic;
				CURRENT_PROJECT_VERSION = 1;
				DEVELOPMENT_TEAM = 853K3F2A4U;
				GENERATE_INFOPLIST_FILE = YES;
				INFOPLIST_FILE = unsplash_app/Info.plist;
				INFOPLIST_KEY_UIApplicationSupportsIndirectInputEvents = YES;
				INFOPLIST_KEY_UILaunchStoryboardName = LaunchScreen;
				INFOPLIST_KEY_UIMainStoryboardFile = Main;
				INFOPLIST_KEY_UISupportedInterfaceOrientations_iPad = "UIInterfaceOrientationPortrait UIInterfaceOrientationPortraitUpsideDown UIInterfaceOrientationLandscapeLeft UIInterfaceOrientationLandscapeRight";
				INFOPLIST_KEY_UISupportedInterfaceOrientations_iPhone = "UIInterfaceOrientationPortrait UIInterfaceOrientationLandscapeLeft UIInterfaceOrientationLandscapeRight";
				LD_RUNPATH_SEARCH_PATHS = (
					"$(inherited)",
					"@executable_path/Frameworks",
				);
				MARKETING_VERSION = 1.0;
				PRODUCT_BUNDLE_IDENTIFIER = "the.codeholic.unsplash-app";
				PRODUCT_NAME = "$(TARGET_NAME)";
				SWIFT_EMIT_LOC_STRINGS = YES;
				SWIFT_VERSION = 5.0;
				TARGETED_DEVICE_FAMILY = "1,2";
			};
			name = Debug;
		};
		4D6B108129531A550062077A /* Release */ = {
			isa = XCBuildConfiguration;
			baseConfigurationReference = 18D8ACF81631A477188DB1CE /* Pods-unsplash_app.release.xcconfig */;
			buildSettings = {
				ASSETCATALOG_COMPILER_APPICON_NAME = AppIcon;
				ASSETCATALOG_COMPILER_GLOBAL_ACCENT_COLOR_NAME = AccentColor;
				CODE_SIGN_STYLE = Automatic;
				CURRENT_PROJECT_VERSION = 1;
				DEVELOPMENT_TEAM = 853K3F2A4U;
				GENERATE_INFOPLIST_FILE = YES;
				INFOPLIST_FILE = unsplash_app/Info.plist;
				INFOPLIST_KEY_UIApplicationSupportsIndirectInputEvents = YES;
				INFOPLIST_KEY_UILaunchStoryboardName = LaunchScreen;
				INFOPLIST_KEY_UIMainStoryboardFile = Main;
				INFOPLIST_KEY_UISupportedInterfaceOrientations_iPad = "UIInterfaceOrientationPortrait UIInterfaceOrientationPortraitUpsideDown UIInterfaceOrientationLandscapeLeft UIInterfaceOrientationLandscapeRight";
				INFOPLIST_KEY_UISupportedInterfaceOrientations_iPhone = "UIInterfaceOrientationPortrait UIInterfaceOrientationLandscapeLeft UIInterfaceOrientationLandscapeRight";
				LD_RUNPATH_SEARCH_PATHS = (
					"$(inherited)",
					"@executable_path/Frameworks",
				);
				MARKETING_VERSION = 1.0;
				PRODUCT_BUNDLE_IDENTIFIER = "the.codeholic.unsplash-app";
				PRODUCT_NAME = "$(TARGET_NAME)";
				SWIFT_EMIT_LOC_STRINGS = YES;
				SWIFT_VERSION = 5.0;
				TARGETED_DEVICE_FAMILY = "1,2";
			};
			name = Release;
		};
		4D6B108329531A550062077A /* Debug */ = {
			isa = XCBuildConfiguration;
			baseConfigurationReference = 8851C957727ED18D2E7C41FF /* Pods-unsplash_appTests.debug.xcconfig */;
			buildSettings = {
				ALWAYS_EMBED_SWIFT_STANDARD_LIBRARIES = YES;
				BUNDLE_LOADER = "$(TEST_HOST)";
				CODE_SIGN_STYLE = Automatic;
				CURRENT_PROJECT_VERSION = 1;
				DEVELOPMENT_TEAM = 853K3F2A4U;
				GENERATE_INFOPLIST_FILE = YES;
				IPHONEOS_DEPLOYMENT_TARGET = 16.2;
				MARKETING_VERSION = 1.0;
				PRODUCT_BUNDLE_IDENTIFIER = "the.codeholic.unsplash-appTests";
				PRODUCT_NAME = "$(TARGET_NAME)";
				SWIFT_EMIT_LOC_STRINGS = NO;
				SWIFT_VERSION = 5.0;
				TARGETED_DEVICE_FAMILY = "1,2";
				TEST_HOST = "$(BUILT_PRODUCTS_DIR)/unsplash_app.app/$(BUNDLE_EXECUTABLE_FOLDER_PATH)/unsplash_app";
			};
			name = Debug;
		};
		4D6B108429531A550062077A /* Release */ = {
			isa = XCBuildConfiguration;
			baseConfigurationReference = E11EECA78BBB545B45F76FB4 /* Pods-unsplash_appTests.release.xcconfig */;
			buildSettings = {
				ALWAYS_EMBED_SWIFT_STANDARD_LIBRARIES = YES;
				BUNDLE_LOADER = "$(TEST_HOST)";
				CODE_SIGN_STYLE = Automatic;
				CURRENT_PROJECT_VERSION = 1;
				DEVELOPMENT_TEAM = 853K3F2A4U;
				GENERATE_INFOPLIST_FILE = YES;
				IPHONEOS_DEPLOYMENT_TARGET = 16.2;
				MARKETING_VERSION = 1.0;
				PRODUCT_BUNDLE_IDENTIFIER = "the.codeholic.unsplash-appTests";
				PRODUCT_NAME = "$(TARGET_NAME)";
				SWIFT_EMIT_LOC_STRINGS = NO;
				SWIFT_VERSION = 5.0;
				TARGETED_DEVICE_FAMILY = "1,2";
				TEST_HOST = "$(BUILT_PRODUCTS_DIR)/unsplash_app.app/$(BUNDLE_EXECUTABLE_FOLDER_PATH)/unsplash_app";
			};
			name = Release;
		};
		4D6B108629531A550062077A /* Debug */ = {
			isa = XCBuildConfiguration;
			baseConfigurationReference = 0D81ED2D36AA3DDF23092A65 /* Pods-unsplash_app-unsplash_appUITests.debug.xcconfig */;
			buildSettings = {
				ALWAYS_EMBED_SWIFT_STANDARD_LIBRARIES = YES;
				CODE_SIGN_STYLE = Automatic;
				CURRENT_PROJECT_VERSION = 1;
				DEVELOPMENT_TEAM = 853K3F2A4U;
				GENERATE_INFOPLIST_FILE = YES;
				MARKETING_VERSION = 1.0;
				PRODUCT_BUNDLE_IDENTIFIER = "the.codeholic.unsplash-appUITests";
				PRODUCT_NAME = "$(TARGET_NAME)";
				SWIFT_EMIT_LOC_STRINGS = NO;
				SWIFT_VERSION = 5.0;
				TARGETED_DEVICE_FAMILY = "1,2";
				TEST_TARGET_NAME = unsplash_app;
			};
			name = Debug;
		};
		4D6B108729531A550062077A /* Release */ = {
			isa = XCBuildConfiguration;
			baseConfigurationReference = 8D5228128E606C906CFD3492 /* Pods-unsplash_app-unsplash_appUITests.release.xcconfig */;
			buildSettings = {
				ALWAYS_EMBED_SWIFT_STANDARD_LIBRARIES = YES;
				CODE_SIGN_STYLE = Automatic;
				CURRENT_PROJECT_VERSION = 1;
				DEVELOPMENT_TEAM = 853K3F2A4U;
				GENERATE_INFOPLIST_FILE = YES;
				MARKETING_VERSION = 1.0;
				PRODUCT_BUNDLE_IDENTIFIER = "the.codeholic.unsplash-appUITests";
				PRODUCT_NAME = "$(TARGET_NAME)";
				SWIFT_EMIT_LOC_STRINGS = NO;
				SWIFT_VERSION = 5.0;
				TARGETED_DEVICE_FAMILY = "1,2";
				TEST_TARGET_NAME = unsplash_app;
			};
			name = Release;
		};
/* End XCBuildConfiguration section */

/* Begin XCConfigurationList section */
		4D6B105029531A540062077A /* Build configuration list for PBXProject "unsplash_app" */ = {
			isa = XCConfigurationList;
			buildConfigurations = (
				4D6B107D29531A550062077A /* Debug */,
				4D6B107E29531A550062077A /* Release */,
			);
			defaultConfigurationIsVisible = 0;
			defaultConfigurationName = Release;
		};
		4D6B107F29531A550062077A /* Build configuration list for PBXNativeTarget "unsplash_app" */ = {
			isa = XCConfigurationList;
			buildConfigurations = (
				4D6B108029531A550062077A /* Debug */,
				4D6B108129531A550062077A /* Release */,
			);
			defaultConfigurationIsVisible = 0;
			defaultConfigurationName = Release;
		};
		4D6B108229531A550062077A /* Build configuration list for PBXNativeTarget "unsplash_appTests" */ = {
			isa = XCConfigurationList;
			buildConfigurations = (
				4D6B108329531A550062077A /* Debug */,
				4D6B108429531A550062077A /* Release */,
			);
			defaultConfigurationIsVisible = 0;
			defaultConfigurationName = Release;
		};
		4D6B108529531A550062077A /* Build configuration list for PBXNativeTarget "unsplash_appUITests" */ = {
			isa = XCConfigurationList;
			buildConfigurations = (
				4D6B108629531A550062077A /* Debug */,
				4D6B108729531A550062077A /* Release */,
			);
			defaultConfigurationIsVisible = 0;
			defaultConfigurationName = Release;
		};
/* End XCConfigurationList section */
	};
	rootObject = 4D6B104D29531A540062077A /* Project object */;
}
