// !$*UTF8*$!
{
	archiveVersion = 1;
	classes = {
	};
	objectVersion = 55;
	objects = {

/* Begin PBXBuildFile section */
		4D07566A2848CA2400AD2616 /* AppDelegate.swift in Sources */ = {isa = PBXBuildFile; fileRef = 4D0756692848CA2400AD2616 /* AppDelegate.swift */; };
		4D07566C2848CA2400AD2616 /* SceneDelegate.swift in Sources */ = {isa = PBXBuildFile; fileRef = 4D07566B2848CA2400AD2616 /* SceneDelegate.swift */; };
		4D07566E2848CA2400AD2616 /* ViewController.swift in Sources */ = {isa = PBXBuildFile; fileRef = 4D07566D2848CA2400AD2616 /* ViewController.swift */; };
		4D0756712848CA2400AD2616 /* Main.storyboard in Resources */ = {isa = PBXBuildFile; fileRef = 4D07566F2848CA2400AD2616 /* Main.storyboard */; };
		4D0756732848CA2700AD2616 /* Assets.xcassets in Resources */ = {isa = PBXBuildFile; fileRef = 4D0756722848CA2700AD2616 /* Assets.xcassets */; };
		4D0756762848CA2700AD2616 /* LaunchScreen.storyboard in Resources */ = {isa = PBXBuildFile; fileRef = 4D0756742848CA2700AD2616 /* LaunchScreen.storyboard */; };
		4D0756812848CA2800AD2616 /* PotterHeadTests.swift in Sources */ = {isa = PBXBuildFile; fileRef = 4D0756802848CA2800AD2616 /* PotterHeadTests.swift */; };
		4D07568B2848CA2800AD2616 /* PotterHeadUITests.swift in Sources */ = {isa = PBXBuildFile; fileRef = 4D07568A2848CA2800AD2616 /* PotterHeadUITests.swift */; };
		4D07568D2848CA2800AD2616 /* PotterHeadUITestsLaunchTests.swift in Sources */ = {isa = PBXBuildFile; fileRef = 4D07568C2848CA2800AD2616 /* PotterHeadUITestsLaunchTests.swift */; };
		4D25B70D284AF2940026EADB /* Question.swift in Sources */ = {isa = PBXBuildFile; fileRef = 4D25B70C284AF2940026EADB /* Question.swift */; };
/* End PBXBuildFile section */

/* Begin PBXContainerItemProxy section */
		4D07567D2848CA2800AD2616 /* PBXContainerItemProxy */ = {
			isa = PBXContainerItemProxy;
			containerPortal = 4D07565E2848CA2400AD2616 /* Project object */;
			proxyType = 1;
			remoteGlobalIDString = 4D0756652848CA2400AD2616;
			remoteInfo = PotterHead;
		};
		4D0756872848CA2800AD2616 /* PBXContainerItemProxy */ = {
			isa = PBXContainerItemProxy;
			containerPortal = 4D07565E2848CA2400AD2616 /* Project object */;
			proxyType = 1;
			remoteGlobalIDString = 4D0756652848CA2400AD2616;
			remoteInfo = PotterHead;
		};
/* End PBXContainerItemProxy section */

/* Begin PBXFileReference section */
		4D0756662848CA2400AD2616 /* PotterHead.app */ = {isa = PBXFileReference; explicitFileType = wrapper.application; includeInIndex = 0; path = PotterHead.app; sourceTree = BUILT_PRODUCTS_DIR; };
		4D0756692848CA2400AD2616 /* AppDelegate.swift */ = {isa = PBXFileReference; lastKnownFileType = sourcecode.swift; path = AppDelegate.swift; sourceTree = "<group>"; };
		4D07566B2848CA2400AD2616 /* SceneDelegate.swift */ = {isa = PBXFileReference; lastKnownFileType = sourcecode.swift; path = SceneDelegate.swift; sourceTree = "<group>"; };
		4D07566D2848CA2400AD2616 /* ViewController.swift */ = {isa = PBXFileReference; lastKnownFileType = sourcecode.swift; path = ViewController.swift; sourceTree = "<group>"; };
		4D0756702848CA2400AD2616 /* Base */ = {isa = PBXFileReference; lastKnownFileType = file.storyboard; name = Base; path = Base.lproj/Main.storyboard; sourceTree = "<group>"; };
		4D0756722848CA2700AD2616 /* Assets.xcassets */ = {isa = PBXFileReference; lastKnownFileType = folder.assetcatalog; path = Assets.xcassets; sourceTree = "<group>"; };
		4D0756752848CA2700AD2616 /* Base */ = {isa = PBXFileReference; lastKnownFileType = file.storyboard; name = Base; path = Base.lproj/LaunchScreen.storyboard; sourceTree = "<group>"; };
		4D0756772848CA2700AD2616 /* Info.plist */ = {isa = PBXFileReference; lastKnownFileType = text.plist.xml; path = Info.plist; sourceTree = "<group>"; };
		4D07567C2848CA2800AD2616 /* PotterHeadTests.xctest */ = {isa = PBXFileReference; explicitFileType = wrapper.cfbundle; includeInIndex = 0; path = PotterHeadTests.xctest; sourceTree = BUILT_PRODUCTS_DIR; };
		4D0756802848CA2800AD2616 /* PotterHeadTests.swift */ = {isa = PBXFileReference; lastKnownFileType = sourcecode.swift; path = PotterHeadTests.swift; sourceTree = "<group>"; };
		4D0756862848CA2800AD2616 /* PotterHeadUITests.xctest */ = {isa = PBXFileReference; explicitFileType = wrapper.cfbundle; includeInIndex = 0; path = PotterHeadUITests.xctest; sourceTree = BUILT_PRODUCTS_DIR; };
		4D07568A2848CA2800AD2616 /* PotterHeadUITests.swift */ = {isa = PBXFileReference; lastKnownFileType = sourcecode.swift; path = PotterHeadUITests.swift; sourceTree = "<group>"; };
		4D07568C2848CA2800AD2616 /* PotterHeadUITestsLaunchTests.swift */ = {isa = PBXFileReference; lastKnownFileType = sourcecode.swift; path = PotterHeadUITestsLaunchTests.swift; sourceTree = "<group>"; };
		4D25B70C284AF2940026EADB /* Question.swift */ = {isa = PBXFileReference; lastKnownFileType = sourcecode.swift; path = Question.swift; sourceTree = "<group>"; };
/* End PBXFileReference section */

/* Begin PBXFrameworksBuildPhase section */
		4D0756632848CA2400AD2616 /* Frameworks */ = {
			isa = PBXFrameworksBuildPhase;
			buildActionMask = 2147483647;
			files = (
			);
			runOnlyForDeploymentPostprocessing = 0;
		};
		4D0756792848CA2800AD2616 /* Frameworks */ = {
			isa = PBXFrameworksBuildPhase;
			buildActionMask = 2147483647;
			files = (
			);
			runOnlyForDeploymentPostprocessing = 0;
		};
		4D0756832848CA2800AD2616 /* Frameworks */ = {
			isa = PBXFrameworksBuildPhase;
			buildActionMask = 2147483647;
			files = (
			);
			runOnlyForDeploymentPostprocessing = 0;
		};
/* End PBXFrameworksBuildPhase section */

/* Begin PBXGroup section */
		4D07565D2848CA2400AD2616 = {
			isa = PBXGroup;
			children = (
				4D0756682848CA2400AD2616 /* PotterHead */,
				4D07567F2848CA2800AD2616 /* PotterHeadTests */,
				4D0756892848CA2800AD2616 /* PotterHeadUITests */,
				4D0756672848CA2400AD2616 /* Products */,
			);
			sourceTree = "<group>";
		};
		4D0756672848CA2400AD2616 /* Products */ = {
			isa = PBXGroup;
			children = (
				4D0756662848CA2400AD2616 /* PotterHead.app */,
				4D07567C2848CA2800AD2616 /* PotterHeadTests.xctest */,
				4D0756862848CA2800AD2616 /* PotterHeadUITests.xctest */,
			);
			name = Products;
			sourceTree = "<group>";
		};
		4D0756682848CA2400AD2616 /* PotterHead */ = {
			isa = PBXGroup;
			children = (
				4D25B70B284AF2800026EADB /* Model */,
				4D25B70A284AF2690026EADB /* View */,
				4D25B709284AF25E0026EADB /* Control */,
				4D0756692848CA2400AD2616 /* AppDelegate.swift */,
				4D07566B2848CA2400AD2616 /* SceneDelegate.swift */,
				4D0756722848CA2700AD2616 /* Assets.xcassets */,
				4D0756772848CA2700AD2616 /* Info.plist */,
			);
			path = PotterHead;
			sourceTree = "<group>";
		};
		4D07567F2848CA2800AD2616 /* PotterHeadTests */ = {
			isa = PBXGroup;
			children = (
				4D0756802848CA2800AD2616 /* PotterHeadTests.swift */,
			);
			path = PotterHeadTests;
			sourceTree = "<group>";
		};
		4D0756892848CA2800AD2616 /* PotterHeadUITests */ = {
			isa = PBXGroup;
			children = (
				4D07568A2848CA2800AD2616 /* PotterHeadUITests.swift */,
				4D07568C2848CA2800AD2616 /* PotterHeadUITestsLaunchTests.swift */,
			);
			path = PotterHeadUITests;
			sourceTree = "<group>";
		};
		4D25B709284AF25E0026EADB /* Control */ = {
			isa = PBXGroup;
			children = (
				4D07566D2848CA2400AD2616 /* ViewController.swift */,
			);
			path = Control;
			sourceTree = "<group>";
		};
		4D25B70A284AF2690026EADB /* View */ = {
			isa = PBXGroup;
			children = (
				4D0756742848CA2700AD2616 /* LaunchScreen.storyboard */,
				4D07566F2848CA2400AD2616 /* Main.storyboard */,
			);
			path = View;
			sourceTree = "<group>";
		};
		4D25B70B284AF2800026EADB /* Model */ = {
			isa = PBXGroup;
			children = (
				4D25B70C284AF2940026EADB /* Question.swift */,
			);
			path = Model;
			sourceTree = "<group>";
		};
/* End PBXGroup section */

/* Begin PBXNativeTarget section */
		4D0756652848CA2400AD2616 /* PotterHead */ = {
			isa = PBXNativeTarget;
			buildConfigurationList = 4D0756902848CA2800AD2616 /* Build configuration list for PBXNativeTarget "PotterHead" */;
			buildPhases = (
				4D0756622848CA2400AD2616 /* Sources */,
				4D0756632848CA2400AD2616 /* Frameworks */,
				4D0756642848CA2400AD2616 /* Resources */,
			);
			buildRules = (
			);
			dependencies = (
			);
			name = PotterHead;
			productName = PotterHead;
			productReference = 4D0756662848CA2400AD2616 /* PotterHead.app */;
			productType = "com.apple.product-type.application";
		};
		4D07567B2848CA2800AD2616 /* PotterHeadTests */ = {
			isa = PBXNativeTarget;
			buildConfigurationList = 4D0756932848CA2800AD2616 /* Build configuration list for PBXNativeTarget "PotterHeadTests" */;
			buildPhases = (
				4D0756782848CA2800AD2616 /* Sources */,
				4D0756792848CA2800AD2616 /* Frameworks */,
				4D07567A2848CA2800AD2616 /* Resources */,
			);
			buildRules = (
			);
			dependencies = (
				4D07567E2848CA2800AD2616 /* PBXTargetDependency */,
			);
			name = PotterHeadTests;
			productName = PotterHeadTests;
			productReference = 4D07567C2848CA2800AD2616 /* PotterHeadTests.xctest */;
			productType = "com.apple.product-type.bundle.unit-test";
		};
		4D0756852848CA2800AD2616 /* PotterHeadUITests */ = {
			isa = PBXNativeTarget;
			buildConfigurationList = 4D0756962848CA2800AD2616 /* Build configuration list for PBXNativeTarget "PotterHeadUITests" */;
			buildPhases = (
				4D0756822848CA2800AD2616 /* Sources */,
				4D0756832848CA2800AD2616 /* Frameworks */,
				4D0756842848CA2800AD2616 /* Resources */,
			);
			buildRules = (
			);
			dependencies = (
				4D0756882848CA2800AD2616 /* PBXTargetDependency */,
			);
			name = PotterHeadUITests;
			productName = PotterHeadUITests;
			productReference = 4D0756862848CA2800AD2616 /* PotterHeadUITests.xctest */;
			productType = "com.apple.product-type.bundle.ui-testing";
		};
/* End PBXNativeTarget section */

/* Begin PBXProject section */
		4D07565E2848CA2400AD2616 /* Project object */ = {
			isa = PBXProject;
			attributes = {
				BuildIndependentTargetsInParallel = 1;
				LastSwiftUpdateCheck = 1340;
				LastUpgradeCheck = 1340;
				TargetAttributes = {
					4D0756652848CA2400AD2616 = {
						CreatedOnToolsVersion = 13.4;
					};
					4D07567B2848CA2800AD2616 = {
						CreatedOnToolsVersion = 13.4;
						TestTargetID = 4D0756652848CA2400AD2616;
					};
					4D0756852848CA2800AD2616 = {
						CreatedOnToolsVersion = 13.4;
						TestTargetID = 4D0756652848CA2400AD2616;
					};
				};
			};
			buildConfigurationList = 4D0756612848CA2400AD2616 /* Build configuration list for PBXProject "PotterHead" */;
			compatibilityVersion = "Xcode 13.0";
			developmentRegion = en;
			hasScannedForEncodings = 0;
			knownRegions = (
				en,
				Base,
			);
			mainGroup = 4D07565D2848CA2400AD2616;
			productRefGroup = 4D0756672848CA2400AD2616 /* Products */;
			projectDirPath = "";
			projectRoot = "";
			targets = (
				4D0756652848CA2400AD2616 /* PotterHead */,
				4D07567B2848CA2800AD2616 /* PotterHeadTests */,
				4D0756852848CA2800AD2616 /* PotterHeadUITests */,
			);
		};
/* End PBXProject section */

/* Begin PBXResourcesBuildPhase section */
		4D0756642848CA2400AD2616 /* Resources */ = {
			isa = PBXResourcesBuildPhase;
			buildActionMask = 2147483647;
			files = (
				4D0756762848CA2700AD2616 /* LaunchScreen.storyboard in Resources */,
				4D0756732848CA2700AD2616 /* Assets.xcassets in Resources */,
				4D0756712848CA2400AD2616 /* Main.storyboard in Resources */,
			);
			runOnlyForDeploymentPostprocessing = 0;
		};
		4D07567A2848CA2800AD2616 /* Resources */ = {
			isa = PBXResourcesBuildPhase;
			buildActionMask = 2147483647;
			files = (
			);
			runOnlyForDeploymentPostprocessing = 0;
		};
		4D0756842848CA2800AD2616 /* Resources */ = {
			isa = PBXResourcesBuildPhase;
			buildActionMask = 2147483647;
			files = (
			);
			runOnlyForDeploymentPostprocessing = 0;
		};
/* End PBXResourcesBuildPhase section */

/* Begin PBXSourcesBuildPhase section */
		4D0756622848CA2400AD2616 /* Sources */ = {
			isa = PBXSourcesBuildPhase;
			buildActionMask = 2147483647;
			files = (
				4D07566E2848CA2400AD2616 /* ViewController.swift in Sources */,
				4D25B70D284AF2940026EADB /* Question.swift in Sources */,
				4D07566A2848CA2400AD2616 /* AppDelegate.swift in Sources */,
				4D07566C2848CA2400AD2616 /* SceneDelegate.swift in Sources */,
			);
			runOnlyForDeploymentPostprocessing = 0;
		};
		4D0756782848CA2800AD2616 /* Sources */ = {
			isa = PBXSourcesBuildPhase;
			buildActionMask = 2147483647;
			files = (
				4D0756812848CA2800AD2616 /* PotterHeadTests.swift in Sources */,
			);
			runOnlyForDeploymentPostprocessing = 0;
		};
		4D0756822848CA2800AD2616 /* Sources */ = {
			isa = PBXSourcesBuildPhase;
			buildActionMask = 2147483647;
			files = (
				4D07568D2848CA2800AD2616 /* PotterHeadUITestsLaunchTests.swift in Sources */,
				4D07568B2848CA2800AD2616 /* PotterHeadUITests.swift in Sources */,
			);
			runOnlyForDeploymentPostprocessing = 0;
		};
/* End PBXSourcesBuildPhase section */

/* Begin PBXTargetDependency section */
		4D07567E2848CA2800AD2616 /* PBXTargetDependency */ = {
			isa = PBXTargetDependency;
			target = 4D0756652848CA2400AD2616 /* PotterHead */;
			targetProxy = 4D07567D2848CA2800AD2616 /* PBXContainerItemProxy */;
		};
		4D0756882848CA2800AD2616 /* PBXTargetDependency */ = {
			isa = PBXTargetDependency;
			target = 4D0756652848CA2400AD2616 /* PotterHead */;
			targetProxy = 4D0756872848CA2800AD2616 /* PBXContainerItemProxy */;
		};
/* End PBXTargetDependency section */

/* Begin PBXVariantGroup section */
		4D07566F2848CA2400AD2616 /* Main.storyboard */ = {
			isa = PBXVariantGroup;
			children = (
				4D0756702848CA2400AD2616 /* Base */,
			);
			name = Main.storyboard;
			sourceTree = "<group>";
		};
		4D0756742848CA2700AD2616 /* LaunchScreen.storyboard */ = {
			isa = PBXVariantGroup;
			children = (
				4D0756752848CA2700AD2616 /* Base */,
			);
			name = LaunchScreen.storyboard;
			sourceTree = "<group>";
		};
/* End PBXVariantGroup section */

/* Begin XCBuildConfiguration section */
		4D07568E2848CA2800AD2616 /* Debug */ = {
			isa = XCBuildConfiguration;
			buildSettings = {
				ALWAYS_SEARCH_USER_PATHS = NO;
				CLANG_ANALYZER_NONNULL = YES;
				CLANG_ANALYZER_NUMBER_OBJECT_CONVERSION = YES_AGGRESSIVE;
				CLANG_CXX_LANGUAGE_STANDARD = "gnu++17";
				CLANG_ENABLE_MODULES = YES;
				CLANG_ENABLE_OBJC_ARC = YES;
				CLANG_ENABLE_OBJC_WEAK = YES;
				CLANG_WARN_BLOCK_CAPTURE_AUTORELEASING = YES;
				CLANG_WARN_BOOL_CONVERSION = YES;
				CLANG_WARN_COMMA = YES;
				CLANG_WARN_CONSTANT_CONVERSION = YES;
				CLANG_WARN_DEPRECATED_OBJC_IMPLEMENTATIONS = YES;
				CLANG_WARN_DIRECT_OBJC_ISA_USAGE = YES_ERROR;
				CLANG_WARN_DOCUMENTATION_COMMENTS = YES;
				CLANG_WARN_EMPTY_BODY = YES;
				CLANG_WARN_ENUM_CONVERSION = YES;
				CLANG_WARN_INFINITE_RECURSION = YES;
				CLANG_WARN_INT_CONVERSION = YES;
				CLANG_WARN_NON_LITERAL_NULL_CONVERSION = YES;
				CLANG_WARN_OBJC_IMPLICIT_RETAIN_SELF = YES;
				CLANG_WARN_OBJC_LITERAL_CONVERSION = YES;
				CLANG_WARN_OBJC_ROOT_CLASS = YES_ERROR;
				CLANG_WARN_QUOTED_INCLUDE_IN_FRAMEWORK_HEADER = YES;
				CLANG_WARN_RANGE_LOOP_ANALYSIS = YES;
				CLANG_WARN_STRICT_PROTOTYPES = YES;
				CLANG_WARN_SUSPICIOUS_MOVE = YES;
				CLANG_WARN_UNGUARDED_AVAILABILITY = YES_AGGRESSIVE;
				CLANG_WARN_UNREACHABLE_CODE = YES;
				CLANG_WARN__DUPLICATE_METHOD_MATCH = YES;
				COPY_PHASE_STRIP = NO;
				DEBUG_INFORMATION_FORMAT = dwarf;
				ENABLE_STRICT_OBJC_MSGSEND = YES;
				ENABLE_TESTABILITY = YES;
				GCC_C_LANGUAGE_STANDARD = gnu11;
				GCC_DYNAMIC_NO_PIC = NO;
				GCC_NO_COMMON_BLOCKS = YES;
				GCC_OPTIMIZATION_LEVEL = 0;
				GCC_PREPROCESSOR_DEFINITIONS = (
					"DEBUG=1",
					"$(inherited)",
				);
				GCC_WARN_64_TO_32_BIT_CONVERSION = YES;
				GCC_WARN_ABOUT_RETURN_TYPE = YES_ERROR;
				GCC_WARN_UNDECLARED_SELECTOR = YES;
				GCC_WARN_UNINITIALIZED_AUTOS = YES_AGGRESSIVE;
				GCC_WARN_UNUSED_FUNCTION = YES;
				GCC_WARN_UNUSED_VARIABLE = YES;
				IPHONEOS_DEPLOYMENT_TARGET = 15.5;
				MTL_ENABLE_DEBUG_INFO = INCLUDE_SOURCE;
				MTL_FAST_MATH = YES;
				ONLY_ACTIVE_ARCH = YES;
				SDKROOT = iphoneos;
				SWIFT_ACTIVE_COMPILATION_CONDITIONS = DEBUG;
				SWIFT_OPTIMIZATION_LEVEL = "-Onone";
			};
			name = Debug;
		};
		4D07568F2848CA2800AD2616 /* Release */ = {
			isa = XCBuildConfiguration;
			buildSettings = {
				ALWAYS_SEARCH_USER_PATHS = NO;
				CLANG_ANALYZER_NONNULL = YES;
				CLANG_ANALYZER_NUMBER_OBJECT_CONVERSION = YES_AGGRESSIVE;
				CLANG_CXX_LANGUAGE_STANDARD = "gnu++17";
				CLANG_ENABLE_MODULES = YES;
				CLANG_ENABLE_OBJC_ARC = YES;
				CLANG_ENABLE_OBJC_WEAK = YES;
				CLANG_WARN_BLOCK_CAPTURE_AUTORELEASING = YES;
				CLANG_WARN_BOOL_CONVERSION = YES;
				CLANG_WARN_COMMA = YES;
				CLANG_WARN_CONSTANT_CONVERSION = YES;
				CLANG_WARN_DEPRECATED_OBJC_IMPLEMENTATIONS = YES;
				CLANG_WARN_DIRECT_OBJC_ISA_USAGE = YES_ERROR;
				CLANG_WARN_DOCUMENTATION_COMMENTS = YES;
				CLANG_WARN_EMPTY_BODY = YES;
				CLANG_WARN_ENUM_CONVERSION = YES;
				CLANG_WARN_INFINITE_RECURSION = YES;
				CLANG_WARN_INT_CONVERSION = YES;
				CLANG_WARN_NON_LITERAL_NULL_CONVERSION = YES;
				CLANG_WARN_OBJC_IMPLICIT_RETAIN_SELF = YES;
				CLANG_WARN_OBJC_LITERAL_CONVERSION = YES;
				CLANG_WARN_OBJC_ROOT_CLASS = YES_ERROR;
				CLANG_WARN_QUOTED_INCLUDE_IN_FRAMEWORK_HEADER = YES;
				CLANG_WARN_RANGE_LOOP_ANALYSIS = YES;
				CLANG_WARN_STRICT_PROTOTYPES = YES;
				CLANG_WARN_SUSPICIOUS_MOVE = YES;
				CLANG_WARN_UNGUARDED_AVAILABILITY = YES_AGGRESSIVE;
				CLANG_WARN_UNREACHABLE_CODE = YES;
				CLANG_WARN__DUPLICATE_METHOD_MATCH = YES;
				COPY_PHASE_STRIP = NO;
				DEBUG_INFORMATION_FORMAT = "dwarf-with-dsym";
				ENABLE_NS_ASSERTIONS = NO;
				ENABLE_STRICT_OBJC_MSGSEND = YES;
				GCC_C_LANGUAGE_STANDARD = gnu11;
				GCC_NO_COMMON_BLOCKS = YES;
				GCC_WARN_64_TO_32_BIT_CONVERSION = YES;
				GCC_WARN_ABOUT_RETURN_TYPE = YES_ERROR;
				GCC_WARN_UNDECLARED_SELECTOR = YES;
				GCC_WARN_UNINITIALIZED_AUTOS = YES_AGGRESSIVE;
				GCC_WARN_UNUSED_FUNCTION = YES;
				GCC_WARN_UNUSED_VARIABLE = YES;
				IPHONEOS_DEPLOYMENT_TARGET = 15.5;
				MTL_ENABLE_DEBUG_INFO = NO;
				MTL_FAST_MATH = YES;
				SDKROOT = iphoneos;
				SWIFT_COMPILATION_MODE = wholemodule;
				SWIFT_OPTIMIZATION_LEVEL = "-O";
				VALIDATE_PRODUCT = YES;
			};
			name = Release;
		};
		4D0756912848CA2800AD2616 /* Debug */ = {
			isa = XCBuildConfiguration;
			buildSettings = {
				ASSETCATALOG_COMPILER_APPICON_NAME = AppIcon;
				ASSETCATALOG_COMPILER_GLOBAL_ACCENT_COLOR_NAME = AccentColor;
				CODE_SIGN_STYLE = Automatic;
				CURRENT_PROJECT_VERSION = 1;
				GENERATE_INFOPLIST_FILE = YES;
				INFOPLIST_FILE = PotterHead/Info.plist;
				INFOPLIST_KEY_UIApplicationSupportsIndirectInputEvents = YES;
				INFOPLIST_KEY_UILaunchStoryboardName = LaunchScreen;
				INFOPLIST_KEY_UIMainStoryboardFile = Main;
				INFOPLIST_KEY_UISupportedInterfaceOrientations_iPad = "UIInterfaceOrientationPortrait UIInterfaceOrientationPortraitUpsideDown UIInterfaceOrientationLandscapeLeft UIInterfaceOrientationLandscapeRight";
				INFOPLIST_KEY_UISupportedInterfaceOrientations_iPhone = "UIInterfaceOrientationPortrait UIInterfaceOrientationLandscapeLeft UIInterfaceOrientationLandscapeRight";
				LD_RUNPATH_SEARCH_PATHS = (
					"$(inherited)",
					"@executable_path/Frameworks",
				);
				MARKETING_VERSION = 1.0;
				PRODUCT_BUNDLE_IDENTIFIER = the.codeholic.PotterHead;
				PRODUCT_NAME = "$(TARGET_NAME)";
				SWIFT_EMIT_LOC_STRINGS = YES;
				SWIFT_VERSION = 5.0;
				TARGETED_DEVICE_FAMILY = "1,2";
			};
			name = Debug;
		};
		4D0756922848CA2800AD2616 /* Release */ = {
			isa = XCBuildConfiguration;
			buildSettings = {
				ASSETCATALOG_COMPILER_APPICON_NAME = AppIcon;
				ASSETCATALOG_COMPILER_GLOBAL_ACCENT_COLOR_NAME = AccentColor;
				CODE_SIGN_STYLE = Automatic;
				CURRENT_PROJECT_VERSION = 1;
				GENERATE_INFOPLIST_FILE = YES;
				INFOPLIST_FILE = PotterHead/Info.plist;
				INFOPLIST_KEY_UIApplicationSupportsIndirectInputEvents = YES;
				INFOPLIST_KEY_UILaunchStoryboardName = LaunchScreen;
				INFOPLIST_KEY_UIMainStoryboardFile = Main;
				INFOPLIST_KEY_UISupportedInterfaceOrientations_iPad = "UIInterfaceOrientationPortrait UIInterfaceOrientationPortraitUpsideDown UIInterfaceOrientationLandscapeLeft UIInterfaceOrientationLandscapeRight";
				INFOPLIST_KEY_UISupportedInterfaceOrientations_iPhone = "UIInterfaceOrientationPortrait UIInterfaceOrientationLandscapeLeft UIInterfaceOrientationLandscapeRight";
				LD_RUNPATH_SEARCH_PATHS = (
					"$(inherited)",
					"@executable_path/Frameworks",
				);
				MARKETING_VERSION = 1.0;
				PRODUCT_BUNDLE_IDENTIFIER = the.codeholic.PotterHead;
				PRODUCT_NAME = "$(TARGET_NAME)";
				SWIFT_EMIT_LOC_STRINGS = YES;
				SWIFT_VERSION = 5.0;
				TARGETED_DEVICE_FAMILY = "1,2";
			};
			name = Release;
		};
		4D0756942848CA2800AD2616 /* Debug */ = {
			isa = XCBuildConfiguration;
			buildSettings = {
				ALWAYS_EMBED_SWIFT_STANDARD_LIBRARIES = YES;
				BUNDLE_LOADER = "$(TEST_HOST)";
				CODE_SIGN_STYLE = Automatic;
				CURRENT_PROJECT_VERSION = 1;
				GENERATE_INFOPLIST_FILE = YES;
				IPHONEOS_DEPLOYMENT_TARGET = 15.5;
				MARKETING_VERSION = 1.0;
				PRODUCT_BUNDLE_IDENTIFIER = the.codeholic.PotterHeadTests;
				PRODUCT_NAME = "$(TARGET_NAME)";
				SWIFT_EMIT_LOC_STRINGS = NO;
				SWIFT_VERSION = 5.0;
				TARGETED_DEVICE_FAMILY = "1,2";
				TEST_HOST = "$(BUILT_PRODUCTS_DIR)/PotterHead.app/PotterHead";
			};
			name = Debug;
		};
		4D0756952848CA2800AD2616 /* Release */ = {
			isa = XCBuildConfiguration;
			buildSettings = {
				ALWAYS_EMBED_SWIFT_STANDARD_LIBRARIES = YES;
				BUNDLE_LOADER = "$(TEST_HOST)";
				CODE_SIGN_STYLE = Automatic;
				CURRENT_PROJECT_VERSION = 1;
				GENERATE_INFOPLIST_FILE = YES;
				IPHONEOS_DEPLOYMENT_TARGET = 15.5;
				MARKETING_VERSION = 1.0;
				PRODUCT_BUNDLE_IDENTIFIER = the.codeholic.PotterHeadTests;
				PRODUCT_NAME = "$(TARGET_NAME)";
				SWIFT_EMIT_LOC_STRINGS = NO;
				SWIFT_VERSION = 5.0;
				TARGETED_DEVICE_FAMILY = "1,2";
				TEST_HOST = "$(BUILT_PRODUCTS_DIR)/PotterHead.app/PotterHead";
			};
			name = Release;
		};
		4D0756972848CA2800AD2616 /* Debug */ = {
			isa = XCBuildConfiguration;
			buildSettings = {
				ALWAYS_EMBED_SWIFT_STANDARD_LIBRARIES = YES;
				CODE_SIGN_STYLE = Automatic;
				CURRENT_PROJECT_VERSION = 1;
				GENERATE_INFOPLIST_FILE = YES;
				MARKETING_VERSION = 1.0;
				PRODUCT_BUNDLE_IDENTIFIER = the.codeholic.PotterHeadUITests;
				PRODUCT_NAME = "$(TARGET_NAME)";
				SWIFT_EMIT_LOC_STRINGS = NO;
				SWIFT_VERSION = 5.0;
				TARGETED_DEVICE_FAMILY = "1,2";
				TEST_TARGET_NAME = PotterHead;
			};
			name = Debug;
		};
		4D0756982848CA2800AD2616 /* Release */ = {
			isa = XCBuildConfiguration;
			buildSettings = {
				ALWAYS_EMBED_SWIFT_STANDARD_LIBRARIES = YES;
				CODE_SIGN_STYLE = Automatic;
				CURRENT_PROJECT_VERSION = 1;
				GENERATE_INFOPLIST_FILE = YES;
				MARKETING_VERSION = 1.0;
				PRODUCT_BUNDLE_IDENTIFIER = the.codeholic.PotterHeadUITests;
				PRODUCT_NAME = "$(TARGET_NAME)";
				SWIFT_EMIT_LOC_STRINGS = NO;
				SWIFT_VERSION = 5.0;
				TARGETED_DEVICE_FAMILY = "1,2";
				TEST_TARGET_NAME = PotterHead;
			};
			name = Release;
		};
/* End XCBuildConfiguration section */

/* Begin XCConfigurationList section */
		4D0756612848CA2400AD2616 /* Build configuration list for PBXProject "PotterHead" */ = {
			isa = XCConfigurationList;
			buildConfigurations = (
				4D07568E2848CA2800AD2616 /* Debug */,
				4D07568F2848CA2800AD2616 /* Release */,
			);
			defaultConfigurationIsVisible = 0;
			defaultConfigurationName = Release;
		};
		4D0756902848CA2800AD2616 /* Build configuration list for PBXNativeTarget "PotterHead" */ = {
			isa = XCConfigurationList;
			buildConfigurations = (
				4D0756912848CA2800AD2616 /* Debug */,
				4D0756922848CA2800AD2616 /* Release */,
			);
			defaultConfigurationIsVisible = 0;
			defaultConfigurationName = Release;
		};
		4D0756932848CA2800AD2616 /* Build configuration list for PBXNativeTarget "PotterHeadTests" */ = {
			isa = XCConfigurationList;
			buildConfigurations = (
				4D0756942848CA2800AD2616 /* Debug */,
				4D0756952848CA2800AD2616 /* Release */,
			);
			defaultConfigurationIsVisible = 0;
			defaultConfigurationName = Release;
		};
		4D0756962848CA2800AD2616 /* Build configuration list for PBXNativeTarget "PotterHeadUITests" */ = {
			isa = XCConfigurationList;
			buildConfigurations = (
				4D0756972848CA2800AD2616 /* Debug */,
				4D0756982848CA2800AD2616 /* Release */,
			);
			defaultConfigurationIsVisible = 0;
			defaultConfigurationName = Release;
		};
/* End XCConfigurationList section */
	};
	rootObject = 4D07565E2848CA2400AD2616 /* Project object */;
}
